Microsoft Visual Studio Solution File, Format Version 12.00
# Visual Studio Version 16
VisualStudioVersion = 16.0.29920.165
MinimumVisualStudioVersion = 15.0.26124.0

Project("{D954291E-2A0B-460D-934E-DC6B0785DB48}") = "TreeViewPerformancePart3.Shared", "TreeViewPerformancePart3.Shared\TreeViewPerformancePart3.Shared.shproj", "{6279C845-92F8-4333-AB99-3D213163593C}"
EndProject

Project("{FAE04EC0-301F-11D3-BF4B-00C04F79EFBC}") = "TreeViewPerformancePart3.Droid", "TreeViewPerformancePart3.Droid\TreeViewPerformancePart3.Droid.csproj", "{7918a4bb-ed47-4e4b-a881-65f7186ab817}"
EndProject

Project("{FAE04EC0-301F-11D3-BF4B-00C04F79EFBC}") = "TreeViewPerformancePart3.iOS", "TreeViewPerformancePart3.iOS\TreeViewPerformancePart3.iOS.csproj", "{97368f98-5873-406a-a835-68038b32519e}"
EndProject

Project("{FAE04EC0-301F-11D3-BF4B-00C04F79EFBC}") = "TreeViewPerformancePart3.Uwp", "TreeViewPerformancePart3.UWP\TreeViewPerformancePart3.Uwp.csproj", "{e19c464a-a8bd-4842-9740-03c4ec53acd9}"
EndProject

Project("{9A19103F-16F7-4668-BE54-9A1E7A4F7556}") = "TreeViewPerformancePart3.Wasm", "TreeViewPerformancePart3.Wasm\TreeViewPerformancePart3.Wasm.csproj", "{40EA03F7-8A22-4143-B251-79BAC3EB13D2}"
EndProject

Project("{FCC8D2E7-3137-4432-B623-163BC51B21E7}") = "TreeViewPerformancePart3.macOS", "TreeViewPerformancePart3.macOS\TreeViewPerformancePart3.macOS.csproj", "{5e7add5c-12be-4d1f-a4b4-8c2f4b389722}"
EndProject

Project("{9A19103F-16F7-4668-BE54-9A1E7A4F7556}") = "TreeViewPerformancePart3.Skia.Gtk", "TreeViewPerformancePart3.Skia.Gtk\TreeViewPerformancePart3.Skia.Gtk.csproj", "{A5B8155A-118F-4794-B551-C6F3CF7E5411}"
EndProject

Project("{9A19103F-16F7-4668-BE54-9A1E7A4F7556}") = "TreeViewPerformancePart3.Skia.WPF", "TreeViewPerformancePart3.Skia.WPF\TreeViewPerformancePart3.Skia.WPF.csproj", "{f3b78a52-358d-4485-8181-b23df989b1c7}"
EndProject
Project("{FAE04EC0-301F-11D3-BF4B-00C04F79EFBC}") = "TreeViewPerformancePart3.Wpf.Host", "TreeViewPerformancePart3.Skia.WPF.Host\TreeViewPerformancePart3.Wpf.Host.csproj", "{6CF284A4-22B1-4F05-97F4-F095C07A598E}"
EndProject

Global
	GlobalSection(SharedMSBuildProjectFiles) = preSolution
		TreeViewPerformancePart3.Shared\TreeViewPerformancePart3.Shared.projitems*{7918a4bb-ed47-4e4b-a881-65f7186ab817}*SharedItemsImports = 4
		TreeViewPerformancePart3.Shared\TreeViewPerformancePart3.Shared.projitems*{5e7add5c-12be-4d1f-a4b4-8c2f4b389722}*SharedItemsImports = 4
		TreeViewPerformancePart3.Shared\TreeViewPerformancePart3.Shared.projitems*{40ea03f7-8a22-4143-b251-79bac3eb13d2}*SharedItemsImports = 5
		TreeViewPerformancePart3.Shared\TreeViewPerformancePart3.Shared.projitems*{97368f98-5873-406a-a835-68038b32519e}*SharedItemsImports = 4
		TreeViewPerformancePart3.Shared\TreeViewPerformancePart3.Shared.projitems*{6279c845-92f8-4333-ab99-3d213163593c}*SharedItemsImports = 13
		TreeViewPerformancePart3.Shared\TreeViewPerformancePart3.Shared.projitems*{e19c464a-a8bd-4842-9740-03c4ec53acd9}*SharedItemsImports = 4
	EndGlobalSection
	GlobalSection(SolutionConfigurationPlatforms) = preSolution
		Debug|Any CPU = Debug|Any CPU
		Debug|ARM = Debug|ARM
		Debug|ARM64 = Debug|ARM64
		Debug|iPhone = Debug|iPhone
		Debug|iPhoneSimulator = Debug|iPhoneSimulator
		Debug|x64 = Debug|x64
		Debug|x86 = Debug|x86
		Release|Any CPU = Release|Any CPU
		Release|ARM = Release|ARM
		Release|ARM64 = Release|ARM64
		Release|iPhone = Release|iPhone
		Release|iPhoneSimulator = Release|iPhoneSimulator
		Release|x64 = Release|x64
		Release|x86 = Release|x86
	EndGlobalSection
	GlobalSection(ProjectConfigurationPlatforms) = postSolution
		{7918a4bb-ed47-4e4b-a881-65f7186ab817}.Debug|Any CPU.ActiveCfg = Debug|Any CPU
		{7918a4bb-ed47-4e4b-a881-65f7186ab817}.Debug|Any CPU.Build.0 = Debug|Any CPU
		{7918a4bb-ed47-4e4b-a881-65f7186ab817}.Debug|Any CPU.Deploy.0 = Debug|Any CPU
		{7918a4bb-ed47-4e4b-a881-65f7186ab817}.Debug|ARM.ActiveCfg = Debug|Any CPU
		{7918a4bb-ed47-4e4b-a881-65f7186ab817}.Debug|ARM.Build.0 = Debug|Any CPU
		{7918a4bb-ed47-4e4b-a881-65f7186ab817}.Debug|ARM.Deploy.0 = Debug|Any CPU
		{7918a4bb-ed47-4e4b-a881-65f7186ab817}.Debug|ARM64.ActiveCfg = Debug|Any CPU
		{7918a4bb-ed47-4e4b-a881-65f7186ab817}.Debug|ARM64.Build.0 = Debug|Any CPU
		{7918a4bb-ed47-4e4b-a881-65f7186ab817}.Debug|ARM64.Deploy.0 = Debug|Any CPU
		{7918a4bb-ed47-4e4b-a881-65f7186ab817}.Debug|iPhone.ActiveCfg = Debug|Any CPU
		{7918a4bb-ed47-4e4b-a881-65f7186ab817}.Debug|iPhone.Build.0 = Debug|Any CPU
		{7918a4bb-ed47-4e4b-a881-65f7186ab817}.Debug|iPhone.Deploy.0 = Debug|Any CPU
		{7918a4bb-ed47-4e4b-a881-65f7186ab817}.Debug|iPhoneSimulator.ActiveCfg = Debug|Any CPU
		{7918a4bb-ed47-4e4b-a881-65f7186ab817}.Debug|iPhoneSimulator.Build.0 = Debug|Any CPU
		{7918a4bb-ed47-4e4b-a881-65f7186ab817}.Debug|iPhoneSimulator.Deploy.0 = Debug|Any CPU
		{7918a4bb-ed47-4e4b-a881-65f7186ab817}.Debug|x64.ActiveCfg = Debug|Any CPU
		{7918a4bb-ed47-4e4b-a881-65f7186ab817}.Debug|x64.Build.0 = Debug|Any CPU
		{7918a4bb-ed47-4e4b-a881-65f7186ab817}.Debug|x64.Deploy.0 = Debug|Any CPU
		{7918a4bb-ed47-4e4b-a881-65f7186ab817}.Debug|x86.ActiveCfg = Debug|Any CPU
		{7918a4bb-ed47-4e4b-a881-65f7186ab817}.Debug|x86.Build.0 = Debug|Any CPU
		{7918a4bb-ed47-4e4b-a881-65f7186ab817}.Debug|x86.Deploy.0 = Debug|Any CPU
		{7918a4bb-ed47-4e4b-a881-65f7186ab817}.Release|Any CPU.ActiveCfg = Release|Any CPU
		{7918a4bb-ed47-4e4b-a881-65f7186ab817}.Release|Any CPU.Build.0 = Release|Any CPU
		{7918a4bb-ed47-4e4b-a881-65f7186ab817}.Release|Any CPU.Deploy.0 = Release|Any CPU
		{7918a4bb-ed47-4e4b-a881-65f7186ab817}.Release|ARM.ActiveCfg = Release|Any CPU
		{7918a4bb-ed47-4e4b-a881-65f7186ab817}.Release|ARM.Build.0 = Release|Any CPU
		{7918a4bb-ed47-4e4b-a881-65f7186ab817}.Release|ARM.Deploy.0 = Release|Any CPU
		{7918a4bb-ed47-4e4b-a881-65f7186ab817}.Release|ARM64.ActiveCfg = Release|Any CPU
		{7918a4bb-ed47-4e4b-a881-65f7186ab817}.Release|ARM64.Build.0 = Release|Any CPU
		{7918a4bb-ed47-4e4b-a881-65f7186ab817}.Release|ARM64.Deploy.0 = Release|Any CPU
		{7918a4bb-ed47-4e4b-a881-65f7186ab817}.Release|iPhone.ActiveCfg = Release|Any CPU
		{7918a4bb-ed47-4e4b-a881-65f7186ab817}.Release|iPhone.Build.0 = Release|Any CPU
		{7918a4bb-ed47-4e4b-a881-65f7186ab817}.Release|iPhone.Deploy.0 = Release|Any CPU
		{7918a4bb-ed47-4e4b-a881-65f7186ab817}.Release|iPhoneSimulator.ActiveCfg = Release|Any CPU
		{7918a4bb-ed47-4e4b-a881-65f7186ab817}.Release|iPhoneSimulator.Build.0 = Release|Any CPU
		{7918a4bb-ed47-4e4b-a881-65f7186ab817}.Release|iPhoneSimulator.Deploy.0 = Release|Any CPU
		{7918a4bb-ed47-4e4b-a881-65f7186ab817}.Release|x64.ActiveCfg = Release|Any CPU
		{7918a4bb-ed47-4e4b-a881-65f7186ab817}.Release|x64.Build.0 = Release|Any CPU
		{7918a4bb-ed47-4e4b-a881-65f7186ab817}.Release|x64.Deploy.0 = Release|Any CPU
		{7918a4bb-ed47-4e4b-a881-65f7186ab817}.Release|x86.ActiveCfg = Release|Any CPU
		{7918a4bb-ed47-4e4b-a881-65f7186ab817}.Release|x86.Build.0 = Release|Any CPU
		{7918a4bb-ed47-4e4b-a881-65f7186ab817}.Release|x86.Deploy.0 = Release|Any CPU
		{97368f98-5873-406a-a835-68038b32519e}.Debug|Any CPU.ActiveCfg = Debug|iPhone
		{97368f98-5873-406a-a835-68038b32519e}.Debug|Any CPU.Build.0 = Debug|iPhone
		{97368f98-5873-406a-a835-68038b32519e}.Debug|Any CPU.Deploy.0 = Debug|iPhone
		{97368f98-5873-406a-a835-68038b32519e}.Debug|ARM.ActiveCfg = Debug|iPhone
		{97368f98-5873-406a-a835-68038b32519e}.Debug|ARM64.ActiveCfg = Debug|iPhone
		{97368f98-5873-406a-a835-68038b32519e}.Debug|iPhone.ActiveCfg = Debug|iPhone
		{97368f98-5873-406a-a835-68038b32519e}.Debug|iPhone.Build.0 = Debug|iPhone
		{97368f98-5873-406a-a835-68038b32519e}.Debug|iPhoneSimulator.ActiveCfg = Debug|iPhoneSimulator
		{97368f98-5873-406a-a835-68038b32519e}.Debug|iPhoneSimulator.Build.0 = Debug|iPhoneSimulator
		{97368f98-5873-406a-a835-68038b32519e}.Debug|x64.ActiveCfg = Debug|iPhone
		{97368f98-5873-406a-a835-68038b32519e}.Debug|x64.Build.0 = Debug|iPhone
		{97368f98-5873-406a-a835-68038b32519e}.Debug|x64.Deploy.0 = Debug|iPhone
		{97368f98-5873-406a-a835-68038b32519e}.Debug|x86.ActiveCfg = Debug|iPhoneSimulator
		{97368f98-5873-406a-a835-68038b32519e}.Debug|x86.Build.0 = Debug|iPhoneSimulator
		{97368f98-5873-406a-a835-68038b32519e}.Debug|x86.Deploy.0 = Debug|iPhoneSimulator
		{97368f98-5873-406a-a835-68038b32519e}.Release|Any CPU.ActiveCfg = Release|iPhone
		{97368f98-5873-406a-a835-68038b32519e}.Release|ARM.ActiveCfg = Release|iPhone
		{97368f98-5873-406a-a835-68038b32519e}.Release|ARM64.ActiveCfg = Release|iPhone
		{97368f98-5873-406a-a835-68038b32519e}.Release|iPhone.ActiveCfg = Release|iPhone
		{97368f98-5873-406a-a835-68038b32519e}.Release|iPhone.Build.0 = Release|iPhone
		{97368f98-5873-406a-a835-68038b32519e}.Release|iPhoneSimulator.ActiveCfg = Release|iPhoneSimulator
		{97368f98-5873-406a-a835-68038b32519e}.Release|iPhoneSimulator.Build.0 = Release|iPhoneSimulator
		{97368f98-5873-406a-a835-68038b32519e}.Release|x64.ActiveCfg = Release|iPhoneSimulator
		{97368f98-5873-406a-a835-68038b32519e}.Release|x64.Build.0 = Release|iPhoneSimulator
		{97368f98-5873-406a-a835-68038b32519e}.Release|x64.Deploy.0 = Release|iPhoneSimulator
		{97368f98-5873-406a-a835-68038b32519e}.Release|x86.ActiveCfg = Release|iPhoneSimulator
		{97368f98-5873-406a-a835-68038b32519e}.Release|x86.Build.0 = Release|iPhoneSimulator
		{e19c464a-a8bd-4842-9740-03c4ec53acd9}.Debug|Any CPU.ActiveCfg = Debug|x86
		{e19c464a-a8bd-4842-9740-03c4ec53acd9}.Debug|Any CPU.Build.0 = Debug|x86
		{e19c464a-a8bd-4842-9740-03c4ec53acd9}.Debug|Any CPU.Deploy.0 = Debug|x86
		{e19c464a-a8bd-4842-9740-03c4ec53acd9}.Debug|ARM.ActiveCfg = Debug|ARM
		{e19c464a-a8bd-4842-9740-03c4ec53acd9}.Debug|ARM.Build.0 = Debug|ARM
		{e19c464a-a8bd-4842-9740-03c4ec53acd9}.Debug|ARM.Deploy.0 = Debug|ARM
		{e19c464a-a8bd-4842-9740-03c4ec53acd9}.Debug|ARM64.ActiveCfg = Debug|ARM64
		{e19c464a-a8bd-4842-9740-03c4ec53acd9}.Debug|ARM64.Build.0 = Debug|ARM64
		{e19c464a-a8bd-4842-9740-03c4ec53acd9}.Debug|ARM64.Deploy.0 = Debug|ARM64
		{e19c464a-a8bd-4842-9740-03c4ec53acd9}.Debug|iPhone.ActiveCfg = Debug|x86
		{e19c464a-a8bd-4842-9740-03c4ec53acd9}.Debug|iPhone.Build.0 = Debug|x86
		{e19c464a-a8bd-4842-9740-03c4ec53acd9}.Debug|iPhone.Deploy.0 = Debug|x86
		{e19c464a-a8bd-4842-9740-03c4ec53acd9}.Debug|iPhoneSimulator.ActiveCfg = Debug|x86
		{e19c464a-a8bd-4842-9740-03c4ec53acd9}.Debug|iPhoneSimulator.Build.0 = Debug|x86
		{e19c464a-a8bd-4842-9740-03c4ec53acd9}.Debug|iPhoneSimulator.Deploy.0 = Debug|x86
		{e19c464a-a8bd-4842-9740-03c4ec53acd9}.Debug|x64.ActiveCfg = Debug|x64
		{e19c464a-a8bd-4842-9740-03c4ec53acd9}.Debug|x64.Build.0 = Debug|x64
		{e19c464a-a8bd-4842-9740-03c4ec53acd9}.Debug|x64.Deploy.0 = Debug|x64
		{e19c464a-a8bd-4842-9740-03c4ec53acd9}.Debug|x86.ActiveCfg = Debug|x86
		{e19c464a-a8bd-4842-9740-03c4ec53acd9}.Debug|x86.Build.0 = Debug|x86
		{e19c464a-a8bd-4842-9740-03c4ec53acd9}.Debug|x86.Deploy.0 = Debug|x86
		{e19c464a-a8bd-4842-9740-03c4ec53acd9}.Release|Any CPU.ActiveCfg = Release|x86
		{e19c464a-a8bd-4842-9740-03c4ec53acd9}.Release|ARM.ActiveCfg = Release|ARM
		{e19c464a-a8bd-4842-9740-03c4ec53acd9}.Release|ARM.Build.0 = Release|ARM
		{e19c464a-a8bd-4842-9740-03c4ec53acd9}.Release|ARM.Deploy.0 = Release|ARM
		{e19c464a-a8bd-4842-9740-03c4ec53acd9}.Release|ARM64.ActiveCfg = Release|ARM64
		{e19c464a-a8bd-4842-9740-03c4ec53acd9}.Release|ARM64.Build.0 = Release|ARM64
		{e19c464a-a8bd-4842-9740-03c4ec53acd9}.Release|ARM64.Deploy.0 = Release|ARM64
		{e19c464a-a8bd-4842-9740-03c4ec53acd9}.Release|iPhone.ActiveCfg = Release|x86
		{e19c464a-a8bd-4842-9740-03c4ec53acd9}.Release|iPhone.Build.0 = Release|x86
		{e19c464a-a8bd-4842-9740-03c4ec53acd9}.Release|iPhoneSimulator.ActiveCfg = Release|x86
		{e19c464a-a8bd-4842-9740-03c4ec53acd9}.Release|iPhoneSimulator.Build.0 = Release|x86
		{e19c464a-a8bd-4842-9740-03c4ec53acd9}.Release|iPhoneSimulator.Deploy.0 = Release|x86
		{e19c464a-a8bd-4842-9740-03c4ec53acd9}.Release|x64.ActiveCfg = Release|x64
		{e19c464a-a8bd-4842-9740-03c4ec53acd9}.Release|x64.Build.0 = Release|x64
		{e19c464a-a8bd-4842-9740-03c4ec53acd9}.Release|x64.Deploy.0 = Release|x64
		{e19c464a-a8bd-4842-9740-03c4ec53acd9}.Release|x86.ActiveCfg = Release|x86
		{e19c464a-a8bd-4842-9740-03c4ec53acd9}.Release|x86.Build.0 = Release|x86
		{e19c464a-a8bd-4842-9740-03c4ec53acd9}.Release|x86.Deploy.0 = Release|x86
		{40EA03F7-8A22-4143-B251-79BAC3EB13D2}.Debug|Any CPU.ActiveCfg = Debug|Any CPU
		{40EA03F7-8A22-4143-B251-79BAC3EB13D2}.Debug|Any CPU.Build.0 = Debug|Any CPU
		{40EA03F7-8A22-4143-B251-79BAC3EB13D2}.Debug|ARM.ActiveCfg = Debug|Any CPU
		{40EA03F7-8A22-4143-B251-79BAC3EB13D2}.Debug|ARM.Build.0 = Debug|Any CPU
		{40EA03F7-8A22-4143-B251-79BAC3EB13D2}.Debug|ARM64.ActiveCfg = Debug|Any CPU
		{40EA03F7-8A22-4143-B251-79BAC3EB13D2}.Debug|ARM64.Build.0 = Debug|Any CPU
		{40EA03F7-8A22-4143-B251-79BAC3EB13D2}.Debug|iPhone.ActiveCfg = Debug|Any CPU
		{40EA03F7-8A22-4143-B251-79BAC3EB13D2}.Debug|iPhone.Build.0 = Debug|Any CPU
		{40EA03F7-8A22-4143-B251-79BAC3EB13D2}.Debug|iPhoneSimulator.ActiveCfg = Debug|Any CPU
		{40EA03F7-8A22-4143-B251-79BAC3EB13D2}.Debug|iPhoneSimulator.Build.0 = Debug|Any CPU
		{40EA03F7-8A22-4143-B251-79BAC3EB13D2}.Debug|x64.ActiveCfg = Debug|Any CPU
		{40EA03F7-8A22-4143-B251-79BAC3EB13D2}.Debug|x64.Build.0 = Debug|Any CPU
		{40EA03F7-8A22-4143-B251-79BAC3EB13D2}.Debug|x86.ActiveCfg = Debug|Any CPU
		{40EA03F7-8A22-4143-B251-79BAC3EB13D2}.Debug|x86.Build.0 = Debug|Any CPU
		{40EA03F7-8A22-4143-B251-79BAC3EB13D2}.Release|Any CPU.ActiveCfg = Release|Any CPU
		{40EA03F7-8A22-4143-B251-79BAC3EB13D2}.Release|Any CPU.Build.0 = Release|Any CPU
		{40EA03F7-8A22-4143-B251-79BAC3EB13D2}.Release|ARM.ActiveCfg = Release|Any CPU
		{40EA03F7-8A22-4143-B251-79BAC3EB13D2}.Release|ARM.Build.0 = Release|Any CPU
		{40EA03F7-8A22-4143-B251-79BAC3EB13D2}.Release|ARM64.ActiveCfg = Release|Any CPU
		{40EA03F7-8A22-4143-B251-79BAC3EB13D2}.Release|ARM64.Build.0 = Release|Any CPU
		{40EA03F7-8A22-4143-B251-79BAC3EB13D2}.Release|iPhone.ActiveCfg = Release|Any CPU
		{40EA03F7-8A22-4143-B251-79BAC3EB13D2}.Release|iPhone.Build.0 = Release|Any CPU
		{40EA03F7-8A22-4143-B251-79BAC3EB13D2}.Release|iPhoneSimulator.ActiveCfg = Release|Any CPU
		{40EA03F7-8A22-4143-B251-79BAC3EB13D2}.Release|iPhoneSimulator.Build.0 = Release|Any CPU
		{40EA03F7-8A22-4143-B251-79BAC3EB13D2}.Release|x64.ActiveCfg = Release|Any CPU
		{40EA03F7-8A22-4143-B251-79BAC3EB13D2}.Release|x64.Build.0 = Release|Any CPU
		{40EA03F7-8A22-4143-B251-79BAC3EB13D2}.Release|x86.ActiveCfg = Release|Any CPU
		{40EA03F7-8A22-4143-B251-79BAC3EB13D2}.Release|x86.Build.0 = Release|Any CPU
		{5e7add5c-12be-4d1f-a4b4-8c2f4b389722}.Debug|Any CPU.ActiveCfg = Debug|iPhoneSimulator
		{5e7add5c-12be-4d1f-a4b4-8c2f4b389722}.Debug|Any CPU.Build.0 = Debug|iPhoneSimulator
		{5e7add5c-12be-4d1f-a4b4-8c2f4b389722}.Debug|ARM.ActiveCfg = Debug|iPhoneSimulator
		{5e7add5c-12be-4d1f-a4b4-8c2f4b389722}.Debug|ARM64.ActiveCfg = Debug|iPhoneSimulator
		{5e7add5c-12be-4d1f-a4b4-8c2f4b389722}.Debug|iPhone.ActiveCfg = Debug|iPhoneSimulator
		{5e7add5c-12be-4d1f-a4b4-8c2f4b389722}.Debug|iPhone.Build.0 = Debug|iPhoneSimulator
		{5e7add5c-12be-4d1f-a4b4-8c2f4b389722}.Debug|iPhoneSimulator.ActiveCfg = Debug|iPhoneSimulator
		{5e7add5c-12be-4d1f-a4b4-8c2f4b389722}.Debug|iPhoneSimulator.Build.0 = Debug|iPhoneSimulator
		{5e7add5c-12be-4d1f-a4b4-8c2f4b389722}.Debug|x64.ActiveCfg = Debug|iPhoneSimulator
		{5e7add5c-12be-4d1f-a4b4-8c2f4b389722}.Debug|x64.Build.0 = Debug|iPhoneSimulator
		{5e7add5c-12be-4d1f-a4b4-8c2f4b389722}.Debug|x86.ActiveCfg = Debug|iPhoneSimulator
		{5e7add5c-12be-4d1f-a4b4-8c2f4b389722}.Debug|x86.Build.0 = Debug|iPhoneSimulator
		{5e7add5c-12be-4d1f-a4b4-8c2f4b389722}.Release|Any CPU.ActiveCfg = Release|iPhoneSimulator
		{5e7add5c-12be-4d1f-a4b4-8c2f4b389722}.Release|ARM.ActiveCfg = Release|iPhoneSimulator
		{5e7add5c-12be-4d1f-a4b4-8c2f4b389722}.Release|ARM64.ActiveCfg = Release|iPhoneSimulator
		{5e7add5c-12be-4d1f-a4b4-8c2f4b389722}.Release|iPhone.ActiveCfg = Release|iPhoneSimulator
		{5e7add5c-12be-4d1f-a4b4-8c2f4b389722}.Release|iPhone.Build.0 = Release|iPhoneSimulator
		{5e7add5c-12be-4d1f-a4b4-8c2f4b389722}.Release|iPhoneSimulator.ActiveCfg = Release|iPhoneSimulator
		{5e7add5c-12be-4d1f-a4b4-8c2f4b389722}.Release|iPhoneSimulator.Build.0 = Release|iPhoneSimulator
		{5e7add5c-12be-4d1f-a4b4-8c2f4b389722}.Release|x64.ActiveCfg = Release|iPhoneSimulator
		{5e7add5c-12be-4d1f-a4b4-8c2f4b389722}.Release|x64.Build.0 = Release|iPhoneSimulator
		{5e7add5c-12be-4d1f-a4b4-8c2f4b389722}.Release|x86.ActiveCfg = Release|iPhoneSimulator
		{5e7add5c-12be-4d1f-a4b4-8c2f4b389722}.Release|x86.Build.0 = Release|iPhoneSimulator
	EndGlobalSection
	GlobalSection(SolutionProperties) = preSolution
		HideSolutionNode = FALSE
	EndGlobalSection
	GlobalSection(ExtensibilityGlobals) = postSolution
		SolutionGuid = {C7433AE2-B1A0-4C1A-887E-5CAA7AAF67A6}
	EndGlobalSection
EndGlobal
