Microsoft Visual Studio Solution File, Format Version 12.00
# Visual Studio Version 16
VisualStudioVersion = 16.0.29920.165
MinimumVisualStudioVersion = 15.0.26124.0
Project("{D954291E-2A0B-460D-934E-DC6B0785DB48}") = "DataTriggerSample.Shared", "DataTriggerSample.Shared\DataTriggerSample.Shared.shproj", "{6279C845-92F8-4333-AB99-3D213163593C}"
EndProject
Project("{FAE04EC0-301F-11D3-BF4B-00C04F79EFBC}") = "DataTriggerSample.Droid", "DataTriggerSample.Droid\DataTriggerSample.Droid.csproj", "{19FAB238-4CC9-4543-B2C2-28573592C1C3}"
EndProject
Project("{FAE04EC0-301F-11D3-BF4B-00C04F79EFBC}") = "DataTriggerSample.iOS", "DataTriggerSample.iOS\DataTriggerSample.iOS.csproj", "{5EBE92AB-CA99-4524-9EB5-BA82E9F615E0}"
EndProject
Project("{FAE04EC0-301F-11D3-BF4B-00C04F79EFBC}") = "DataTriggerSample.Uwp", "DataTriggerSample.UWP\DataTriggerSample.Uwp.csproj", "{F4F5C277-7955-4AA9-860D-248F7E3F2B34}"
EndProject
Project("{9A19103F-16F7-4668-BE54-9A1E7A4F7556}") = "DataTriggerSample.Wasm", "DataTriggerSample.Wasm\DataTriggerSample.Wasm.csproj", "{40EA03F7-8A22-4143-B251-79BAC3EB13D2}"
EndProject
Project("{FAE04EC0-301F-11D3-BF4B-00C04F79EFBC}") = "DataTriggerSample.macOS", "DataTriggerSample.macOS\DataTriggerSample.macOS.csproj", "{AC825774-BC14-4981-BEE1-DB6F7510ED50}"
EndProject
Project("{C7167F0D-BC9F-4E6E-AFE1-012C56B48DB5}") = "DataTriggerSample.Desktop (Package)", "DataTriggerSample.Desktop\DataTriggerSample.Desktop (Package)\DataTriggerSample.Desktop (Package).wapproj", "{E4695788-C324-4A2F-8D15-84566361F7AD}"
EndProject
Project("{FAE04EC0-301F-11D3-BF4B-00C04F79EFBC}") = "DataTriggerSample.Desktop", "DataTriggerSample.Desktop\DataTriggerSample.Desktop\DataTriggerSample.Desktop.csproj", "{950D28D8-FE1F-47B6-BE78-786D493DA860}"
EndProject
Global
	GlobalSection(SharedMSBuildProjectFiles) = preSolution
		DataTriggerSample.Shared\DataTriggerSample.Shared.projitems*{19fab238-4cc9-4543-b2c2-28573592c1c3}*SharedItemsImports = 4
		DataTriggerSample.Shared\DataTriggerSample.Shared.projitems*{40ea03f7-8a22-4143-b251-79bac3eb13d2}*SharedItemsImports = 5
		DataTriggerSample.Shared\DataTriggerSample.Shared.projitems*{5ebe92ab-ca99-4524-9eb5-ba82e9f615e0}*SharedItemsImports = 4
		DataTriggerSample.Shared\DataTriggerSample.Shared.projitems*{6279c845-92f8-4333-ab99-3d213163593c}*SharedItemsImports = 13
		DataTriggerSample.Shared\DataTriggerSample.Shared.projitems*{ac825774-bc14-4981-bee1-db6f7510ed50}*SharedItemsImports = 4
		DataTriggerSample.Shared\DataTriggerSample.Shared.projitems*{f4f5c277-7955-4aa9-860d-248f7e3f2b34}*SharedItemsImports = 4
	EndGlobalSection
	GlobalSection(SolutionConfigurationPlatforms) = preSolution
		Ad-Hoc|Any CPU = Ad-Hoc|Any CPU
		Ad-Hoc|ARM = Ad-Hoc|ARM
		Ad-Hoc|ARM64 = Ad-Hoc|ARM64
		Ad-Hoc|iPhone = Ad-Hoc|iPhone
		Ad-Hoc|iPhoneSimulator = Ad-Hoc|iPhoneSimulator
		Ad-Hoc|x64 = Ad-Hoc|x64
		Ad-Hoc|x86 = Ad-Hoc|x86
		AppStore|Any CPU = AppStore|Any CPU
		AppStore|ARM = AppStore|ARM
		AppStore|ARM64 = AppStore|ARM64
		AppStore|iPhone = AppStore|iPhone
		AppStore|iPhoneSimulator = AppStore|iPhoneSimulator
		AppStore|x64 = AppStore|x64
		AppStore|x86 = AppStore|x86
		Debug|Any CPU = Debug|Any CPU
		Debug|ARM = Debug|ARM
		Debug|ARM64 = Debug|ARM64
		Debug|iPhone = Debug|iPhone
		Debug|iPhoneSimulator = Debug|iPhoneSimulator
		Debug|x64 = Debug|x64
		Debug|x86 = Debug|x86
		Release|Any CPU = Release|Any CPU
		Release|ARM = Release|ARM
		Release|ARM64 = Release|ARM64
		Release|iPhone = Release|iPhone
		Release|iPhoneSimulator = Release|iPhoneSimulator
		Release|x64 = Release|x64
		Release|x86 = Release|x86
	EndGlobalSection
	GlobalSection(ProjectConfigurationPlatforms) = postSolution
		{19FAB238-4CC9-4543-B2C2-28573592C1C3}.Ad-Hoc|Any CPU.ActiveCfg = Release|Any CPU
		{19FAB238-4CC9-4543-B2C2-28573592C1C3}.Ad-Hoc|Any CPU.Build.0 = Release|Any CPU
		{19FAB238-4CC9-4543-B2C2-28573592C1C3}.Ad-Hoc|Any CPU.Deploy.0 = Release|Any CPU
		{19FAB238-4CC9-4543-B2C2-28573592C1C3}.Ad-Hoc|ARM.ActiveCfg = Release|Any CPU
		{19FAB238-4CC9-4543-B2C2-28573592C1C3}.Ad-Hoc|ARM.Build.0 = Release|Any CPU
		{19FAB238-4CC9-4543-B2C2-28573592C1C3}.Ad-Hoc|ARM.Deploy.0 = Release|Any CPU
		{19FAB238-4CC9-4543-B2C2-28573592C1C3}.Ad-Hoc|ARM64.ActiveCfg = Release|Any CPU
		{19FAB238-4CC9-4543-B2C2-28573592C1C3}.Ad-Hoc|ARM64.Build.0 = Release|Any CPU
		{19FAB238-4CC9-4543-B2C2-28573592C1C3}.Ad-Hoc|ARM64.Deploy.0 = Release|Any CPU
		{19FAB238-4CC9-4543-B2C2-28573592C1C3}.Ad-Hoc|iPhone.ActiveCfg = Release|Any CPU
		{19FAB238-4CC9-4543-B2C2-28573592C1C3}.Ad-Hoc|iPhone.Build.0 = Release|Any CPU
		{19FAB238-4CC9-4543-B2C2-28573592C1C3}.Ad-Hoc|iPhone.Deploy.0 = Release|Any CPU
		{19FAB238-4CC9-4543-B2C2-28573592C1C3}.Ad-Hoc|iPhoneSimulator.ActiveCfg = Release|Any CPU
		{19FAB238-4CC9-4543-B2C2-28573592C1C3}.Ad-Hoc|iPhoneSimulator.Build.0 = Release|Any CPU
		{19FAB238-4CC9-4543-B2C2-28573592C1C3}.Ad-Hoc|iPhoneSimulator.Deploy.0 = Release|Any CPU
		{19FAB238-4CC9-4543-B2C2-28573592C1C3}.Ad-Hoc|x64.ActiveCfg = Release|Any CPU
		{19FAB238-4CC9-4543-B2C2-28573592C1C3}.Ad-Hoc|x64.Build.0 = Release|Any CPU
		{19FAB238-4CC9-4543-B2C2-28573592C1C3}.Ad-Hoc|x64.Deploy.0 = Release|Any CPU
		{19FAB238-4CC9-4543-B2C2-28573592C1C3}.Ad-Hoc|x86.ActiveCfg = Release|Any CPU
		{19FAB238-4CC9-4543-B2C2-28573592C1C3}.Ad-Hoc|x86.Build.0 = Release|Any CPU
		{19FAB238-4CC9-4543-B2C2-28573592C1C3}.Ad-Hoc|x86.Deploy.0 = Release|Any CPU
		{19FAB238-4CC9-4543-B2C2-28573592C1C3}.AppStore|Any CPU.ActiveCfg = Release|Any CPU
		{19FAB238-4CC9-4543-B2C2-28573592C1C3}.AppStore|Any CPU.Build.0 = Release|Any CPU
		{19FAB238-4CC9-4543-B2C2-28573592C1C3}.AppStore|Any CPU.Deploy.0 = Release|Any CPU
		{19FAB238-4CC9-4543-B2C2-28573592C1C3}.AppStore|ARM.ActiveCfg = Release|Any CPU
		{19FAB238-4CC9-4543-B2C2-28573592C1C3}.AppStore|ARM.Build.0 = Release|Any CPU
		{19FAB238-4CC9-4543-B2C2-28573592C1C3}.AppStore|ARM.Deploy.0 = Release|Any CPU
		{19FAB238-4CC9-4543-B2C2-28573592C1C3}.AppStore|ARM64.ActiveCfg = Release|Any CPU
		{19FAB238-4CC9-4543-B2C2-28573592C1C3}.AppStore|ARM64.Build.0 = Release|Any CPU
		{19FAB238-4CC9-4543-B2C2-28573592C1C3}.AppStore|ARM64.Deploy.0 = Release|Any CPU
		{19FAB238-4CC9-4543-B2C2-28573592C1C3}.AppStore|iPhone.ActiveCfg = Release|Any CPU
		{19FAB238-4CC9-4543-B2C2-28573592C1C3}.AppStore|iPhone.Build.0 = Release|Any CPU
		{19FAB238-4CC9-4543-B2C2-28573592C1C3}.AppStore|iPhone.Deploy.0 = Release|Any CPU
		{19FAB238-4CC9-4543-B2C2-28573592C1C3}.AppStore|iPhoneSimulator.ActiveCfg = Release|Any CPU
		{19FAB238-4CC9-4543-B2C2-28573592C1C3}.AppStore|iPhoneSimulator.Build.0 = Release|Any CPU
		{19FAB238-4CC9-4543-B2C2-28573592C1C3}.AppStore|iPhoneSimulator.Deploy.0 = Release|Any CPU
		{19FAB238-4CC9-4543-B2C2-28573592C1C3}.AppStore|x64.ActiveCfg = Release|Any CPU
		{19FAB238-4CC9-4543-B2C2-28573592C1C3}.AppStore|x64.Build.0 = Release|Any CPU
		{19FAB238-4CC9-4543-B2C2-28573592C1C3}.AppStore|x64.Deploy.0 = Release|Any CPU
		{19FAB238-4CC9-4543-B2C2-28573592C1C3}.AppStore|x86.ActiveCfg = Release|Any CPU
		{19FAB238-4CC9-4543-B2C2-28573592C1C3}.AppStore|x86.Build.0 = Release|Any CPU
		{19FAB238-4CC9-4543-B2C2-28573592C1C3}.AppStore|x86.Deploy.0 = Release|Any CPU
		{19FAB238-4CC9-4543-B2C2-28573592C1C3}.Debug|Any CPU.ActiveCfg = Debug|Any CPU
		{19FAB238-4CC9-4543-B2C2-28573592C1C3}.Debug|Any CPU.Build.0 = Debug|Any CPU
		{19FAB238-4CC9-4543-B2C2-28573592C1C3}.Debug|Any CPU.Deploy.0 = Debug|Any CPU
		{19FAB238-4CC9-4543-B2C2-28573592C1C3}.Debug|ARM.ActiveCfg = Debug|Any CPU
		{19FAB238-4CC9-4543-B2C2-28573592C1C3}.Debug|ARM.Build.0 = Debug|Any CPU
		{19FAB238-4CC9-4543-B2C2-28573592C1C3}.Debug|ARM.Deploy.0 = Debug|Any CPU
		{19FAB238-4CC9-4543-B2C2-28573592C1C3}.Debug|ARM64.ActiveCfg = Debug|Any CPU
		{19FAB238-4CC9-4543-B2C2-28573592C1C3}.Debug|ARM64.Build.0 = Debug|Any CPU
		{19FAB238-4CC9-4543-B2C2-28573592C1C3}.Debug|ARM64.Deploy.0 = Debug|Any CPU
		{19FAB238-4CC9-4543-B2C2-28573592C1C3}.Debug|iPhone.ActiveCfg = Debug|Any CPU
		{19FAB238-4CC9-4543-B2C2-28573592C1C3}.Debug|iPhone.Build.0 = Debug|Any CPU
		{19FAB238-4CC9-4543-B2C2-28573592C1C3}.Debug|iPhone.Deploy.0 = Debug|Any CPU
		{19FAB238-4CC9-4543-B2C2-28573592C1C3}.Debug|iPhoneSimulator.ActiveCfg = Debug|Any CPU
		{19FAB238-4CC9-4543-B2C2-28573592C1C3}.Debug|iPhoneSimulator.Build.0 = Debug|Any CPU
		{19FAB238-4CC9-4543-B2C2-28573592C1C3}.Debug|iPhoneSimulator.Deploy.0 = Debug|Any CPU
		{19FAB238-4CC9-4543-B2C2-28573592C1C3}.Debug|x64.ActiveCfg = Debug|Any CPU
		{19FAB238-4CC9-4543-B2C2-28573592C1C3}.Debug|x64.Build.0 = Debug|Any CPU
		{19FAB238-4CC9-4543-B2C2-28573592C1C3}.Debug|x64.Deploy.0 = Debug|Any CPU
		{19FAB238-4CC9-4543-B2C2-28573592C1C3}.Debug|x86.ActiveCfg = Debug|Any CPU
		{19FAB238-4CC9-4543-B2C2-28573592C1C3}.Debug|x86.Build.0 = Debug|Any CPU
		{19FAB238-4CC9-4543-B2C2-28573592C1C3}.Debug|x86.Deploy.0 = Debug|Any CPU
		{19FAB238-4CC9-4543-B2C2-28573592C1C3}.Release|Any CPU.ActiveCfg = Release|Any CPU
		{19FAB238-4CC9-4543-B2C2-28573592C1C3}.Release|Any CPU.Build.0 = Release|Any CPU
		{19FAB238-4CC9-4543-B2C2-28573592C1C3}.Release|Any CPU.Deploy.0 = Release|Any CPU
		{19FAB238-4CC9-4543-B2C2-28573592C1C3}.Release|ARM.ActiveCfg = Release|Any CPU
		{19FAB238-4CC9-4543-B2C2-28573592C1C3}.Release|ARM.Build.0 = Release|Any CPU
		{19FAB238-4CC9-4543-B2C2-28573592C1C3}.Release|ARM.Deploy.0 = Release|Any CPU
		{19FAB238-4CC9-4543-B2C2-28573592C1C3}.Release|ARM64.ActiveCfg = Release|Any CPU
		{19FAB238-4CC9-4543-B2C2-28573592C1C3}.Release|ARM64.Build.0 = Release|Any CPU
		{19FAB238-4CC9-4543-B2C2-28573592C1C3}.Release|ARM64.Deploy.0 = Release|Any CPU
		{19FAB238-4CC9-4543-B2C2-28573592C1C3}.Release|iPhone.ActiveCfg = Release|Any CPU
		{19FAB238-4CC9-4543-B2C2-28573592C1C3}.Release|iPhone.Build.0 = Release|Any CPU
		{19FAB238-4CC9-4543-B2C2-28573592C1C3}.Release|iPhone.Deploy.0 = Release|Any CPU
		{19FAB238-4CC9-4543-B2C2-28573592C1C3}.Release|iPhoneSimulator.ActiveCfg = Release|Any CPU
		{19FAB238-4CC9-4543-B2C2-28573592C1C3}.Release|iPhoneSimulator.Build.0 = Release|Any CPU
		{19FAB238-4CC9-4543-B2C2-28573592C1C3}.Release|iPhoneSimulator.Deploy.0 = Release|Any CPU
		{19FAB238-4CC9-4543-B2C2-28573592C1C3}.Release|x64.ActiveCfg = Release|Any CPU
		{19FAB238-4CC9-4543-B2C2-28573592C1C3}.Release|x64.Build.0 = Release|Any CPU
		{19FAB238-4CC9-4543-B2C2-28573592C1C3}.Release|x64.Deploy.0 = Release|Any CPU
		{19FAB238-4CC9-4543-B2C2-28573592C1C3}.Release|x86.ActiveCfg = Release|Any CPU
		{19FAB238-4CC9-4543-B2C2-28573592C1C3}.Release|x86.Build.0 = Release|Any CPU
		{19FAB238-4CC9-4543-B2C2-28573592C1C3}.Release|x86.Deploy.0 = Release|Any CPU
		{5EBE92AB-CA99-4524-9EB5-BA82E9F615E0}.Ad-Hoc|Any CPU.ActiveCfg = Ad-Hoc|iPhone
		{5EBE92AB-CA99-4524-9EB5-BA82E9F615E0}.Ad-Hoc|ARM.ActiveCfg = Ad-Hoc|iPhone
		{5EBE92AB-CA99-4524-9EB5-BA82E9F615E0}.Ad-Hoc|ARM64.ActiveCfg = Ad-Hoc|iPhone
		{5EBE92AB-CA99-4524-9EB5-BA82E9F615E0}.Ad-Hoc|iPhone.ActiveCfg = Ad-Hoc|iPhone
		{5EBE92AB-CA99-4524-9EB5-BA82E9F615E0}.Ad-Hoc|iPhone.Build.0 = Ad-Hoc|iPhone
		{5EBE92AB-CA99-4524-9EB5-BA82E9F615E0}.Ad-Hoc|iPhoneSimulator.ActiveCfg = Ad-Hoc|iPhoneSimulator
		{5EBE92AB-CA99-4524-9EB5-BA82E9F615E0}.Ad-Hoc|iPhoneSimulator.Build.0 = Ad-Hoc|iPhoneSimulator
		{5EBE92AB-CA99-4524-9EB5-BA82E9F615E0}.Ad-Hoc|x64.ActiveCfg = Ad-Hoc|iPhone
		{5EBE92AB-CA99-4524-9EB5-BA82E9F615E0}.Ad-Hoc|x86.ActiveCfg = Ad-Hoc|iPhone
		{5EBE92AB-CA99-4524-9EB5-BA82E9F615E0}.AppStore|Any CPU.ActiveCfg = AppStore|iPhone
		{5EBE92AB-CA99-4524-9EB5-BA82E9F615E0}.AppStore|ARM.ActiveCfg = AppStore|iPhone
		{5EBE92AB-CA99-4524-9EB5-BA82E9F615E0}.AppStore|ARM64.ActiveCfg = AppStore|iPhone
		{5EBE92AB-CA99-4524-9EB5-BA82E9F615E0}.AppStore|iPhone.ActiveCfg = AppStore|iPhone
		{5EBE92AB-CA99-4524-9EB5-BA82E9F615E0}.AppStore|iPhone.Build.0 = AppStore|iPhone
		{5EBE92AB-CA99-4524-9EB5-BA82E9F615E0}.AppStore|iPhoneSimulator.ActiveCfg = AppStore|iPhoneSimulator
		{5EBE92AB-CA99-4524-9EB5-BA82E9F615E0}.AppStore|iPhoneSimulator.Build.0 = AppStore|iPhoneSimulator
		{5EBE92AB-CA99-4524-9EB5-BA82E9F615E0}.AppStore|x64.ActiveCfg = AppStore|iPhone
		{5EBE92AB-CA99-4524-9EB5-BA82E9F615E0}.AppStore|x86.ActiveCfg = AppStore|iPhone
		{5EBE92AB-CA99-4524-9EB5-BA82E9F615E0}.Debug|Any CPU.ActiveCfg = Debug|iPhone
		{5EBE92AB-CA99-4524-9EB5-BA82E9F615E0}.Debug|ARM.ActiveCfg = Debug|iPhone
		{5EBE92AB-CA99-4524-9EB5-BA82E9F615E0}.Debug|ARM64.ActiveCfg = Debug|iPhone
		{5EBE92AB-CA99-4524-9EB5-BA82E9F615E0}.Debug|iPhone.ActiveCfg = Debug|iPhone
		{5EBE92AB-CA99-4524-9EB5-BA82E9F615E0}.Debug|iPhone.Build.0 = Debug|iPhone
		{5EBE92AB-CA99-4524-9EB5-BA82E9F615E0}.Debug|iPhoneSimulator.ActiveCfg = Debug|iPhoneSimulator
		{5EBE92AB-CA99-4524-9EB5-BA82E9F615E0}.Debug|iPhoneSimulator.Build.0 = Debug|iPhoneSimulator
		{5EBE92AB-CA99-4524-9EB5-BA82E9F615E0}.Debug|x64.ActiveCfg = Debug|iPhone
		{5EBE92AB-CA99-4524-9EB5-BA82E9F615E0}.Debug|x86.ActiveCfg = Debug|iPhone
		{5EBE92AB-CA99-4524-9EB5-BA82E9F615E0}.Release|Any CPU.ActiveCfg = Release|iPhone
		{5EBE92AB-CA99-4524-9EB5-BA82E9F615E0}.Release|ARM.ActiveCfg = Release|iPhone
		{5EBE92AB-CA99-4524-9EB5-BA82E9F615E0}.Release|ARM64.ActiveCfg = Release|iPhone
		{5EBE92AB-CA99-4524-9EB5-BA82E9F615E0}.Release|iPhone.ActiveCfg = Release|iPhone
		{5EBE92AB-CA99-4524-9EB5-BA82E9F615E0}.Release|iPhone.Build.0 = Release|iPhone
		{5EBE92AB-CA99-4524-9EB5-BA82E9F615E0}.Release|iPhoneSimulator.ActiveCfg = Release|iPhoneSimulator
		{5EBE92AB-CA99-4524-9EB5-BA82E9F615E0}.Release|iPhoneSimulator.Build.0 = Release|iPhoneSimulator
		{5EBE92AB-CA99-4524-9EB5-BA82E9F615E0}.Release|x64.ActiveCfg = Release|iPhone
		{5EBE92AB-CA99-4524-9EB5-BA82E9F615E0}.Release|x86.ActiveCfg = Release|iPhone
		{F4F5C277-7955-4AA9-860D-248F7E3F2B34}.Ad-Hoc|Any CPU.ActiveCfg = Release|x64
		{F4F5C277-7955-4AA9-860D-248F7E3F2B34}.Ad-Hoc|Any CPU.Build.0 = Release|x64
		{F4F5C277-7955-4AA9-860D-248F7E3F2B34}.Ad-Hoc|Any CPU.Deploy.0 = Release|x64
		{F4F5C277-7955-4AA9-860D-248F7E3F2B34}.Ad-Hoc|ARM.ActiveCfg = Release|ARM
		{F4F5C277-7955-4AA9-860D-248F7E3F2B34}.Ad-Hoc|ARM.Build.0 = Release|ARM
		{F4F5C277-7955-4AA9-860D-248F7E3F2B34}.Ad-Hoc|ARM.Deploy.0 = Release|ARM
		{F4F5C277-7955-4AA9-860D-248F7E3F2B34}.Ad-Hoc|ARM64.ActiveCfg = Release|ARM64
		{F4F5C277-7955-4AA9-860D-248F7E3F2B34}.Ad-Hoc|ARM64.Build.0 = Release|ARM64
		{F4F5C277-7955-4AA9-860D-248F7E3F2B34}.Ad-Hoc|ARM64.Deploy.0 = Release|ARM64
		{F4F5C277-7955-4AA9-860D-248F7E3F2B34}.Ad-Hoc|iPhone.ActiveCfg = Release|x64
		{F4F5C277-7955-4AA9-860D-248F7E3F2B34}.Ad-Hoc|iPhone.Build.0 = Release|x64
		{F4F5C277-7955-4AA9-860D-248F7E3F2B34}.Ad-Hoc|iPhone.Deploy.0 = Release|x64
		{F4F5C277-7955-4AA9-860D-248F7E3F2B34}.Ad-Hoc|iPhoneSimulator.ActiveCfg = Release|x64
		{F4F5C277-7955-4AA9-860D-248F7E3F2B34}.Ad-Hoc|iPhoneSimulator.Build.0 = Release|x64
		{F4F5C277-7955-4AA9-860D-248F7E3F2B34}.Ad-Hoc|iPhoneSimulator.Deploy.0 = Release|x64
		{F4F5C277-7955-4AA9-860D-248F7E3F2B34}.Ad-Hoc|x64.ActiveCfg = Release|x64
		{F4F5C277-7955-4AA9-860D-248F7E3F2B34}.Ad-Hoc|x64.Build.0 = Release|x64
		{F4F5C277-7955-4AA9-860D-248F7E3F2B34}.Ad-Hoc|x64.Deploy.0 = Release|x64
		{F4F5C277-7955-4AA9-860D-248F7E3F2B34}.Ad-Hoc|x86.ActiveCfg = Release|x86
		{F4F5C277-7955-4AA9-860D-248F7E3F2B34}.Ad-Hoc|x86.Build.0 = Release|x86
		{F4F5C277-7955-4AA9-860D-248F7E3F2B34}.Ad-Hoc|x86.Deploy.0 = Release|x86
		{F4F5C277-7955-4AA9-860D-248F7E3F2B34}.AppStore|Any CPU.ActiveCfg = Release|x64
		{F4F5C277-7955-4AA9-860D-248F7E3F2B34}.AppStore|Any CPU.Build.0 = Release|x64
		{F4F5C277-7955-4AA9-860D-248F7E3F2B34}.AppStore|Any CPU.Deploy.0 = Release|x64
		{F4F5C277-7955-4AA9-860D-248F7E3F2B34}.AppStore|ARM.ActiveCfg = Release|ARM
		{F4F5C277-7955-4AA9-860D-248F7E3F2B34}.AppStore|ARM.Build.0 = Release|ARM
		{F4F5C277-7955-4AA9-860D-248F7E3F2B34}.AppStore|ARM.Deploy.0 = Release|ARM
		{F4F5C277-7955-4AA9-860D-248F7E3F2B34}.AppStore|ARM64.ActiveCfg = Release|ARM64
		{F4F5C277-7955-4AA9-860D-248F7E3F2B34}.AppStore|ARM64.Build.0 = Release|ARM64
		{F4F5C277-7955-4AA9-860D-248F7E3F2B34}.AppStore|ARM64.Deploy.0 = Release|ARM64
		{F4F5C277-7955-4AA9-860D-248F7E3F2B34}.AppStore|iPhone.ActiveCfg = Release|x64
		{F4F5C277-7955-4AA9-860D-248F7E3F2B34}.AppStore|iPhone.Build.0 = Release|x64
		{F4F5C277-7955-4AA9-860D-248F7E3F2B34}.AppStore|iPhone.Deploy.0 = Release|x64
		{F4F5C277-7955-4AA9-860D-248F7E3F2B34}.AppStore|iPhoneSimulator.ActiveCfg = Release|x64
		{F4F5C277-7955-4AA9-860D-248F7E3F2B34}.AppStore|iPhoneSimulator.Build.0 = Release|x64
		{F4F5C277-7955-4AA9-860D-248F7E3F2B34}.AppStore|iPhoneSimulator.Deploy.0 = Release|x64
		{F4F5C277-7955-4AA9-860D-248F7E3F2B34}.AppStore|x64.ActiveCfg = Release|x64
		{F4F5C277-7955-4AA9-860D-248F7E3F2B34}.AppStore|x64.Build.0 = Release|x64
		{F4F5C277-7955-4AA9-860D-248F7E3F2B34}.AppStore|x64.Deploy.0 = Release|x64
		{F4F5C277-7955-4AA9-860D-248F7E3F2B34}.AppStore|x86.ActiveCfg = Release|x86
		{F4F5C277-7955-4AA9-860D-248F7E3F2B34}.AppStore|x86.Build.0 = Release|x86
		{F4F5C277-7955-4AA9-860D-248F7E3F2B34}.AppStore|x86.Deploy.0 = Release|x86
		{F4F5C277-7955-4AA9-860D-248F7E3F2B34}.Debug|Any CPU.ActiveCfg = Debug|x86
		{F4F5C277-7955-4AA9-860D-248F7E3F2B34}.Debug|ARM.ActiveCfg = Debug|ARM
		{F4F5C277-7955-4AA9-860D-248F7E3F2B34}.Debug|ARM.Build.0 = Debug|ARM
		{F4F5C277-7955-4AA9-860D-248F7E3F2B34}.Debug|ARM.Deploy.0 = Debug|ARM
		{F4F5C277-7955-4AA9-860D-248F7E3F2B34}.Debug|ARM64.ActiveCfg = Debug|ARM64
		{F4F5C277-7955-4AA9-860D-248F7E3F2B34}.Debug|ARM64.Build.0 = Debug|ARM64
		{F4F5C277-7955-4AA9-860D-248F7E3F2B34}.Debug|ARM64.Deploy.0 = Debug|ARM64
		{F4F5C277-7955-4AA9-860D-248F7E3F2B34}.Debug|iPhone.ActiveCfg = Debug|x86
		{F4F5C277-7955-4AA9-860D-248F7E3F2B34}.Debug|iPhoneSimulator.ActiveCfg = Debug|x86
		{F4F5C277-7955-4AA9-860D-248F7E3F2B34}.Debug|x64.ActiveCfg = Debug|x64
		{F4F5C277-7955-4AA9-860D-248F7E3F2B34}.Debug|x64.Build.0 = Debug|x64
		{F4F5C277-7955-4AA9-860D-248F7E3F2B34}.Debug|x64.Deploy.0 = Debug|x64
		{F4F5C277-7955-4AA9-860D-248F7E3F2B34}.Debug|x86.ActiveCfg = Debug|x86
		{F4F5C277-7955-4AA9-860D-248F7E3F2B34}.Debug|x86.Build.0 = Debug|x86
		{F4F5C277-7955-4AA9-860D-248F7E3F2B34}.Debug|x86.Deploy.0 = Debug|x86
		{F4F5C277-7955-4AA9-860D-248F7E3F2B34}.Release|Any CPU.ActiveCfg = Release|x86
		{F4F5C277-7955-4AA9-860D-248F7E3F2B34}.Release|ARM.ActiveCfg = Release|ARM
		{F4F5C277-7955-4AA9-860D-248F7E3F2B34}.Release|ARM.Build.0 = Release|ARM
		{F4F5C277-7955-4AA9-860D-248F7E3F2B34}.Release|ARM.Deploy.0 = Release|ARM
		{F4F5C277-7955-4AA9-860D-248F7E3F2B34}.Release|ARM64.ActiveCfg = Release|ARM64
		{F4F5C277-7955-4AA9-860D-248F7E3F2B34}.Release|ARM64.Build.0 = Release|ARM64
		{F4F5C277-7955-4AA9-860D-248F7E3F2B34}.Release|ARM64.Deploy.0 = Release|ARM64
		{F4F5C277-7955-4AA9-860D-248F7E3F2B34}.Release|iPhone.ActiveCfg = Release|x86
		{F4F5C277-7955-4AA9-860D-248F7E3F2B34}.Release|iPhoneSimulator.ActiveCfg = Release|x86
		{F4F5C277-7955-4AA9-860D-248F7E3F2B34}.Release|x64.ActiveCfg = Release|x64
		{F4F5C277-7955-4AA9-860D-248F7E3F2B34}.Release|x64.Build.0 = Release|x64
		{F4F5C277-7955-4AA9-860D-248F7E3F2B34}.Release|x64.Deploy.0 = Release|x64
		{F4F5C277-7955-4AA9-860D-248F7E3F2B34}.Release|x86.ActiveCfg = Release|x86
		{F4F5C277-7955-4AA9-860D-248F7E3F2B34}.Release|x86.Build.0 = Release|x86
		{F4F5C277-7955-4AA9-860D-248F7E3F2B34}.Release|x86.Deploy.0 = Release|x86
		{40EA03F7-8A22-4143-B251-79BAC3EB13D2}.Ad-Hoc|Any CPU.ActiveCfg = Debug|Any CPU
		{40EA03F7-8A22-4143-B251-79BAC3EB13D2}.Ad-Hoc|Any CPU.Build.0 = Debug|Any CPU
		{40EA03F7-8A22-4143-B251-79BAC3EB13D2}.Ad-Hoc|ARM.ActiveCfg = Debug|Any CPU
		{40EA03F7-8A22-4143-B251-79BAC3EB13D2}.Ad-Hoc|ARM.Build.0 = Debug|Any CPU
		{40EA03F7-8A22-4143-B251-79BAC3EB13D2}.Ad-Hoc|ARM64.ActiveCfg = Debug|Any CPU
		{40EA03F7-8A22-4143-B251-79BAC3EB13D2}.Ad-Hoc|ARM64.Build.0 = Debug|Any CPU
		{40EA03F7-8A22-4143-B251-79BAC3EB13D2}.Ad-Hoc|iPhone.ActiveCfg = Debug|Any CPU
		{40EA03F7-8A22-4143-B251-79BAC3EB13D2}.Ad-Hoc|iPhone.Build.0 = Debug|Any CPU
		{40EA03F7-8A22-4143-B251-79BAC3EB13D2}.Ad-Hoc|iPhoneSimulator.ActiveCfg = Debug|Any CPU
		{40EA03F7-8A22-4143-B251-79BAC3EB13D2}.Ad-Hoc|iPhoneSimulator.Build.0 = Debug|Any CPU
		{40EA03F7-8A22-4143-B251-79BAC3EB13D2}.Ad-Hoc|x64.ActiveCfg = Debug|Any CPU
		{40EA03F7-8A22-4143-B251-79BAC3EB13D2}.Ad-Hoc|x64.Build.0 = Debug|Any CPU
		{40EA03F7-8A22-4143-B251-79BAC3EB13D2}.Ad-Hoc|x86.ActiveCfg = Debug|Any CPU
		{40EA03F7-8A22-4143-B251-79BAC3EB13D2}.Ad-Hoc|x86.Build.0 = Debug|Any CPU
		{40EA03F7-8A22-4143-B251-79BAC3EB13D2}.AppStore|Any CPU.ActiveCfg = Debug|Any CPU
		{40EA03F7-8A22-4143-B251-79BAC3EB13D2}.AppStore|Any CPU.Build.0 = Debug|Any CPU
		{40EA03F7-8A22-4143-B251-79BAC3EB13D2}.AppStore|ARM.ActiveCfg = Debug|Any CPU
		{40EA03F7-8A22-4143-B251-79BAC3EB13D2}.AppStore|ARM.Build.0 = Debug|Any CPU
		{40EA03F7-8A22-4143-B251-79BAC3EB13D2}.AppStore|ARM64.ActiveCfg = Debug|Any CPU
		{40EA03F7-8A22-4143-B251-79BAC3EB13D2}.AppStore|ARM64.Build.0 = Debug|Any CPU
		{40EA03F7-8A22-4143-B251-79BAC3EB13D2}.AppStore|iPhone.ActiveCfg = Debug|Any CPU
		{40EA03F7-8A22-4143-B251-79BAC3EB13D2}.AppStore|iPhone.Build.0 = Debug|Any CPU
		{40EA03F7-8A22-4143-B251-79BAC3EB13D2}.AppStore|iPhoneSimulator.ActiveCfg = Debug|Any CPU
		{40EA03F7-8A22-4143-B251-79BAC3EB13D2}.AppStore|iPhoneSimulator.Build.0 = Debug|Any CPU
		{40EA03F7-8A22-4143-B251-79BAC3EB13D2}.AppStore|x64.ActiveCfg = Debug|Any CPU
		{40EA03F7-8A22-4143-B251-79BAC3EB13D2}.AppStore|x64.Build.0 = Debug|Any CPU
		{40EA03F7-8A22-4143-B251-79BAC3EB13D2}.AppStore|x86.ActiveCfg = Debug|Any CPU
		{40EA03F7-8A22-4143-B251-79BAC3EB13D2}.AppStore|x86.Build.0 = Debug|Any CPU
		{40EA03F7-8A22-4143-B251-79BAC3EB13D2}.Debug|Any CPU.ActiveCfg = Debug|Any CPU
		{40EA03F7-8A22-4143-B251-79BAC3EB13D2}.Debug|Any CPU.Build.0 = Debug|Any CPU
		{40EA03F7-8A22-4143-B251-79BAC3EB13D2}.Debug|ARM.ActiveCfg = Debug|Any CPU
		{40EA03F7-8A22-4143-B251-79BAC3EB13D2}.Debug|ARM.Build.0 = Debug|Any CPU
		{40EA03F7-8A22-4143-B251-79BAC3EB13D2}.Debug|ARM64.ActiveCfg = Debug|Any CPU
		{40EA03F7-8A22-4143-B251-79BAC3EB13D2}.Debug|ARM64.Build.0 = Debug|Any CPU
		{40EA03F7-8A22-4143-B251-79BAC3EB13D2}.Debug|iPhone.ActiveCfg = Debug|Any CPU
		{40EA03F7-8A22-4143-B251-79BAC3EB13D2}.Debug|iPhone.Build.0 = Debug|Any CPU
		{40EA03F7-8A22-4143-B251-79BAC3EB13D2}.Debug|iPhoneSimulator.ActiveCfg = Debug|Any CPU
		{40EA03F7-8A22-4143-B251-79BAC3EB13D2}.Debug|iPhoneSimulator.Build.0 = Debug|Any CPU
		{40EA03F7-8A22-4143-B251-79BAC3EB13D2}.Debug|x64.ActiveCfg = Debug|Any CPU
		{40EA03F7-8A22-4143-B251-79BAC3EB13D2}.Debug|x64.Build.0 = Debug|Any CPU
		{40EA03F7-8A22-4143-B251-79BAC3EB13D2}.Debug|x86.ActiveCfg = Debug|Any CPU
		{40EA03F7-8A22-4143-B251-79BAC3EB13D2}.Debug|x86.Build.0 = Debug|Any CPU
		{40EA03F7-8A22-4143-B251-79BAC3EB13D2}.Release|Any CPU.ActiveCfg = Release|Any CPU
		{40EA03F7-8A22-4143-B251-79BAC3EB13D2}.Release|Any CPU.Build.0 = Release|Any CPU
		{40EA03F7-8A22-4143-B251-79BAC3EB13D2}.Release|ARM.ActiveCfg = Release|Any CPU
		{40EA03F7-8A22-4143-B251-79BAC3EB13D2}.Release|ARM.Build.0 = Release|Any CPU
		{40EA03F7-8A22-4143-B251-79BAC3EB13D2}.Release|ARM64.ActiveCfg = Release|Any CPU
		{40EA03F7-8A22-4143-B251-79BAC3EB13D2}.Release|ARM64.Build.0 = Release|Any CPU
		{40EA03F7-8A22-4143-B251-79BAC3EB13D2}.Release|iPhone.ActiveCfg = Release|Any CPU
		{40EA03F7-8A22-4143-B251-79BAC3EB13D2}.Release|iPhone.Build.0 = Release|Any CPU
		{40EA03F7-8A22-4143-B251-79BAC3EB13D2}.Release|iPhoneSimulator.ActiveCfg = Release|Any CPU
		{40EA03F7-8A22-4143-B251-79BAC3EB13D2}.Release|iPhoneSimulator.Build.0 = Release|Any CPU
		{40EA03F7-8A22-4143-B251-79BAC3EB13D2}.Release|x64.ActiveCfg = Release|Any CPU
		{40EA03F7-8A22-4143-B251-79BAC3EB13D2}.Release|x64.Build.0 = Release|Any CPU
		{40EA03F7-8A22-4143-B251-79BAC3EB13D2}.Release|x86.ActiveCfg = Release|Any CPU
		{40EA03F7-8A22-4143-B251-79BAC3EB13D2}.Release|x86.Build.0 = Release|Any CPU
		{AC825774-BC14-4981-BEE1-DB6F7510ED50}.Ad-Hoc|Any CPU.ActiveCfg = Release|iPhoneSimulator
		{AC825774-BC14-4981-BEE1-DB6F7510ED50}.Ad-Hoc|Any CPU.Build.0 = Release|iPhoneSimulator
		{AC825774-BC14-4981-BEE1-DB6F7510ED50}.Ad-Hoc|ARM.ActiveCfg = Release|iPhoneSimulator
		{AC825774-BC14-4981-BEE1-DB6F7510ED50}.Ad-Hoc|ARM.Build.0 = Release|iPhoneSimulator
		{AC825774-BC14-4981-BEE1-DB6F7510ED50}.Ad-Hoc|ARM64.ActiveCfg = Release|iPhoneSimulator
		{AC825774-BC14-4981-BEE1-DB6F7510ED50}.Ad-Hoc|ARM64.Build.0 = Release|iPhoneSimulator
		{AC825774-BC14-4981-BEE1-DB6F7510ED50}.Ad-Hoc|iPhone.ActiveCfg = Release|iPhoneSimulator
		{AC825774-BC14-4981-BEE1-DB6F7510ED50}.Ad-Hoc|iPhone.Build.0 = Release|iPhoneSimulator
		{AC825774-BC14-4981-BEE1-DB6F7510ED50}.Ad-Hoc|iPhoneSimulator.ActiveCfg = Release|iPhoneSimulator
		{AC825774-BC14-4981-BEE1-DB6F7510ED50}.Ad-Hoc|iPhoneSimulator.Build.0 = Release|iPhoneSimulator
		{AC825774-BC14-4981-BEE1-DB6F7510ED50}.Ad-Hoc|x64.ActiveCfg = Release|iPhoneSimulator
		{AC825774-BC14-4981-BEE1-DB6F7510ED50}.Ad-Hoc|x64.Build.0 = Release|iPhoneSimulator
		{AC825774-BC14-4981-BEE1-DB6F7510ED50}.Ad-Hoc|x86.ActiveCfg = Release|iPhoneSimulator
		{AC825774-BC14-4981-BEE1-DB6F7510ED50}.Ad-Hoc|x86.Build.0 = Release|iPhoneSimulator
		{AC825774-BC14-4981-BEE1-DB6F7510ED50}.AppStore|Any CPU.ActiveCfg = Release|iPhoneSimulator
		{AC825774-BC14-4981-BEE1-DB6F7510ED50}.AppStore|Any CPU.Build.0 = Release|iPhoneSimulator
		{AC825774-BC14-4981-BEE1-DB6F7510ED50}.AppStore|ARM.ActiveCfg = Release|iPhoneSimulator
		{AC825774-BC14-4981-BEE1-DB6F7510ED50}.AppStore|ARM.Build.0 = Release|iPhoneSimulator
		{AC825774-BC14-4981-BEE1-DB6F7510ED50}.AppStore|ARM64.ActiveCfg = Release|iPhoneSimulator
		{AC825774-BC14-4981-BEE1-DB6F7510ED50}.AppStore|ARM64.Build.0 = Release|iPhoneSimulator
		{AC825774-BC14-4981-BEE1-DB6F7510ED50}.AppStore|iPhone.ActiveCfg = Release|iPhoneSimulator
		{AC825774-BC14-4981-BEE1-DB6F7510ED50}.AppStore|iPhone.Build.0 = Release|iPhoneSimulator
		{AC825774-BC14-4981-BEE1-DB6F7510ED50}.AppStore|iPhoneSimulator.ActiveCfg = Release|iPhoneSimulator
		{AC825774-BC14-4981-BEE1-DB6F7510ED50}.AppStore|iPhoneSimulator.Build.0 = Release|iPhoneSimulator
		{AC825774-BC14-4981-BEE1-DB6F7510ED50}.AppStore|x64.ActiveCfg = Release|iPhoneSimulator
		{AC825774-BC14-4981-BEE1-DB6F7510ED50}.AppStore|x64.Build.0 = Release|iPhoneSimulator
		{AC825774-BC14-4981-BEE1-DB6F7510ED50}.AppStore|x86.ActiveCfg = Release|iPhoneSimulator
		{AC825774-BC14-4981-BEE1-DB6F7510ED50}.AppStore|x86.Build.0 = Release|iPhoneSimulator
		{AC825774-BC14-4981-BEE1-DB6F7510ED50}.Debug|Any CPU.ActiveCfg = Debug|iPhoneSimulator
		{AC825774-BC14-4981-BEE1-DB6F7510ED50}.Debug|ARM.ActiveCfg = Debug|iPhoneSimulator
		{AC825774-BC14-4981-BEE1-DB6F7510ED50}.Debug|ARM64.ActiveCfg = Debug|iPhoneSimulator
		{AC825774-BC14-4981-BEE1-DB6F7510ED50}.Debug|iPhone.ActiveCfg = Debug|iPhoneSimulator
		{AC825774-BC14-4981-BEE1-DB6F7510ED50}.Debug|iPhoneSimulator.ActiveCfg = Debug|iPhoneSimulator
		{AC825774-BC14-4981-BEE1-DB6F7510ED50}.Debug|iPhoneSimulator.Build.0 = Debug|iPhoneSimulator
		{AC825774-BC14-4981-BEE1-DB6F7510ED50}.Debug|x64.ActiveCfg = Debug|iPhoneSimulator
		{AC825774-BC14-4981-BEE1-DB6F7510ED50}.Debug|x86.ActiveCfg = Debug|iPhoneSimulator
		{AC825774-BC14-4981-BEE1-DB6F7510ED50}.Release|Any CPU.ActiveCfg = Release|iPhoneSimulator
		{AC825774-BC14-4981-BEE1-DB6F7510ED50}.Release|ARM.ActiveCfg = Release|iPhoneSimulator
		{AC825774-BC14-4981-BEE1-DB6F7510ED50}.Release|ARM64.ActiveCfg = Release|iPhoneSimulator
		{AC825774-BC14-4981-BEE1-DB6F7510ED50}.Release|iPhone.ActiveCfg = Release|iPhoneSimulator
		{AC825774-BC14-4981-BEE1-DB6F7510ED50}.Release|iPhoneSimulator.ActiveCfg = Release|iPhoneSimulator
		{AC825774-BC14-4981-BEE1-DB6F7510ED50}.Release|iPhoneSimulator.Build.0 = Release|iPhoneSimulator
		{AC825774-BC14-4981-BEE1-DB6F7510ED50}.Release|x64.ActiveCfg = Release|iPhoneSimulator
		{AC825774-BC14-4981-BEE1-DB6F7510ED50}.Release|x86.ActiveCfg = Release|iPhoneSimulator
		{E4695788-C324-4A2F-8D15-84566361F7AD}.Ad-Hoc|Any CPU.ActiveCfg = Release|x86
		{E4695788-C324-4A2F-8D15-84566361F7AD}.Ad-Hoc|Any CPU.Build.0 = Release|x86
		{E4695788-C324-4A2F-8D15-84566361F7AD}.Ad-Hoc|Any CPU.Deploy.0 = Release|x86
		{E4695788-C324-4A2F-8D15-84566361F7AD}.Ad-Hoc|ARM.ActiveCfg = Release|x86
		{E4695788-C324-4A2F-8D15-84566361F7AD}.Ad-Hoc|ARM.Build.0 = Release|x86
		{E4695788-C324-4A2F-8D15-84566361F7AD}.Ad-Hoc|ARM.Deploy.0 = Release|x86
		{E4695788-C324-4A2F-8D15-84566361F7AD}.Ad-Hoc|ARM64.ActiveCfg = Release|x86
		{E4695788-C324-4A2F-8D15-84566361F7AD}.Ad-Hoc|ARM64.Build.0 = Release|x86
		{E4695788-C324-4A2F-8D15-84566361F7AD}.Ad-Hoc|ARM64.Deploy.0 = Release|x86
		{E4695788-C324-4A2F-8D15-84566361F7AD}.Ad-Hoc|iPhone.ActiveCfg = Release|x86
		{E4695788-C324-4A2F-8D15-84566361F7AD}.Ad-Hoc|iPhone.Build.0 = Release|x86
		{E4695788-C324-4A2F-8D15-84566361F7AD}.Ad-Hoc|iPhone.Deploy.0 = Release|x86
		{E4695788-C324-4A2F-8D15-84566361F7AD}.Ad-Hoc|iPhoneSimulator.ActiveCfg = Release|x86
		{E4695788-C324-4A2F-8D15-84566361F7AD}.Ad-Hoc|iPhoneSimulator.Build.0 = Release|x86
		{E4695788-C324-4A2F-8D15-84566361F7AD}.Ad-Hoc|iPhoneSimulator.Deploy.0 = Release|x86
		{E4695788-C324-4A2F-8D15-84566361F7AD}.Ad-Hoc|x64.ActiveCfg = Release|x64
		{E4695788-C324-4A2F-8D15-84566361F7AD}.Ad-Hoc|x64.Build.0 = Release|x64
		{E4695788-C324-4A2F-8D15-84566361F7AD}.Ad-Hoc|x64.Deploy.0 = Release|x64
		{E4695788-C324-4A2F-8D15-84566361F7AD}.Ad-Hoc|x86.ActiveCfg = Release|x86
		{E4695788-C324-4A2F-8D15-84566361F7AD}.Ad-Hoc|x86.Build.0 = Release|x86
		{E4695788-C324-4A2F-8D15-84566361F7AD}.Ad-Hoc|x86.Deploy.0 = Release|x86
		{E4695788-C324-4A2F-8D15-84566361F7AD}.AppStore|Any CPU.ActiveCfg = Release|x86
		{E4695788-C324-4A2F-8D15-84566361F7AD}.AppStore|Any CPU.Build.0 = Release|x86
		{E4695788-C324-4A2F-8D15-84566361F7AD}.AppStore|Any CPU.Deploy.0 = Release|x86
		{E4695788-C324-4A2F-8D15-84566361F7AD}.AppStore|ARM.ActiveCfg = Release|x86
		{E4695788-C324-4A2F-8D15-84566361F7AD}.AppStore|ARM.Build.0 = Release|x86
		{E4695788-C324-4A2F-8D15-84566361F7AD}.AppStore|ARM.Deploy.0 = Release|x86
		{E4695788-C324-4A2F-8D15-84566361F7AD}.AppStore|ARM64.ActiveCfg = Release|x86
		{E4695788-C324-4A2F-8D15-84566361F7AD}.AppStore|ARM64.Build.0 = Release|x86
		{E4695788-C324-4A2F-8D15-84566361F7AD}.AppStore|ARM64.Deploy.0 = Release|x86
		{E4695788-C324-4A2F-8D15-84566361F7AD}.AppStore|iPhone.ActiveCfg = Release|x86
		{E4695788-C324-4A2F-8D15-84566361F7AD}.AppStore|iPhone.Build.0 = Release|x86
		{E4695788-C324-4A2F-8D15-84566361F7AD}.AppStore|iPhone.Deploy.0 = Release|x86
		{E4695788-C324-4A2F-8D15-84566361F7AD}.AppStore|iPhoneSimulator.ActiveCfg = Release|x86
		{E4695788-C324-4A2F-8D15-84566361F7AD}.AppStore|iPhoneSimulator.Build.0 = Release|x86
		{E4695788-C324-4A2F-8D15-84566361F7AD}.AppStore|iPhoneSimulator.Deploy.0 = Release|x86
		{E4695788-C324-4A2F-8D15-84566361F7AD}.AppStore|x64.ActiveCfg = Release|x64
		{E4695788-C324-4A2F-8D15-84566361F7AD}.AppStore|x64.Build.0 = Release|x64
		{E4695788-C324-4A2F-8D15-84566361F7AD}.AppStore|x64.Deploy.0 = Release|x64
		{E4695788-C324-4A2F-8D15-84566361F7AD}.AppStore|x86.ActiveCfg = Release|x86
		{E4695788-C324-4A2F-8D15-84566361F7AD}.AppStore|x86.Build.0 = Release|x86
		{E4695788-C324-4A2F-8D15-84566361F7AD}.AppStore|x86.Deploy.0 = Release|x86
		{E4695788-C324-4A2F-8D15-84566361F7AD}.Debug|Any CPU.ActiveCfg = Debug|x86
		{E4695788-C324-4A2F-8D15-84566361F7AD}.Debug|ARM.ActiveCfg = Debug|x86
		{E4695788-C324-4A2F-8D15-84566361F7AD}.Debug|ARM64.ActiveCfg = Debug|x86
		{E4695788-C324-4A2F-8D15-84566361F7AD}.Debug|iPhone.ActiveCfg = Debug|x86
		{E4695788-C324-4A2F-8D15-84566361F7AD}.Debug|iPhoneSimulator.ActiveCfg = Debug|x86
		{E4695788-C324-4A2F-8D15-84566361F7AD}.Debug|x64.ActiveCfg = Debug|x64
		{E4695788-C324-4A2F-8D15-84566361F7AD}.Debug|x64.Build.0 = Debug|x64
		{E4695788-C324-4A2F-8D15-84566361F7AD}.Debug|x64.Deploy.0 = Debug|x64
		{E4695788-C324-4A2F-8D15-84566361F7AD}.Debug|x86.ActiveCfg = Debug|x86
		{E4695788-C324-4A2F-8D15-84566361F7AD}.Debug|x86.Build.0 = Debug|x86
		{E4695788-C324-4A2F-8D15-84566361F7AD}.Debug|x86.Deploy.0 = Debug|x86
		{E4695788-C324-4A2F-8D15-84566361F7AD}.Release|Any CPU.ActiveCfg = Release|x86
		{E4695788-C324-4A2F-8D15-84566361F7AD}.Release|ARM.ActiveCfg = Release|x86
		{E4695788-C324-4A2F-8D15-84566361F7AD}.Release|ARM64.ActiveCfg = Release|x86
		{E4695788-C324-4A2F-8D15-84566361F7AD}.Release|iPhone.ActiveCfg = Release|x86
		{E4695788-C324-4A2F-8D15-84566361F7AD}.Release|iPhoneSimulator.ActiveCfg = Release|x86
		{E4695788-C324-4A2F-8D15-84566361F7AD}.Release|x64.ActiveCfg = Release|x64
		{E4695788-C324-4A2F-8D15-84566361F7AD}.Release|x64.Build.0 = Release|x64
		{E4695788-C324-4A2F-8D15-84566361F7AD}.Release|x64.Deploy.0 = Release|x64
		{E4695788-C324-4A2F-8D15-84566361F7AD}.Release|x86.ActiveCfg = Release|x86
		{E4695788-C324-4A2F-8D15-84566361F7AD}.Release|x86.Build.0 = Release|x86
		{E4695788-C324-4A2F-8D15-84566361F7AD}.Release|x86.Deploy.0 = Release|x86
		{950D28D8-FE1F-47B6-BE78-786D493DA860}.Ad-Hoc|Any CPU.ActiveCfg = Debug|Any CPU
		{950D28D8-FE1F-47B6-BE78-786D493DA860}.Ad-Hoc|Any CPU.Build.0 = Debug|Any CPU
		{950D28D8-FE1F-47B6-BE78-786D493DA860}.Ad-Hoc|ARM.ActiveCfg = Debug|Any CPU
		{950D28D8-FE1F-47B6-BE78-786D493DA860}.Ad-Hoc|ARM.Build.0 = Debug|Any CPU
		{950D28D8-FE1F-47B6-BE78-786D493DA860}.Ad-Hoc|ARM64.ActiveCfg = Debug|Any CPU
		{950D28D8-FE1F-47B6-BE78-786D493DA860}.Ad-Hoc|ARM64.Build.0 = Debug|Any CPU
		{950D28D8-FE1F-47B6-BE78-786D493DA860}.Ad-Hoc|iPhone.ActiveCfg = Debug|Any CPU
		{950D28D8-FE1F-47B6-BE78-786D493DA860}.Ad-Hoc|iPhone.Build.0 = Debug|Any CPU
		{950D28D8-FE1F-47B6-BE78-786D493DA860}.Ad-Hoc|iPhoneSimulator.ActiveCfg = Debug|Any CPU
		{950D28D8-FE1F-47B6-BE78-786D493DA860}.Ad-Hoc|iPhoneSimulator.Build.0 = Debug|Any CPU
		{950D28D8-FE1F-47B6-BE78-786D493DA860}.Ad-Hoc|x64.ActiveCfg = Release|x64
		{950D28D8-FE1F-47B6-BE78-786D493DA860}.Ad-Hoc|x64.Build.0 = Release|x64
		{950D28D8-FE1F-47B6-BE78-786D493DA860}.Ad-Hoc|x86.ActiveCfg = Release|x86
		{950D28D8-FE1F-47B6-BE78-786D493DA860}.Ad-Hoc|x86.Build.0 = Release|x86
		{950D28D8-FE1F-47B6-BE78-786D493DA860}.AppStore|Any CPU.ActiveCfg = Debug|Any CPU
		{950D28D8-FE1F-47B6-BE78-786D493DA860}.AppStore|Any CPU.Build.0 = Debug|Any CPU
		{950D28D8-FE1F-47B6-BE78-786D493DA860}.AppStore|ARM.ActiveCfg = Debug|Any CPU
		{950D28D8-FE1F-47B6-BE78-786D493DA860}.AppStore|ARM.Build.0 = Debug|Any CPU
		{950D28D8-FE1F-47B6-BE78-786D493DA860}.AppStore|ARM64.ActiveCfg = Debug|Any CPU
		{950D28D8-FE1F-47B6-BE78-786D493DA860}.AppStore|ARM64.Build.0 = Debug|Any CPU
		{950D28D8-FE1F-47B6-BE78-786D493DA860}.AppStore|iPhone.ActiveCfg = Debug|Any CPU
		{950D28D8-FE1F-47B6-BE78-786D493DA860}.AppStore|iPhone.Build.0 = Debug|Any CPU
		{950D28D8-FE1F-47B6-BE78-786D493DA860}.AppStore|iPhoneSimulator.ActiveCfg = Debug|Any CPU
		{950D28D8-FE1F-47B6-BE78-786D493DA860}.AppStore|iPhoneSimulator.Build.0 = Debug|Any CPU
		{950D28D8-FE1F-47B6-BE78-786D493DA860}.AppStore|x64.ActiveCfg = Release|x64
		{950D28D8-FE1F-47B6-BE78-786D493DA860}.AppStore|x64.Build.0 = Release|x64
		{950D28D8-FE1F-47B6-BE78-786D493DA860}.AppStore|x86.ActiveCfg = Release|x86
		{950D28D8-FE1F-47B6-BE78-786D493DA860}.AppStore|x86.Build.0 = Release|x86
		{950D28D8-FE1F-47B6-BE78-786D493DA860}.Debug|Any CPU.ActiveCfg = Debug|Any CPU
		{950D28D8-FE1F-47B6-BE78-786D493DA860}.Debug|Any CPU.Build.0 = Debug|Any CPU
		{950D28D8-FE1F-47B6-BE78-786D493DA860}.Debug|ARM.ActiveCfg = Debug|Any CPU
		{950D28D8-FE1F-47B6-BE78-786D493DA860}.Debug|ARM.Build.0 = Debug|Any CPU
		{950D28D8-FE1F-47B6-BE78-786D493DA860}.Debug|ARM64.ActiveCfg = Debug|Any CPU
		{950D28D8-FE1F-47B6-BE78-786D493DA860}.Debug|ARM64.Build.0 = Debug|Any CPU
		{950D28D8-FE1F-47B6-BE78-786D493DA860}.Debug|iPhone.ActiveCfg = Debug|Any CPU
		{950D28D8-FE1F-47B6-BE78-786D493DA860}.Debug|iPhone.Build.0 = Debug|Any CPU
		{950D28D8-FE1F-47B6-BE78-786D493DA860}.Debug|iPhoneSimulator.ActiveCfg = Debug|Any CPU
		{950D28D8-FE1F-47B6-BE78-786D493DA860}.Debug|iPhoneSimulator.Build.0 = Debug|Any CPU
		{950D28D8-FE1F-47B6-BE78-786D493DA860}.Debug|x64.ActiveCfg = Debug|x64
		{950D28D8-FE1F-47B6-BE78-786D493DA860}.Debug|x64.Build.0 = Debug|x64
		{950D28D8-FE1F-47B6-BE78-786D493DA860}.Debug|x86.ActiveCfg = Debug|x86
		{950D28D8-FE1F-47B6-BE78-786D493DA860}.Debug|x86.Build.0 = Debug|x86
		{950D28D8-FE1F-47B6-BE78-786D493DA860}.Release|Any CPU.ActiveCfg = Release|Any CPU
		{950D28D8-FE1F-47B6-BE78-786D493DA860}.Release|Any CPU.Build.0 = Release|Any CPU
		{950D28D8-FE1F-47B6-BE78-786D493DA860}.Release|ARM.ActiveCfg = Release|Any CPU
		{950D28D8-FE1F-47B6-BE78-786D493DA860}.Release|ARM.Build.0 = Release|Any CPU
		{950D28D8-FE1F-47B6-BE78-786D493DA860}.Release|ARM64.ActiveCfg = Release|Any CPU
		{950D28D8-FE1F-47B6-BE78-786D493DA860}.Release|ARM64.Build.0 = Release|Any CPU
		{950D28D8-FE1F-47B6-BE78-786D493DA860}.Release|iPhone.ActiveCfg = Release|Any CPU
		{950D28D8-FE1F-47B6-BE78-786D493DA860}.Release|iPhone.Build.0 = Release|Any CPU
		{950D28D8-FE1F-47B6-BE78-786D493DA860}.Release|iPhoneSimulator.ActiveCfg = Release|Any CPU
		{950D28D8-FE1F-47B6-BE78-786D493DA860}.Release|iPhoneSimulator.Build.0 = Release|Any CPU
		{950D28D8-FE1F-47B6-BE78-786D493DA860}.Release|x64.ActiveCfg = Release|x64
		{950D28D8-FE1F-47B6-BE78-786D493DA860}.Release|x64.Build.0 = Release|x64
		{950D28D8-FE1F-47B6-BE78-786D493DA860}.Release|x86.ActiveCfg = Release|x86
		{950D28D8-FE1F-47B6-BE78-786D493DA860}.Release|x86.Build.0 = Release|x86
	EndGlobalSection
	GlobalSection(SolutionProperties) = preSolution
		HideSolutionNode = FALSE
	EndGlobalSection
	GlobalSection(ExtensibilityGlobals) = postSolution
		SolutionGuid = {C7433AE2-B1A0-4C1A-887E-5CAA7AAF67A6}
	EndGlobalSection
EndGlobal
