Microsoft Visual Studio Solution File, Format Version 12.00
# Visual Studio Version 16
VisualStudioVersion = 16.0.29920.165
MinimumVisualStudioVersion = 15.0.26124.0
Project("{D954291E-2A0B-460D-934E-DC6B0785DB48}") = "ConvertXaml.Shared", "ConvertXaml.Shared\ConvertXaml.Shared.shproj", "{6279C845-92F8-4333-AB99-3D213163593C}"
EndProject
Project("{FAE04EC0-301F-11D3-BF4B-00C04F79EFBC}") = "ConvertXaml.Droid", "ConvertXaml.Droid\ConvertXaml.Droid.csproj", "{9D422CD3-D882-4B40-A5F9-72F294CABCCA}"
EndProject
Project("{FAE04EC0-301F-11D3-BF4B-00C04F79EFBC}") = "ConvertXaml.iOS", "ConvertXaml.iOS\ConvertXaml.iOS.csproj", "{FAD9172D-2BB4-4BA9-9B7A-7D5E11D47B44}"
EndProject
Project("{FAE04EC0-301F-11D3-BF4B-00C04F79EFBC}") = "ConvertXaml.Uwp", "ConvertXaml.UWP\ConvertXaml.Uwp.csproj", "{E366B1F3-4C58-493A-B122-E58ABF92F090}"
EndProject
Project("{9A19103F-16F7-4668-BE54-9A1E7A4F7556}") = "ConvertXaml.Wasm", "ConvertXaml.Wasm\ConvertXaml.Wasm.csproj", "{40EA03F7-8A22-4143-B251-79BAC3EB13D2}"
EndProject
Project("{FAE04EC0-301F-11D3-BF4B-00C04F79EFBC}") = "ConvertXaml.macOS", "ConvertXaml.macOS\ConvertXaml.macOS.csproj", "{934E4E6B-E43D-4DF2-9D61-093594802A99}"
EndProject
Global
	GlobalSection(SharedMSBuildProjectFiles) = preSolution
		ConvertXaml.Shared\ConvertXaml.Shared.projitems*{40ea03f7-8a22-4143-b251-79bac3eb13d2}*SharedItemsImports = 5
		ConvertXaml.Shared\ConvertXaml.Shared.projitems*{6279c845-92f8-4333-ab99-3d213163593c}*SharedItemsImports = 13
		ConvertXaml.Shared\ConvertXaml.Shared.projitems*{934e4e6b-e43d-4df2-9d61-093594802a99}*SharedItemsImports = 4
		ConvertXaml.Shared\ConvertXaml.Shared.projitems*{9d422cd3-d882-4b40-a5f9-72f294cabcca}*SharedItemsImports = 4
		ConvertXaml.Shared\ConvertXaml.Shared.projitems*{e366b1f3-4c58-493a-b122-e58abf92f090}*SharedItemsImports = 4
		ConvertXaml.Shared\ConvertXaml.Shared.projitems*{fad9172d-2bb4-4ba9-9b7a-7d5e11d47b44}*SharedItemsImports = 4
	EndGlobalSection
	GlobalSection(SolutionConfigurationPlatforms) = preSolution
		Debug|Any CPU = Debug|Any CPU
		Debug|ARM = Debug|ARM
		Debug|ARM64 = Debug|ARM64
		Debug|iPhone = Debug|iPhone
		Debug|iPhoneSimulator = Debug|iPhoneSimulator
		Debug|x64 = Debug|x64
		Debug|x86 = Debug|x86
		Release|Any CPU = Release|Any CPU
		Release|ARM = Release|ARM
		Release|ARM64 = Release|ARM64
		Release|iPhone = Release|iPhone
		Release|iPhoneSimulator = Release|iPhoneSimulator
		Release|x64 = Release|x64
		Release|x86 = Release|x86
	EndGlobalSection
	GlobalSection(ProjectConfigurationPlatforms) = postSolution
		{9D422CD3-D882-4B40-A5F9-72F294CABCCA}.Debug|Any CPU.ActiveCfg = Debug|Any CPU
		{9D422CD3-D882-4B40-A5F9-72F294CABCCA}.Debug|Any CPU.Build.0 = Debug|Any CPU
		{9D422CD3-D882-4B40-A5F9-72F294CABCCA}.Debug|Any CPU.Deploy.0 = Debug|Any CPU
		{9D422CD3-D882-4B40-A5F9-72F294CABCCA}.Debug|ARM.ActiveCfg = Debug|Any CPU
		{9D422CD3-D882-4B40-A5F9-72F294CABCCA}.Debug|ARM.Build.0 = Debug|Any CPU
		{9D422CD3-D882-4B40-A5F9-72F294CABCCA}.Debug|ARM.Deploy.0 = Debug|Any CPU
		{9D422CD3-D882-4B40-A5F9-72F294CABCCA}.Debug|ARM64.ActiveCfg = Debug|Any CPU
		{9D422CD3-D882-4B40-A5F9-72F294CABCCA}.Debug|ARM64.Build.0 = Debug|Any CPU
		{9D422CD3-D882-4B40-A5F9-72F294CABCCA}.Debug|ARM64.Deploy.0 = Debug|Any CPU
		{9D422CD3-D882-4B40-A5F9-72F294CABCCA}.Debug|iPhone.ActiveCfg = Debug|Any CPU
		{9D422CD3-D882-4B40-A5F9-72F294CABCCA}.Debug|iPhone.Build.0 = Debug|Any CPU
		{9D422CD3-D882-4B40-A5F9-72F294CABCCA}.Debug|iPhone.Deploy.0 = Debug|Any CPU
		{9D422CD3-D882-4B40-A5F9-72F294CABCCA}.Debug|iPhoneSimulator.ActiveCfg = Debug|Any CPU
		{9D422CD3-D882-4B40-A5F9-72F294CABCCA}.Debug|iPhoneSimulator.Build.0 = Debug|Any CPU
		{9D422CD3-D882-4B40-A5F9-72F294CABCCA}.Debug|iPhoneSimulator.Deploy.0 = Debug|Any CPU
		{9D422CD3-D882-4B40-A5F9-72F294CABCCA}.Debug|x64.ActiveCfg = Debug|Any CPU
		{9D422CD3-D882-4B40-A5F9-72F294CABCCA}.Debug|x64.Build.0 = Debug|Any CPU
		{9D422CD3-D882-4B40-A5F9-72F294CABCCA}.Debug|x64.Deploy.0 = Debug|Any CPU
		{9D422CD3-D882-4B40-A5F9-72F294CABCCA}.Debug|x86.ActiveCfg = Debug|Any CPU
		{9D422CD3-D882-4B40-A5F9-72F294CABCCA}.Debug|x86.Build.0 = Debug|Any CPU
		{9D422CD3-D882-4B40-A5F9-72F294CABCCA}.Debug|x86.Deploy.0 = Debug|Any CPU
		{9D422CD3-D882-4B40-A5F9-72F294CABCCA}.Release|Any CPU.ActiveCfg = Release|Any CPU
		{9D422CD3-D882-4B40-A5F9-72F294CABCCA}.Release|Any CPU.Build.0 = Release|Any CPU
		{9D422CD3-D882-4B40-A5F9-72F294CABCCA}.Release|Any CPU.Deploy.0 = Release|Any CPU
		{9D422CD3-D882-4B40-A5F9-72F294CABCCA}.Release|ARM.ActiveCfg = Release|Any CPU
		{9D422CD3-D882-4B40-A5F9-72F294CABCCA}.Release|ARM.Build.0 = Release|Any CPU
		{9D422CD3-D882-4B40-A5F9-72F294CABCCA}.Release|ARM.Deploy.0 = Release|Any CPU
		{9D422CD3-D882-4B40-A5F9-72F294CABCCA}.Release|ARM64.ActiveCfg = Release|Any CPU
		{9D422CD3-D882-4B40-A5F9-72F294CABCCA}.Release|ARM64.Build.0 = Release|Any CPU
		{9D422CD3-D882-4B40-A5F9-72F294CABCCA}.Release|ARM64.Deploy.0 = Release|Any CPU
		{9D422CD3-D882-4B40-A5F9-72F294CABCCA}.Release|iPhone.ActiveCfg = Release|Any CPU
		{9D422CD3-D882-4B40-A5F9-72F294CABCCA}.Release|iPhone.Build.0 = Release|Any CPU
		{9D422CD3-D882-4B40-A5F9-72F294CABCCA}.Release|iPhone.Deploy.0 = Release|Any CPU
		{9D422CD3-D882-4B40-A5F9-72F294CABCCA}.Release|iPhoneSimulator.ActiveCfg = Release|Any CPU
		{9D422CD3-D882-4B40-A5F9-72F294CABCCA}.Release|iPhoneSimulator.Build.0 = Release|Any CPU
		{9D422CD3-D882-4B40-A5F9-72F294CABCCA}.Release|iPhoneSimulator.Deploy.0 = Release|Any CPU
		{9D422CD3-D882-4B40-A5F9-72F294CABCCA}.Release|x64.ActiveCfg = Release|Any CPU
		{9D422CD3-D882-4B40-A5F9-72F294CABCCA}.Release|x64.Build.0 = Release|Any CPU
		{9D422CD3-D882-4B40-A5F9-72F294CABCCA}.Release|x64.Deploy.0 = Release|Any CPU
		{9D422CD3-D882-4B40-A5F9-72F294CABCCA}.Release|x86.ActiveCfg = Release|Any CPU
		{9D422CD3-D882-4B40-A5F9-72F294CABCCA}.Release|x86.Build.0 = Release|Any CPU
		{9D422CD3-D882-4B40-A5F9-72F294CABCCA}.Release|x86.Deploy.0 = Release|Any CPU
		{FAD9172D-2BB4-4BA9-9B7A-7D5E11D47B44}.Debug|Any CPU.ActiveCfg = Debug|iPhone
		{FAD9172D-2BB4-4BA9-9B7A-7D5E11D47B44}.Debug|Any CPU.Build.0 = Debug|iPhone
		{FAD9172D-2BB4-4BA9-9B7A-7D5E11D47B44}.Debug|Any CPU.Deploy.0 = Debug|iPhone
		{FAD9172D-2BB4-4BA9-9B7A-7D5E11D47B44}.Debug|ARM.ActiveCfg = Debug|iPhone
		{FAD9172D-2BB4-4BA9-9B7A-7D5E11D47B44}.Debug|ARM64.ActiveCfg = Debug|iPhone
		{FAD9172D-2BB4-4BA9-9B7A-7D5E11D47B44}.Debug|iPhone.ActiveCfg = Debug|iPhone
		{FAD9172D-2BB4-4BA9-9B7A-7D5E11D47B44}.Debug|iPhone.Build.0 = Debug|iPhone
		{FAD9172D-2BB4-4BA9-9B7A-7D5E11D47B44}.Debug|iPhoneSimulator.ActiveCfg = Debug|iPhoneSimulator
		{FAD9172D-2BB4-4BA9-9B7A-7D5E11D47B44}.Debug|iPhoneSimulator.Build.0 = Debug|iPhoneSimulator
		{FAD9172D-2BB4-4BA9-9B7A-7D5E11D47B44}.Debug|x64.ActiveCfg = Debug|iPhone
		{FAD9172D-2BB4-4BA9-9B7A-7D5E11D47B44}.Debug|x64.Build.0 = Debug|iPhone
		{FAD9172D-2BB4-4BA9-9B7A-7D5E11D47B44}.Debug|x64.Deploy.0 = Debug|iPhone
		{FAD9172D-2BB4-4BA9-9B7A-7D5E11D47B44}.Debug|x86.ActiveCfg = Debug|iPhoneSimulator
		{FAD9172D-2BB4-4BA9-9B7A-7D5E11D47B44}.Debug|x86.Build.0 = Debug|iPhoneSimulator
		{FAD9172D-2BB4-4BA9-9B7A-7D5E11D47B44}.Debug|x86.Deploy.0 = Debug|iPhoneSimulator
		{FAD9172D-2BB4-4BA9-9B7A-7D5E11D47B44}.Release|Any CPU.ActiveCfg = Release|iPhone
		{FAD9172D-2BB4-4BA9-9B7A-7D5E11D47B44}.Release|ARM.ActiveCfg = Release|iPhone
		{FAD9172D-2BB4-4BA9-9B7A-7D5E11D47B44}.Release|ARM64.ActiveCfg = Release|iPhone
		{FAD9172D-2BB4-4BA9-9B7A-7D5E11D47B44}.Release|iPhone.ActiveCfg = Release|iPhone
		{FAD9172D-2BB4-4BA9-9B7A-7D5E11D47B44}.Release|iPhone.Build.0 = Release|iPhone
		{FAD9172D-2BB4-4BA9-9B7A-7D5E11D47B44}.Release|iPhoneSimulator.ActiveCfg = Release|iPhoneSimulator
		{FAD9172D-2BB4-4BA9-9B7A-7D5E11D47B44}.Release|iPhoneSimulator.Build.0 = Release|iPhoneSimulator
		{FAD9172D-2BB4-4BA9-9B7A-7D5E11D47B44}.Release|x64.ActiveCfg = Release|iPhoneSimulator
		{FAD9172D-2BB4-4BA9-9B7A-7D5E11D47B44}.Release|x64.Build.0 = Release|iPhoneSimulator
		{FAD9172D-2BB4-4BA9-9B7A-7D5E11D47B44}.Release|x64.Deploy.0 = Release|iPhoneSimulator
		{FAD9172D-2BB4-4BA9-9B7A-7D5E11D47B44}.Release|x86.ActiveCfg = Release|iPhoneSimulator
		{FAD9172D-2BB4-4BA9-9B7A-7D5E11D47B44}.Release|x86.Build.0 = Release|iPhoneSimulator
		{E366B1F3-4C58-493A-B122-E58ABF92F090}.Debug|Any CPU.ActiveCfg = Debug|x86
		{E366B1F3-4C58-493A-B122-E58ABF92F090}.Debug|Any CPU.Build.0 = Debug|x86
		{E366B1F3-4C58-493A-B122-E58ABF92F090}.Debug|Any CPU.Deploy.0 = Debug|x86
		{E366B1F3-4C58-493A-B122-E58ABF92F090}.Debug|ARM.ActiveCfg = Debug|ARM
		{E366B1F3-4C58-493A-B122-E58ABF92F090}.Debug|ARM.Build.0 = Debug|ARM
		{E366B1F3-4C58-493A-B122-E58ABF92F090}.Debug|ARM.Deploy.0 = Debug|ARM
		{E366B1F3-4C58-493A-B122-E58ABF92F090}.Debug|ARM64.ActiveCfg = Debug|ARM64
		{E366B1F3-4C58-493A-B122-E58ABF92F090}.Debug|ARM64.Build.0 = Debug|ARM64
		{E366B1F3-4C58-493A-B122-E58ABF92F090}.Debug|ARM64.Deploy.0 = Debug|ARM64
		{E366B1F3-4C58-493A-B122-E58ABF92F090}.Debug|iPhone.ActiveCfg = Debug|x86
		{E366B1F3-4C58-493A-B122-E58ABF92F090}.Debug|iPhone.Build.0 = Debug|x86
		{E366B1F3-4C58-493A-B122-E58ABF92F090}.Debug|iPhone.Deploy.0 = Debug|x86
		{E366B1F3-4C58-493A-B122-E58ABF92F090}.Debug|iPhoneSimulator.ActiveCfg = Debug|x86
		{E366B1F3-4C58-493A-B122-E58ABF92F090}.Debug|iPhoneSimulator.Build.0 = Debug|x86
		{E366B1F3-4C58-493A-B122-E58ABF92F090}.Debug|iPhoneSimulator.Deploy.0 = Debug|x86
		{E366B1F3-4C58-493A-B122-E58ABF92F090}.Debug|x64.ActiveCfg = Debug|x64
		{E366B1F3-4C58-493A-B122-E58ABF92F090}.Debug|x64.Build.0 = Debug|x64
		{E366B1F3-4C58-493A-B122-E58ABF92F090}.Debug|x64.Deploy.0 = Debug|x64
		{E366B1F3-4C58-493A-B122-E58ABF92F090}.Debug|x86.ActiveCfg = Debug|x86
		{E366B1F3-4C58-493A-B122-E58ABF92F090}.Debug|x86.Build.0 = Debug|x86
		{E366B1F3-4C58-493A-B122-E58ABF92F090}.Debug|x86.Deploy.0 = Debug|x86
		{E366B1F3-4C58-493A-B122-E58ABF92F090}.Release|Any CPU.ActiveCfg = Release|x86
		{E366B1F3-4C58-493A-B122-E58ABF92F090}.Release|ARM.ActiveCfg = Release|ARM
		{E366B1F3-4C58-493A-B122-E58ABF92F090}.Release|ARM.Build.0 = Release|ARM
		{E366B1F3-4C58-493A-B122-E58ABF92F090}.Release|ARM.Deploy.0 = Release|ARM
		{E366B1F3-4C58-493A-B122-E58ABF92F090}.Release|ARM64.ActiveCfg = Release|ARM64
		{E366B1F3-4C58-493A-B122-E58ABF92F090}.Release|ARM64.Build.0 = Release|ARM64
		{E366B1F3-4C58-493A-B122-E58ABF92F090}.Release|ARM64.Deploy.0 = Release|ARM64
		{E366B1F3-4C58-493A-B122-E58ABF92F090}.Release|iPhone.ActiveCfg = Release|x86
		{E366B1F3-4C58-493A-B122-E58ABF92F090}.Release|iPhone.Build.0 = Release|x86
		{E366B1F3-4C58-493A-B122-E58ABF92F090}.Release|iPhoneSimulator.ActiveCfg = Release|x86
		{E366B1F3-4C58-493A-B122-E58ABF92F090}.Release|iPhoneSimulator.Build.0 = Release|x86
		{E366B1F3-4C58-493A-B122-E58ABF92F090}.Release|iPhoneSimulator.Deploy.0 = Release|x86
		{E366B1F3-4C58-493A-B122-E58ABF92F090}.Release|x64.ActiveCfg = Release|x64
		{E366B1F3-4C58-493A-B122-E58ABF92F090}.Release|x64.Build.0 = Release|x64
		{E366B1F3-4C58-493A-B122-E58ABF92F090}.Release|x64.Deploy.0 = Release|x64
		{E366B1F3-4C58-493A-B122-E58ABF92F090}.Release|x86.ActiveCfg = Release|x86
		{E366B1F3-4C58-493A-B122-E58ABF92F090}.Release|x86.Build.0 = Release|x86
		{E366B1F3-4C58-493A-B122-E58ABF92F090}.Release|x86.Deploy.0 = Release|x86
		{40EA03F7-8A22-4143-B251-79BAC3EB13D2}.Debug|Any CPU.ActiveCfg = Debug|Any CPU
		{40EA03F7-8A22-4143-B251-79BAC3EB13D2}.Debug|Any CPU.Build.0 = Debug|Any CPU
		{40EA03F7-8A22-4143-B251-79BAC3EB13D2}.Debug|ARM.ActiveCfg = Debug|Any CPU
		{40EA03F7-8A22-4143-B251-79BAC3EB13D2}.Debug|ARM.Build.0 = Debug|Any CPU
		{40EA03F7-8A22-4143-B251-79BAC3EB13D2}.Debug|ARM64.ActiveCfg = Debug|Any CPU
		{40EA03F7-8A22-4143-B251-79BAC3EB13D2}.Debug|ARM64.Build.0 = Debug|Any CPU
		{40EA03F7-8A22-4143-B251-79BAC3EB13D2}.Debug|iPhone.ActiveCfg = Debug|Any CPU
		{40EA03F7-8A22-4143-B251-79BAC3EB13D2}.Debug|iPhone.Build.0 = Debug|Any CPU
		{40EA03F7-8A22-4143-B251-79BAC3EB13D2}.Debug|iPhoneSimulator.ActiveCfg = Debug|Any CPU
		{40EA03F7-8A22-4143-B251-79BAC3EB13D2}.Debug|iPhoneSimulator.Build.0 = Debug|Any CPU
		{40EA03F7-8A22-4143-B251-79BAC3EB13D2}.Debug|x64.ActiveCfg = Debug|Any CPU
		{40EA03F7-8A22-4143-B251-79BAC3EB13D2}.Debug|x64.Build.0 = Debug|Any CPU
		{40EA03F7-8A22-4143-B251-79BAC3EB13D2}.Debug|x86.ActiveCfg = Debug|Any CPU
		{40EA03F7-8A22-4143-B251-79BAC3EB13D2}.Debug|x86.Build.0 = Debug|Any CPU
		{40EA03F7-8A22-4143-B251-79BAC3EB13D2}.Release|Any CPU.ActiveCfg = Release|Any CPU
		{40EA03F7-8A22-4143-B251-79BAC3EB13D2}.Release|Any CPU.Build.0 = Release|Any CPU
		{40EA03F7-8A22-4143-B251-79BAC3EB13D2}.Release|ARM.ActiveCfg = Release|Any CPU
		{40EA03F7-8A22-4143-B251-79BAC3EB13D2}.Release|ARM.Build.0 = Release|Any CPU
		{40EA03F7-8A22-4143-B251-79BAC3EB13D2}.Release|ARM64.ActiveCfg = Release|Any CPU
		{40EA03F7-8A22-4143-B251-79BAC3EB13D2}.Release|ARM64.Build.0 = Release|Any CPU
		{40EA03F7-8A22-4143-B251-79BAC3EB13D2}.Release|iPhone.ActiveCfg = Release|Any CPU
		{40EA03F7-8A22-4143-B251-79BAC3EB13D2}.Release|iPhone.Build.0 = Release|Any CPU
		{40EA03F7-8A22-4143-B251-79BAC3EB13D2}.Release|iPhoneSimulator.ActiveCfg = Release|Any CPU
		{40EA03F7-8A22-4143-B251-79BAC3EB13D2}.Release|iPhoneSimulator.Build.0 = Release|Any CPU
		{40EA03F7-8A22-4143-B251-79BAC3EB13D2}.Release|x64.ActiveCfg = Release|Any CPU
		{40EA03F7-8A22-4143-B251-79BAC3EB13D2}.Release|x64.Build.0 = Release|Any CPU
		{40EA03F7-8A22-4143-B251-79BAC3EB13D2}.Release|x86.ActiveCfg = Release|Any CPU
		{40EA03F7-8A22-4143-B251-79BAC3EB13D2}.Release|x86.Build.0 = Release|Any CPU
		{934E4E6B-E43D-4DF2-9D61-093594802A99}.Debug|Any CPU.ActiveCfg = Debug|iPhoneSimulator
		{934E4E6B-E43D-4DF2-9D61-093594802A99}.Debug|Any CPU.Build.0 = Debug|iPhoneSimulator
		{934E4E6B-E43D-4DF2-9D61-093594802A99}.Debug|ARM.ActiveCfg = Debug|iPhoneSimulator
		{934E4E6B-E43D-4DF2-9D61-093594802A99}.Debug|ARM64.ActiveCfg = Debug|iPhoneSimulator
		{934E4E6B-E43D-4DF2-9D61-093594802A99}.Debug|iPhone.ActiveCfg = Debug|iPhoneSimulator
		{934E4E6B-E43D-4DF2-9D61-093594802A99}.Debug|iPhone.Build.0 = Debug|iPhoneSimulator
		{934E4E6B-E43D-4DF2-9D61-093594802A99}.Debug|iPhoneSimulator.ActiveCfg = Debug|iPhoneSimulator
		{934E4E6B-E43D-4DF2-9D61-093594802A99}.Debug|iPhoneSimulator.Build.0 = Debug|iPhoneSimulator
		{934E4E6B-E43D-4DF2-9D61-093594802A99}.Debug|x64.ActiveCfg = Debug|iPhoneSimulator
		{934E4E6B-E43D-4DF2-9D61-093594802A99}.Debug|x64.Build.0 = Debug|iPhoneSimulator
		{934E4E6B-E43D-4DF2-9D61-093594802A99}.Debug|x86.ActiveCfg = Debug|iPhoneSimulator
		{934E4E6B-E43D-4DF2-9D61-093594802A99}.Debug|x86.Build.0 = Debug|iPhoneSimulator
		{934E4E6B-E43D-4DF2-9D61-093594802A99}.Release|Any CPU.ActiveCfg = Release|iPhoneSimulator
		{934E4E6B-E43D-4DF2-9D61-093594802A99}.Release|ARM.ActiveCfg = Release|iPhoneSimulator
		{934E4E6B-E43D-4DF2-9D61-093594802A99}.Release|ARM64.ActiveCfg = Release|iPhoneSimulator
		{934E4E6B-E43D-4DF2-9D61-093594802A99}.Release|iPhone.ActiveCfg = Release|iPhoneSimulator
		{934E4E6B-E43D-4DF2-9D61-093594802A99}.Release|iPhone.Build.0 = Release|iPhoneSimulator
		{934E4E6B-E43D-4DF2-9D61-093594802A99}.Release|iPhoneSimulator.ActiveCfg = Release|iPhoneSimulator
		{934E4E6B-E43D-4DF2-9D61-093594802A99}.Release|iPhoneSimulator.Build.0 = Release|iPhoneSimulator
		{934E4E6B-E43D-4DF2-9D61-093594802A99}.Release|x64.ActiveCfg = Release|iPhoneSimulator
		{934E4E6B-E43D-4DF2-9D61-093594802A99}.Release|x64.Build.0 = Release|iPhoneSimulator
		{934E4E6B-E43D-4DF2-9D61-093594802A99}.Release|x86.ActiveCfg = Release|iPhoneSimulator
		{934E4E6B-E43D-4DF2-9D61-093594802A99}.Release|x86.Build.0 = Release|iPhoneSimulator
	EndGlobalSection
	GlobalSection(SolutionProperties) = preSolution
		HideSolutionNode = FALSE
	EndGlobalSection
	GlobalSection(ExtensibilityGlobals) = postSolution
		SolutionGuid = {C7433AE2-B1A0-4C1A-887E-5CAA7AAF67A6}
	EndGlobalSection
EndGlobal
