
Microsoft Visual Studio Solution File, Format Version 12.00
# Visual Studio Version 16
VisualStudioVersion = 16.0.29123.89
MinimumVisualStudioVersion = 10.0.40219.1
Project("{D954291E-2A0B-460D-934E-DC6B0785DB48}") = "EmptyBinding.Shared", "EmptyBinding\EmptyBinding.Shared\EmptyBinding.Shared.shproj", "{6279C845-92F8-4333-AB99-3D213163593C}"
EndProject
Project("{FAE04EC0-301F-11D3-BF4B-00C04F79EFBC}") = "EmptyBinding.Droid", "EmptyBinding\EmptyBinding.Droid\EmptyBinding.Droid.csproj", "{534EDFC1-FE65-4E9F-B954-BD613DA41492}"
EndProject
Project("{FAE04EC0-301F-11D3-BF4B-00C04F79EFBC}") = "EmptyBinding.iOS", "EmptyBinding\EmptyBinding.iOS\EmptyBinding.iOS.csproj", "{4F42839E-B94E-4B58-8017-85098631F2EC}"
EndProject
Project("{FAE04EC0-301F-11D3-BF4B-00C04F79EFBC}") = "EmptyBinding.UWP", "EmptyBinding\EmptyBinding.UWP\EmptyBinding.UWP.csproj", "{24C00FC0-60D9-40CD-AF95-99218727CB3C}"
EndProject
Project("{9A19103F-16F7-4668-BE54-9A1E7A4F7556}") = "EmptyBinding.Wasm", "EmptyBinding\EmptyBinding.Wasm\EmptyBinding.Wasm.csproj", "{11B952CA-2830-41B6-9A1F-717B7CF482BA}"
EndProject
Global
	GlobalSection(SharedMSBuildProjectFiles) = preSolution
		EmptyBinding\EmptyBinding.Shared\EmptyBinding.Shared.projitems*{24c00fc0-60d9-40cd-af95-99218727cb3c}*SharedItemsImports = 4
		EmptyBinding\EmptyBinding.Shared\EmptyBinding.Shared.projitems*{4f42839e-b94e-4b58-8017-85098631f2ec}*SharedItemsImports = 4
		EmptyBinding\EmptyBinding.Shared\EmptyBinding.Shared.projitems*{534edfc1-fe65-4e9f-b954-bd613da41492}*SharedItemsImports = 4
		EmptyBinding\EmptyBinding.Shared\EmptyBinding.Shared.projitems*{6279c845-92f8-4333-ab99-3d213163593c}*SharedItemsImports = 13
	EndGlobalSection
	GlobalSection(SolutionConfigurationPlatforms) = preSolution
		Ad-Hoc|Any CPU = Ad-Hoc|Any CPU
		Ad-Hoc|ARM = Ad-Hoc|ARM
		Ad-Hoc|iPhone = Ad-Hoc|iPhone
		Ad-Hoc|iPhoneSimulator = Ad-Hoc|iPhoneSimulator
		Ad-Hoc|x64 = Ad-Hoc|x64
		Ad-Hoc|x86 = Ad-Hoc|x86
		AppStore|Any CPU = AppStore|Any CPU
		AppStore|ARM = AppStore|ARM
		AppStore|iPhone = AppStore|iPhone
		AppStore|iPhoneSimulator = AppStore|iPhoneSimulator
		AppStore|x64 = AppStore|x64
		AppStore|x86 = AppStore|x86
		Debug|Any CPU = Debug|Any CPU
		Debug|ARM = Debug|ARM
		Debug|iPhone = Debug|iPhone
		Debug|iPhoneSimulator = Debug|iPhoneSimulator
		Debug|x64 = Debug|x64
		Debug|x86 = Debug|x86
		Release|Any CPU = Release|Any CPU
		Release|ARM = Release|ARM
		Release|iPhone = Release|iPhone
		Release|iPhoneSimulator = Release|iPhoneSimulator
		Release|x64 = Release|x64
		Release|x86 = Release|x86
	EndGlobalSection
	GlobalSection(ProjectConfigurationPlatforms) = postSolution
		{534EDFC1-FE65-4E9F-B954-BD613DA41492}.Ad-Hoc|Any CPU.ActiveCfg = Release|Any CPU
		{534EDFC1-FE65-4E9F-B954-BD613DA41492}.Ad-Hoc|Any CPU.Build.0 = Release|Any CPU
		{534EDFC1-FE65-4E9F-B954-BD613DA41492}.Ad-Hoc|Any CPU.Deploy.0 = Release|Any CPU
		{534EDFC1-FE65-4E9F-B954-BD613DA41492}.Ad-Hoc|ARM.ActiveCfg = Release|Any CPU
		{534EDFC1-FE65-4E9F-B954-BD613DA41492}.Ad-Hoc|ARM.Build.0 = Release|Any CPU
		{534EDFC1-FE65-4E9F-B954-BD613DA41492}.Ad-Hoc|ARM.Deploy.0 = Release|Any CPU
		{534EDFC1-FE65-4E9F-B954-BD613DA41492}.Ad-Hoc|iPhone.ActiveCfg = Release|Any CPU
		{534EDFC1-FE65-4E9F-B954-BD613DA41492}.Ad-Hoc|iPhone.Build.0 = Release|Any CPU
		{534EDFC1-FE65-4E9F-B954-BD613DA41492}.Ad-Hoc|iPhone.Deploy.0 = Release|Any CPU
		{534EDFC1-FE65-4E9F-B954-BD613DA41492}.Ad-Hoc|iPhoneSimulator.ActiveCfg = Release|Any CPU
		{534EDFC1-FE65-4E9F-B954-BD613DA41492}.Ad-Hoc|iPhoneSimulator.Build.0 = Release|Any CPU
		{534EDFC1-FE65-4E9F-B954-BD613DA41492}.Ad-Hoc|iPhoneSimulator.Deploy.0 = Release|Any CPU
		{534EDFC1-FE65-4E9F-B954-BD613DA41492}.Ad-Hoc|x64.ActiveCfg = Release|Any CPU
		{534EDFC1-FE65-4E9F-B954-BD613DA41492}.Ad-Hoc|x64.Build.0 = Release|Any CPU
		{534EDFC1-FE65-4E9F-B954-BD613DA41492}.Ad-Hoc|x64.Deploy.0 = Release|Any CPU
		{534EDFC1-FE65-4E9F-B954-BD613DA41492}.Ad-Hoc|x86.ActiveCfg = Release|Any CPU
		{534EDFC1-FE65-4E9F-B954-BD613DA41492}.Ad-Hoc|x86.Build.0 = Release|Any CPU
		{534EDFC1-FE65-4E9F-B954-BD613DA41492}.Ad-Hoc|x86.Deploy.0 = Release|Any CPU
		{534EDFC1-FE65-4E9F-B954-BD613DA41492}.AppStore|Any CPU.ActiveCfg = Release|Any CPU
		{534EDFC1-FE65-4E9F-B954-BD613DA41492}.AppStore|Any CPU.Build.0 = Release|Any CPU
		{534EDFC1-FE65-4E9F-B954-BD613DA41492}.AppStore|Any CPU.Deploy.0 = Release|Any CPU
		{534EDFC1-FE65-4E9F-B954-BD613DA41492}.AppStore|ARM.ActiveCfg = Release|Any CPU
		{534EDFC1-FE65-4E9F-B954-BD613DA41492}.AppStore|ARM.Build.0 = Release|Any CPU
		{534EDFC1-FE65-4E9F-B954-BD613DA41492}.AppStore|ARM.Deploy.0 = Release|Any CPU
		{534EDFC1-FE65-4E9F-B954-BD613DA41492}.AppStore|iPhone.ActiveCfg = Release|Any CPU
		{534EDFC1-FE65-4E9F-B954-BD613DA41492}.AppStore|iPhone.Build.0 = Release|Any CPU
		{534EDFC1-FE65-4E9F-B954-BD613DA41492}.AppStore|iPhone.Deploy.0 = Release|Any CPU
		{534EDFC1-FE65-4E9F-B954-BD613DA41492}.AppStore|iPhoneSimulator.ActiveCfg = Release|Any CPU
		{534EDFC1-FE65-4E9F-B954-BD613DA41492}.AppStore|iPhoneSimulator.Build.0 = Release|Any CPU
		{534EDFC1-FE65-4E9F-B954-BD613DA41492}.AppStore|iPhoneSimulator.Deploy.0 = Release|Any CPU
		{534EDFC1-FE65-4E9F-B954-BD613DA41492}.AppStore|x64.ActiveCfg = Release|Any CPU
		{534EDFC1-FE65-4E9F-B954-BD613DA41492}.AppStore|x64.Build.0 = Release|Any CPU
		{534EDFC1-FE65-4E9F-B954-BD613DA41492}.AppStore|x64.Deploy.0 = Release|Any CPU
		{534EDFC1-FE65-4E9F-B954-BD613DA41492}.AppStore|x86.ActiveCfg = Release|Any CPU
		{534EDFC1-FE65-4E9F-B954-BD613DA41492}.AppStore|x86.Build.0 = Release|Any CPU
		{534EDFC1-FE65-4E9F-B954-BD613DA41492}.AppStore|x86.Deploy.0 = Release|Any CPU
		{534EDFC1-FE65-4E9F-B954-BD613DA41492}.Debug|Any CPU.ActiveCfg = Debug|Any CPU
		{534EDFC1-FE65-4E9F-B954-BD613DA41492}.Debug|Any CPU.Build.0 = Debug|Any CPU
		{534EDFC1-FE65-4E9F-B954-BD613DA41492}.Debug|Any CPU.Deploy.0 = Debug|Any CPU
		{534EDFC1-FE65-4E9F-B954-BD613DA41492}.Debug|ARM.ActiveCfg = Debug|Any CPU
		{534EDFC1-FE65-4E9F-B954-BD613DA41492}.Debug|ARM.Build.0 = Debug|Any CPU
		{534EDFC1-FE65-4E9F-B954-BD613DA41492}.Debug|ARM.Deploy.0 = Debug|Any CPU
		{534EDFC1-FE65-4E9F-B954-BD613DA41492}.Debug|iPhone.ActiveCfg = Debug|Any CPU
		{534EDFC1-FE65-4E9F-B954-BD613DA41492}.Debug|iPhone.Build.0 = Debug|Any CPU
		{534EDFC1-FE65-4E9F-B954-BD613DA41492}.Debug|iPhone.Deploy.0 = Debug|Any CPU
		{534EDFC1-FE65-4E9F-B954-BD613DA41492}.Debug|iPhoneSimulator.ActiveCfg = Debug|Any CPU
		{534EDFC1-FE65-4E9F-B954-BD613DA41492}.Debug|iPhoneSimulator.Build.0 = Debug|Any CPU
		{534EDFC1-FE65-4E9F-B954-BD613DA41492}.Debug|iPhoneSimulator.Deploy.0 = Debug|Any CPU
		{534EDFC1-FE65-4E9F-B954-BD613DA41492}.Debug|x64.ActiveCfg = Debug|Any CPU
		{534EDFC1-FE65-4E9F-B954-BD613DA41492}.Debug|x64.Build.0 = Debug|Any CPU
		{534EDFC1-FE65-4E9F-B954-BD613DA41492}.Debug|x64.Deploy.0 = Debug|Any CPU
		{534EDFC1-FE65-4E9F-B954-BD613DA41492}.Debug|x86.ActiveCfg = Debug|Any CPU
		{534EDFC1-FE65-4E9F-B954-BD613DA41492}.Debug|x86.Build.0 = Debug|Any CPU
		{534EDFC1-FE65-4E9F-B954-BD613DA41492}.Debug|x86.Deploy.0 = Debug|Any CPU
		{534EDFC1-FE65-4E9F-B954-BD613DA41492}.Release|Any CPU.ActiveCfg = Release|Any CPU
		{534EDFC1-FE65-4E9F-B954-BD613DA41492}.Release|Any CPU.Build.0 = Release|Any CPU
		{534EDFC1-FE65-4E9F-B954-BD613DA41492}.Release|Any CPU.Deploy.0 = Release|Any CPU
		{534EDFC1-FE65-4E9F-B954-BD613DA41492}.Release|ARM.ActiveCfg = Release|Any CPU
		{534EDFC1-FE65-4E9F-B954-BD613DA41492}.Release|ARM.Build.0 = Release|Any CPU
		{534EDFC1-FE65-4E9F-B954-BD613DA41492}.Release|ARM.Deploy.0 = Release|Any CPU
		{534EDFC1-FE65-4E9F-B954-BD613DA41492}.Release|iPhone.ActiveCfg = Release|Any CPU
		{534EDFC1-FE65-4E9F-B954-BD613DA41492}.Release|iPhone.Build.0 = Release|Any CPU
		{534EDFC1-FE65-4E9F-B954-BD613DA41492}.Release|iPhone.Deploy.0 = Release|Any CPU
		{534EDFC1-FE65-4E9F-B954-BD613DA41492}.Release|iPhoneSimulator.ActiveCfg = Release|Any CPU
		{534EDFC1-FE65-4E9F-B954-BD613DA41492}.Release|iPhoneSimulator.Build.0 = Release|Any CPU
		{534EDFC1-FE65-4E9F-B954-BD613DA41492}.Release|iPhoneSimulator.Deploy.0 = Release|Any CPU
		{534EDFC1-FE65-4E9F-B954-BD613DA41492}.Release|x64.ActiveCfg = Release|Any CPU
		{534EDFC1-FE65-4E9F-B954-BD613DA41492}.Release|x64.Build.0 = Release|Any CPU
		{534EDFC1-FE65-4E9F-B954-BD613DA41492}.Release|x64.Deploy.0 = Release|Any CPU
		{534EDFC1-FE65-4E9F-B954-BD613DA41492}.Release|x86.ActiveCfg = Release|Any CPU
		{534EDFC1-FE65-4E9F-B954-BD613DA41492}.Release|x86.Build.0 = Release|Any CPU
		{534EDFC1-FE65-4E9F-B954-BD613DA41492}.Release|x86.Deploy.0 = Release|Any CPU
		{4F42839E-B94E-4B58-8017-85098631F2EC}.Ad-Hoc|Any CPU.ActiveCfg = Ad-Hoc|iPhone
		{4F42839E-B94E-4B58-8017-85098631F2EC}.Ad-Hoc|ARM.ActiveCfg = Ad-Hoc|iPhone
		{4F42839E-B94E-4B58-8017-85098631F2EC}.Ad-Hoc|iPhone.ActiveCfg = Ad-Hoc|iPhone
		{4F42839E-B94E-4B58-8017-85098631F2EC}.Ad-Hoc|iPhone.Build.0 = Ad-Hoc|iPhone
		{4F42839E-B94E-4B58-8017-85098631F2EC}.Ad-Hoc|iPhoneSimulator.ActiveCfg = Ad-Hoc|iPhoneSimulator
		{4F42839E-B94E-4B58-8017-85098631F2EC}.Ad-Hoc|iPhoneSimulator.Build.0 = Ad-Hoc|iPhoneSimulator
		{4F42839E-B94E-4B58-8017-85098631F2EC}.Ad-Hoc|x64.ActiveCfg = Ad-Hoc|iPhone
		{4F42839E-B94E-4B58-8017-85098631F2EC}.Ad-Hoc|x86.ActiveCfg = Ad-Hoc|iPhone
		{4F42839E-B94E-4B58-8017-85098631F2EC}.AppStore|Any CPU.ActiveCfg = AppStore|iPhone
		{4F42839E-B94E-4B58-8017-85098631F2EC}.AppStore|ARM.ActiveCfg = AppStore|iPhone
		{4F42839E-B94E-4B58-8017-85098631F2EC}.AppStore|iPhone.ActiveCfg = AppStore|iPhone
		{4F42839E-B94E-4B58-8017-85098631F2EC}.AppStore|iPhone.Build.0 = AppStore|iPhone
		{4F42839E-B94E-4B58-8017-85098631F2EC}.AppStore|iPhoneSimulator.ActiveCfg = AppStore|iPhoneSimulator
		{4F42839E-B94E-4B58-8017-85098631F2EC}.AppStore|iPhoneSimulator.Build.0 = AppStore|iPhoneSimulator
		{4F42839E-B94E-4B58-8017-85098631F2EC}.AppStore|x64.ActiveCfg = AppStore|iPhone
		{4F42839E-B94E-4B58-8017-85098631F2EC}.AppStore|x86.ActiveCfg = AppStore|iPhone
		{4F42839E-B94E-4B58-8017-85098631F2EC}.Debug|Any CPU.ActiveCfg = Debug|iPhone
		{4F42839E-B94E-4B58-8017-85098631F2EC}.Debug|ARM.ActiveCfg = Debug|iPhone
		{4F42839E-B94E-4B58-8017-85098631F2EC}.Debug|iPhone.ActiveCfg = Debug|iPhone
		{4F42839E-B94E-4B58-8017-85098631F2EC}.Debug|iPhone.Build.0 = Debug|iPhone
		{4F42839E-B94E-4B58-8017-85098631F2EC}.Debug|iPhoneSimulator.ActiveCfg = Debug|iPhoneSimulator
		{4F42839E-B94E-4B58-8017-85098631F2EC}.Debug|iPhoneSimulator.Build.0 = Debug|iPhoneSimulator
		{4F42839E-B94E-4B58-8017-85098631F2EC}.Debug|x64.ActiveCfg = Debug|iPhone
		{4F42839E-B94E-4B58-8017-85098631F2EC}.Debug|x86.ActiveCfg = Debug|iPhone
		{4F42839E-B94E-4B58-8017-85098631F2EC}.Release|Any CPU.ActiveCfg = Release|iPhone
		{4F42839E-B94E-4B58-8017-85098631F2EC}.Release|ARM.ActiveCfg = Release|iPhone
		{4F42839E-B94E-4B58-8017-85098631F2EC}.Release|iPhone.ActiveCfg = Release|iPhone
		{4F42839E-B94E-4B58-8017-85098631F2EC}.Release|iPhone.Build.0 = Release|iPhone
		{4F42839E-B94E-4B58-8017-85098631F2EC}.Release|iPhoneSimulator.ActiveCfg = Release|iPhoneSimulator
		{4F42839E-B94E-4B58-8017-85098631F2EC}.Release|iPhoneSimulator.Build.0 = Release|iPhoneSimulator
		{4F42839E-B94E-4B58-8017-85098631F2EC}.Release|x64.ActiveCfg = Release|iPhone
		{4F42839E-B94E-4B58-8017-85098631F2EC}.Release|x86.ActiveCfg = Release|iPhone
		{24C00FC0-60D9-40CD-AF95-99218727CB3C}.Ad-Hoc|Any CPU.ActiveCfg = Release|x64
		{24C00FC0-60D9-40CD-AF95-99218727CB3C}.Ad-Hoc|Any CPU.Build.0 = Release|x64
		{24C00FC0-60D9-40CD-AF95-99218727CB3C}.Ad-Hoc|Any CPU.Deploy.0 = Release|x64
		{24C00FC0-60D9-40CD-AF95-99218727CB3C}.Ad-Hoc|ARM.ActiveCfg = Release|ARM
		{24C00FC0-60D9-40CD-AF95-99218727CB3C}.Ad-Hoc|ARM.Build.0 = Release|ARM
		{24C00FC0-60D9-40CD-AF95-99218727CB3C}.Ad-Hoc|ARM.Deploy.0 = Release|ARM
		{24C00FC0-60D9-40CD-AF95-99218727CB3C}.Ad-Hoc|iPhone.ActiveCfg = Release|x64
		{24C00FC0-60D9-40CD-AF95-99218727CB3C}.Ad-Hoc|iPhone.Build.0 = Release|x64
		{24C00FC0-60D9-40CD-AF95-99218727CB3C}.Ad-Hoc|iPhone.Deploy.0 = Release|x64
		{24C00FC0-60D9-40CD-AF95-99218727CB3C}.Ad-Hoc|iPhoneSimulator.ActiveCfg = Release|x64
		{24C00FC0-60D9-40CD-AF95-99218727CB3C}.Ad-Hoc|iPhoneSimulator.Build.0 = Release|x64
		{24C00FC0-60D9-40CD-AF95-99218727CB3C}.Ad-Hoc|iPhoneSimulator.Deploy.0 = Release|x64
		{24C00FC0-60D9-40CD-AF95-99218727CB3C}.Ad-Hoc|x64.ActiveCfg = Release|x64
		{24C00FC0-60D9-40CD-AF95-99218727CB3C}.Ad-Hoc|x64.Build.0 = Release|x64
		{24C00FC0-60D9-40CD-AF95-99218727CB3C}.Ad-Hoc|x64.Deploy.0 = Release|x64
		{24C00FC0-60D9-40CD-AF95-99218727CB3C}.Ad-Hoc|x86.ActiveCfg = Release|x86
		{24C00FC0-60D9-40CD-AF95-99218727CB3C}.Ad-Hoc|x86.Build.0 = Release|x86
		{24C00FC0-60D9-40CD-AF95-99218727CB3C}.Ad-Hoc|x86.Deploy.0 = Release|x86
		{24C00FC0-60D9-40CD-AF95-99218727CB3C}.AppStore|Any CPU.ActiveCfg = Release|x64
		{24C00FC0-60D9-40CD-AF95-99218727CB3C}.AppStore|Any CPU.Build.0 = Release|x64
		{24C00FC0-60D9-40CD-AF95-99218727CB3C}.AppStore|Any CPU.Deploy.0 = Release|x64
		{24C00FC0-60D9-40CD-AF95-99218727CB3C}.AppStore|ARM.ActiveCfg = Release|ARM
		{24C00FC0-60D9-40CD-AF95-99218727CB3C}.AppStore|ARM.Build.0 = Release|ARM
		{24C00FC0-60D9-40CD-AF95-99218727CB3C}.AppStore|ARM.Deploy.0 = Release|ARM
		{24C00FC0-60D9-40CD-AF95-99218727CB3C}.AppStore|iPhone.ActiveCfg = Release|x64
		{24C00FC0-60D9-40CD-AF95-99218727CB3C}.AppStore|iPhone.Build.0 = Release|x64
		{24C00FC0-60D9-40CD-AF95-99218727CB3C}.AppStore|iPhone.Deploy.0 = Release|x64
		{24C00FC0-60D9-40CD-AF95-99218727CB3C}.AppStore|iPhoneSimulator.ActiveCfg = Release|x64
		{24C00FC0-60D9-40CD-AF95-99218727CB3C}.AppStore|iPhoneSimulator.Build.0 = Release|x64
		{24C00FC0-60D9-40CD-AF95-99218727CB3C}.AppStore|iPhoneSimulator.Deploy.0 = Release|x64
		{24C00FC0-60D9-40CD-AF95-99218727CB3C}.AppStore|x64.ActiveCfg = Release|x64
		{24C00FC0-60D9-40CD-AF95-99218727CB3C}.AppStore|x64.Build.0 = Release|x64
		{24C00FC0-60D9-40CD-AF95-99218727CB3C}.AppStore|x64.Deploy.0 = Release|x64
		{24C00FC0-60D9-40CD-AF95-99218727CB3C}.AppStore|x86.ActiveCfg = Release|x86
		{24C00FC0-60D9-40CD-AF95-99218727CB3C}.AppStore|x86.Build.0 = Release|x86
		{24C00FC0-60D9-40CD-AF95-99218727CB3C}.AppStore|x86.Deploy.0 = Release|x86
		{24C00FC0-60D9-40CD-AF95-99218727CB3C}.Debug|Any CPU.ActiveCfg = Debug|x86
		{24C00FC0-60D9-40CD-AF95-99218727CB3C}.Debug|ARM.ActiveCfg = Debug|ARM
		{24C00FC0-60D9-40CD-AF95-99218727CB3C}.Debug|ARM.Build.0 = Debug|ARM
		{24C00FC0-60D9-40CD-AF95-99218727CB3C}.Debug|ARM.Deploy.0 = Debug|ARM
		{24C00FC0-60D9-40CD-AF95-99218727CB3C}.Debug|iPhone.ActiveCfg = Debug|x86
		{24C00FC0-60D9-40CD-AF95-99218727CB3C}.Debug|iPhoneSimulator.ActiveCfg = Debug|x86
		{24C00FC0-60D9-40CD-AF95-99218727CB3C}.Debug|x64.ActiveCfg = Debug|x64
		{24C00FC0-60D9-40CD-AF95-99218727CB3C}.Debug|x64.Build.0 = Debug|x64
		{24C00FC0-60D9-40CD-AF95-99218727CB3C}.Debug|x64.Deploy.0 = Debug|x64
		{24C00FC0-60D9-40CD-AF95-99218727CB3C}.Debug|x86.ActiveCfg = Debug|x86
		{24C00FC0-60D9-40CD-AF95-99218727CB3C}.Debug|x86.Build.0 = Debug|x86
		{24C00FC0-60D9-40CD-AF95-99218727CB3C}.Debug|x86.Deploy.0 = Debug|x86
		{24C00FC0-60D9-40CD-AF95-99218727CB3C}.Release|Any CPU.ActiveCfg = Release|x86
		{24C00FC0-60D9-40CD-AF95-99218727CB3C}.Release|ARM.ActiveCfg = Release|ARM
		{24C00FC0-60D9-40CD-AF95-99218727CB3C}.Release|ARM.Build.0 = Release|ARM
		{24C00FC0-60D9-40CD-AF95-99218727CB3C}.Release|ARM.Deploy.0 = Release|ARM
		{24C00FC0-60D9-40CD-AF95-99218727CB3C}.Release|iPhone.ActiveCfg = Release|x86
		{24C00FC0-60D9-40CD-AF95-99218727CB3C}.Release|iPhoneSimulator.ActiveCfg = Release|x86
		{24C00FC0-60D9-40CD-AF95-99218727CB3C}.Release|x64.ActiveCfg = Release|x64
		{24C00FC0-60D9-40CD-AF95-99218727CB3C}.Release|x64.Build.0 = Release|x64
		{24C00FC0-60D9-40CD-AF95-99218727CB3C}.Release|x64.Deploy.0 = Release|x64
		{24C00FC0-60D9-40CD-AF95-99218727CB3C}.Release|x86.ActiveCfg = Release|x86
		{24C00FC0-60D9-40CD-AF95-99218727CB3C}.Release|x86.Build.0 = Release|x86
		{24C00FC0-60D9-40CD-AF95-99218727CB3C}.Release|x86.Deploy.0 = Release|x86
		{11B952CA-2830-41B6-9A1F-717B7CF482BA}.Ad-Hoc|Any CPU.ActiveCfg = Debug|Any CPU
		{11B952CA-2830-41B6-9A1F-717B7CF482BA}.Ad-Hoc|Any CPU.Build.0 = Debug|Any CPU
		{11B952CA-2830-41B6-9A1F-717B7CF482BA}.Ad-Hoc|ARM.ActiveCfg = Debug|Any CPU
		{11B952CA-2830-41B6-9A1F-717B7CF482BA}.Ad-Hoc|ARM.Build.0 = Debug|Any CPU
		{11B952CA-2830-41B6-9A1F-717B7CF482BA}.Ad-Hoc|iPhone.ActiveCfg = Debug|Any CPU
		{11B952CA-2830-41B6-9A1F-717B7CF482BA}.Ad-Hoc|iPhone.Build.0 = Debug|Any CPU
		{11B952CA-2830-41B6-9A1F-717B7CF482BA}.Ad-Hoc|iPhoneSimulator.ActiveCfg = Debug|Any CPU
		{11B952CA-2830-41B6-9A1F-717B7CF482BA}.Ad-Hoc|iPhoneSimulator.Build.0 = Debug|Any CPU
		{11B952CA-2830-41B6-9A1F-717B7CF482BA}.Ad-Hoc|x64.ActiveCfg = Debug|Any CPU
		{11B952CA-2830-41B6-9A1F-717B7CF482BA}.Ad-Hoc|x64.Build.0 = Debug|Any CPU
		{11B952CA-2830-41B6-9A1F-717B7CF482BA}.Ad-Hoc|x86.ActiveCfg = Debug|Any CPU
		{11B952CA-2830-41B6-9A1F-717B7CF482BA}.Ad-Hoc|x86.Build.0 = Debug|Any CPU
		{11B952CA-2830-41B6-9A1F-717B7CF482BA}.AppStore|Any CPU.ActiveCfg = Debug|Any CPU
		{11B952CA-2830-41B6-9A1F-717B7CF482BA}.AppStore|Any CPU.Build.0 = Debug|Any CPU
		{11B952CA-2830-41B6-9A1F-717B7CF482BA}.AppStore|ARM.ActiveCfg = Debug|Any CPU
		{11B952CA-2830-41B6-9A1F-717B7CF482BA}.AppStore|ARM.Build.0 = Debug|Any CPU
		{11B952CA-2830-41B6-9A1F-717B7CF482BA}.AppStore|iPhone.ActiveCfg = Debug|Any CPU
		{11B952CA-2830-41B6-9A1F-717B7CF482BA}.AppStore|iPhone.Build.0 = Debug|Any CPU
		{11B952CA-2830-41B6-9A1F-717B7CF482BA}.AppStore|iPhoneSimulator.ActiveCfg = Debug|Any CPU
		{11B952CA-2830-41B6-9A1F-717B7CF482BA}.AppStore|iPhoneSimulator.Build.0 = Debug|Any CPU
		{11B952CA-2830-41B6-9A1F-717B7CF482BA}.AppStore|x64.ActiveCfg = Debug|Any CPU
		{11B952CA-2830-41B6-9A1F-717B7CF482BA}.AppStore|x64.Build.0 = Debug|Any CPU
		{11B952CA-2830-41B6-9A1F-717B7CF482BA}.AppStore|x86.ActiveCfg = Debug|Any CPU
		{11B952CA-2830-41B6-9A1F-717B7CF482BA}.AppStore|x86.Build.0 = Debug|Any CPU
		{11B952CA-2830-41B6-9A1F-717B7CF482BA}.Debug|Any CPU.ActiveCfg = Debug|Any CPU
		{11B952CA-2830-41B6-9A1F-717B7CF482BA}.Debug|Any CPU.Build.0 = Debug|Any CPU
		{11B952CA-2830-41B6-9A1F-717B7CF482BA}.Debug|ARM.ActiveCfg = Debug|Any CPU
		{11B952CA-2830-41B6-9A1F-717B7CF482BA}.Debug|ARM.Build.0 = Debug|Any CPU
		{11B952CA-2830-41B6-9A1F-717B7CF482BA}.Debug|iPhone.ActiveCfg = Debug|Any CPU
		{11B952CA-2830-41B6-9A1F-717B7CF482BA}.Debug|iPhone.Build.0 = Debug|Any CPU
		{11B952CA-2830-41B6-9A1F-717B7CF482BA}.Debug|iPhoneSimulator.ActiveCfg = Debug|Any CPU
		{11B952CA-2830-41B6-9A1F-717B7CF482BA}.Debug|iPhoneSimulator.Build.0 = Debug|Any CPU
		{11B952CA-2830-41B6-9A1F-717B7CF482BA}.Debug|x64.ActiveCfg = Debug|Any CPU
		{11B952CA-2830-41B6-9A1F-717B7CF482BA}.Debug|x64.Build.0 = Debug|Any CPU
		{11B952CA-2830-41B6-9A1F-717B7CF482BA}.Debug|x86.ActiveCfg = Debug|Any CPU
		{11B952CA-2830-41B6-9A1F-717B7CF482BA}.Debug|x86.Build.0 = Debug|Any CPU
		{11B952CA-2830-41B6-9A1F-717B7CF482BA}.Release|Any CPU.ActiveCfg = Release|Any CPU
		{11B952CA-2830-41B6-9A1F-717B7CF482BA}.Release|Any CPU.Build.0 = Release|Any CPU
		{11B952CA-2830-41B6-9A1F-717B7CF482BA}.Release|ARM.ActiveCfg = Release|Any CPU
		{11B952CA-2830-41B6-9A1F-717B7CF482BA}.Release|ARM.Build.0 = Release|Any CPU
		{11B952CA-2830-41B6-9A1F-717B7CF482BA}.Release|iPhone.ActiveCfg = Release|Any CPU
		{11B952CA-2830-41B6-9A1F-717B7CF482BA}.Release|iPhone.Build.0 = Release|Any CPU
		{11B952CA-2830-41B6-9A1F-717B7CF482BA}.Release|iPhoneSimulator.ActiveCfg = Release|Any CPU
		{11B952CA-2830-41B6-9A1F-717B7CF482BA}.Release|iPhoneSimulator.Build.0 = Release|Any CPU
		{11B952CA-2830-41B6-9A1F-717B7CF482BA}.Release|x64.ActiveCfg = Release|Any CPU
		{11B952CA-2830-41B6-9A1F-717B7CF482BA}.Release|x64.Build.0 = Release|Any CPU
		{11B952CA-2830-41B6-9A1F-717B7CF482BA}.Release|x86.ActiveCfg = Release|Any CPU
		{11B952CA-2830-41B6-9A1F-717B7CF482BA}.Release|x86.Build.0 = Release|Any CPU
	EndGlobalSection
	GlobalSection(SolutionProperties) = preSolution
		HideSolutionNode = FALSE
	EndGlobalSection
	GlobalSection(ExtensibilityGlobals) = postSolution
		SolutionGuid = {E76BE5D1-16E6-4327-9C93-65C25353C798}
	EndGlobalSection
EndGlobal
