
Microsoft Visual Studio Solution File, Format Version 12.00
# Visual Studio Version 16
VisualStudioVersion = 16.0.30428.66
MinimumVisualStudioVersion = 10.0.40219.1
Project("{9A19103F-16F7-4668-BE54-9A1E7A4F7556}") = "ConvertXaml", "ConvertXaml\ConvertXaml.csproj", "{886A33AF-6780-4F92-A0F5-B4E33FCE0329}"
EndProject
Global
	GlobalSection(SolutionConfigurationPlatforms) = preSolution
		Debug|Any CPU = Debug|Any CPU
		Release|Any CPU = Release|Any CPU
	EndGlobalSection
	GlobalSection(ProjectConfigurationPlatforms) = postSolution
		{886A33AF-6780-4F92-A0F5-B4E33FCE0329}.Debug|Any CPU.ActiveCfg = Debug|Any CPU
		{886A33AF-6780-4F92-A0F5-B4E33FCE0329}.Debug|Any CPU.Build.0 = Debug|Any CPU
		{886A33AF-6780-4F92-A0F5-B4E33FCE0329}.Release|Any CPU.ActiveCfg = Release|Any CPU
		{886A33AF-6780-4F92-A0F5-B4E33FCE0329}.Release|Any CPU.Build.0 = Release|Any CPU
	EndGlobalSection
	GlobalSection(SolutionProperties) = preSolution
		HideSolutionNode = FALSE
	EndGlobalSection
	GlobalSection(ExtensibilityGlobals) = postSolution
		SolutionGuid = {1A66573D-B8EB-41B5-8F46-91EA9899B030}
	EndGlobalSection
EndGlobal
