
Microsoft Visual Studio Solution File, Format Version 12.00
# Visual Studio Version 16
VisualStudioVersion = 16.0.30323.103
MinimumVisualStudioVersion = 10.0.40219.1
Project("{D954291E-2A0B-460D-934E-DC6B0785DB48}") = "BindToComboBox.Shared", "BindToComboBox\BindToComboBox.Shared\BindToComboBox.Shared.shproj", "{6279C845-92F8-4333-AB99-3D213163593C}"
EndProject
Project("{FAE04EC0-301F-11D3-BF4B-00C04F79EFBC}") = "BindToComboBox.Droid", "BindToComboBox\BindToComboBox.Droid\BindToComboBox.Droid.csproj", "{47FA6E56-99D3-4347-ABF5-AA12CD1E9E17}"
EndProject
Project("{FAE04EC0-301F-11D3-BF4B-00C04F79EFBC}") = "BindToComboBox.iOS", "BindToComboBox\BindToComboBox.iOS\BindToComboBox.iOS.csproj", "{3123FF9A-78D3-43F1-9DED-6A6240544230}"
EndProject
Project("{FAE04EC0-301F-11D3-BF4B-00C04F79EFBC}") = "BindToComboBox.UWP", "BindToComboBox\BindToComboBox.UWP\BindToComboBox.UWP.csproj", "{5398DAB5-2B98-4EB3-BFBD-C2AE02D813E5}"
EndProject
Project("{FAE04EC0-301F-11D3-BF4B-00C04F79EFBC}") = "BindToComboBox.Wasm", "BindToComboBox\BindToComboBox.Wasm\BindToComboBox.Wasm.csproj", "{5CBB0AF7-4F26-4D7F-9546-C0101DFECA3B}"
EndProject
Project("{FAE04EC0-301F-11D3-BF4B-00C04F79EFBC}") = "BindToComboBox.macOS", "BindToComboBox\BindToComboBox.macOS\BindToComboBox.macOS.csproj", "{AA7FAA4D-D759-4012-B608-3CE591885726}"
EndProject
Global
	GlobalSection(SharedMSBuildProjectFiles) = preSolution
		BindToComboBox\BindToComboBox.Shared\BindToComboBox.Shared.projitems*{3123ff9a-78d3-43f1-9ded-6a6240544230}*SharedItemsImports = 4
		BindToComboBox\BindToComboBox.Shared\BindToComboBox.Shared.projitems*{47fa6e56-99d3-4347-abf5-aa12cd1e9e17}*SharedItemsImports = 4
		BindToComboBox\BindToComboBox.Shared\BindToComboBox.Shared.projitems*{5398dab5-2b98-4eb3-bfbd-c2ae02d813e5}*SharedItemsImports = 4
		BindToComboBox\BindToComboBox.Shared\BindToComboBox.Shared.projitems*{5cbb0af7-4f26-4d7f-9546-c0101dfeca3b}*SharedItemsImports = 5
		BindToComboBox\BindToComboBox.Shared\BindToComboBox.Shared.projitems*{6279c845-92f8-4333-ab99-3d213163593c}*SharedItemsImports = 13
		BindToComboBox\BindToComboBox.Shared\BindToComboBox.Shared.projitems*{aa7faa4d-d759-4012-b608-3ce591885726}*SharedItemsImports = 4
	EndGlobalSection
	GlobalSection(SolutionConfigurationPlatforms) = preSolution
		Ad-Hoc|Any CPU = Ad-Hoc|Any CPU
		Ad-Hoc|ARM = Ad-Hoc|ARM
		Ad-Hoc|ARM64 = Ad-Hoc|ARM64
		Ad-Hoc|iPhone = Ad-Hoc|iPhone
		Ad-Hoc|iPhoneSimulator = Ad-Hoc|iPhoneSimulator
		Ad-Hoc|x64 = Ad-Hoc|x64
		Ad-Hoc|x86 = Ad-Hoc|x86
		AppStore|Any CPU = AppStore|Any CPU
		AppStore|ARM = AppStore|ARM
		AppStore|ARM64 = AppStore|ARM64
		AppStore|iPhone = AppStore|iPhone
		AppStore|iPhoneSimulator = AppStore|iPhoneSimulator
		AppStore|x64 = AppStore|x64
		AppStore|x86 = AppStore|x86
		Debug|Any CPU = Debug|Any CPU
		Debug|ARM = Debug|ARM
		Debug|ARM64 = Debug|ARM64
		Debug|iPhone = Debug|iPhone
		Debug|iPhoneSimulator = Debug|iPhoneSimulator
		Debug|x64 = Debug|x64
		Debug|x86 = Debug|x86
		Release|Any CPU = Release|Any CPU
		Release|ARM = Release|ARM
		Release|ARM64 = Release|ARM64
		Release|iPhone = Release|iPhone
		Release|iPhoneSimulator = Release|iPhoneSimulator
		Release|x64 = Release|x64
		Release|x86 = Release|x86
	EndGlobalSection
	GlobalSection(ProjectConfigurationPlatforms) = postSolution
		{47FA6E56-99D3-4347-ABF5-AA12CD1E9E17}.Ad-Hoc|Any CPU.ActiveCfg = Release|Any CPU
		{47FA6E56-99D3-4347-ABF5-AA12CD1E9E17}.Ad-Hoc|Any CPU.Build.0 = Release|Any CPU
		{47FA6E56-99D3-4347-ABF5-AA12CD1E9E17}.Ad-Hoc|Any CPU.Deploy.0 = Release|Any CPU
		{47FA6E56-99D3-4347-ABF5-AA12CD1E9E17}.Ad-Hoc|ARM.ActiveCfg = Release|Any CPU
		{47FA6E56-99D3-4347-ABF5-AA12CD1E9E17}.Ad-Hoc|ARM.Build.0 = Release|Any CPU
		{47FA6E56-99D3-4347-ABF5-AA12CD1E9E17}.Ad-Hoc|ARM.Deploy.0 = Release|Any CPU
		{47FA6E56-99D3-4347-ABF5-AA12CD1E9E17}.Ad-Hoc|ARM64.ActiveCfg = Release|Any CPU
		{47FA6E56-99D3-4347-ABF5-AA12CD1E9E17}.Ad-Hoc|ARM64.Build.0 = Release|Any CPU
		{47FA6E56-99D3-4347-ABF5-AA12CD1E9E17}.Ad-Hoc|ARM64.Deploy.0 = Release|Any CPU
		{47FA6E56-99D3-4347-ABF5-AA12CD1E9E17}.Ad-Hoc|iPhone.ActiveCfg = Release|Any CPU
		{47FA6E56-99D3-4347-ABF5-AA12CD1E9E17}.Ad-Hoc|iPhone.Build.0 = Release|Any CPU
		{47FA6E56-99D3-4347-ABF5-AA12CD1E9E17}.Ad-Hoc|iPhone.Deploy.0 = Release|Any CPU
		{47FA6E56-99D3-4347-ABF5-AA12CD1E9E17}.Ad-Hoc|iPhoneSimulator.ActiveCfg = Release|Any CPU
		{47FA6E56-99D3-4347-ABF5-AA12CD1E9E17}.Ad-Hoc|iPhoneSimulator.Build.0 = Release|Any CPU
		{47FA6E56-99D3-4347-ABF5-AA12CD1E9E17}.Ad-Hoc|iPhoneSimulator.Deploy.0 = Release|Any CPU
		{47FA6E56-99D3-4347-ABF5-AA12CD1E9E17}.Ad-Hoc|x64.ActiveCfg = Release|Any CPU
		{47FA6E56-99D3-4347-ABF5-AA12CD1E9E17}.Ad-Hoc|x64.Build.0 = Release|Any CPU
		{47FA6E56-99D3-4347-ABF5-AA12CD1E9E17}.Ad-Hoc|x64.Deploy.0 = Release|Any CPU
		{47FA6E56-99D3-4347-ABF5-AA12CD1E9E17}.Ad-Hoc|x86.ActiveCfg = Release|Any CPU
		{47FA6E56-99D3-4347-ABF5-AA12CD1E9E17}.Ad-Hoc|x86.Build.0 = Release|Any CPU
		{47FA6E56-99D3-4347-ABF5-AA12CD1E9E17}.Ad-Hoc|x86.Deploy.0 = Release|Any CPU
		{47FA6E56-99D3-4347-ABF5-AA12CD1E9E17}.AppStore|Any CPU.ActiveCfg = Release|Any CPU
		{47FA6E56-99D3-4347-ABF5-AA12CD1E9E17}.AppStore|Any CPU.Build.0 = Release|Any CPU
		{47FA6E56-99D3-4347-ABF5-AA12CD1E9E17}.AppStore|Any CPU.Deploy.0 = Release|Any CPU
		{47FA6E56-99D3-4347-ABF5-AA12CD1E9E17}.AppStore|ARM.ActiveCfg = Release|Any CPU
		{47FA6E56-99D3-4347-ABF5-AA12CD1E9E17}.AppStore|ARM.Build.0 = Release|Any CPU
		{47FA6E56-99D3-4347-ABF5-AA12CD1E9E17}.AppStore|ARM.Deploy.0 = Release|Any CPU
		{47FA6E56-99D3-4347-ABF5-AA12CD1E9E17}.AppStore|ARM64.ActiveCfg = Release|Any CPU
		{47FA6E56-99D3-4347-ABF5-AA12CD1E9E17}.AppStore|ARM64.Build.0 = Release|Any CPU
		{47FA6E56-99D3-4347-ABF5-AA12CD1E9E17}.AppStore|ARM64.Deploy.0 = Release|Any CPU
		{47FA6E56-99D3-4347-ABF5-AA12CD1E9E17}.AppStore|iPhone.ActiveCfg = Release|Any CPU
		{47FA6E56-99D3-4347-ABF5-AA12CD1E9E17}.AppStore|iPhone.Build.0 = Release|Any CPU
		{47FA6E56-99D3-4347-ABF5-AA12CD1E9E17}.AppStore|iPhone.Deploy.0 = Release|Any CPU
		{47FA6E56-99D3-4347-ABF5-AA12CD1E9E17}.AppStore|iPhoneSimulator.ActiveCfg = Release|Any CPU
		{47FA6E56-99D3-4347-ABF5-AA12CD1E9E17}.AppStore|iPhoneSimulator.Build.0 = Release|Any CPU
		{47FA6E56-99D3-4347-ABF5-AA12CD1E9E17}.AppStore|iPhoneSimulator.Deploy.0 = Release|Any CPU
		{47FA6E56-99D3-4347-ABF5-AA12CD1E9E17}.AppStore|x64.ActiveCfg = Release|Any CPU
		{47FA6E56-99D3-4347-ABF5-AA12CD1E9E17}.AppStore|x64.Build.0 = Release|Any CPU
		{47FA6E56-99D3-4347-ABF5-AA12CD1E9E17}.AppStore|x64.Deploy.0 = Release|Any CPU
		{47FA6E56-99D3-4347-ABF5-AA12CD1E9E17}.AppStore|x86.ActiveCfg = Release|Any CPU
		{47FA6E56-99D3-4347-ABF5-AA12CD1E9E17}.AppStore|x86.Build.0 = Release|Any CPU
		{47FA6E56-99D3-4347-ABF5-AA12CD1E9E17}.AppStore|x86.Deploy.0 = Release|Any CPU
		{47FA6E56-99D3-4347-ABF5-AA12CD1E9E17}.Debug|Any CPU.ActiveCfg = Debug|Any CPU
		{47FA6E56-99D3-4347-ABF5-AA12CD1E9E17}.Debug|Any CPU.Build.0 = Debug|Any CPU
		{47FA6E56-99D3-4347-ABF5-AA12CD1E9E17}.Debug|Any CPU.Deploy.0 = Debug|Any CPU
		{47FA6E56-99D3-4347-ABF5-AA12CD1E9E17}.Debug|ARM.ActiveCfg = Debug|Any CPU
		{47FA6E56-99D3-4347-ABF5-AA12CD1E9E17}.Debug|ARM.Build.0 = Debug|Any CPU
		{47FA6E56-99D3-4347-ABF5-AA12CD1E9E17}.Debug|ARM.Deploy.0 = Debug|Any CPU
		{47FA6E56-99D3-4347-ABF5-AA12CD1E9E17}.Debug|ARM64.ActiveCfg = Debug|Any CPU
		{47FA6E56-99D3-4347-ABF5-AA12CD1E9E17}.Debug|ARM64.Build.0 = Debug|Any CPU
		{47FA6E56-99D3-4347-ABF5-AA12CD1E9E17}.Debug|ARM64.Deploy.0 = Debug|Any CPU
		{47FA6E56-99D3-4347-ABF5-AA12CD1E9E17}.Debug|iPhone.ActiveCfg = Debug|Any CPU
		{47FA6E56-99D3-4347-ABF5-AA12CD1E9E17}.Debug|iPhone.Build.0 = Debug|Any CPU
		{47FA6E56-99D3-4347-ABF5-AA12CD1E9E17}.Debug|iPhone.Deploy.0 = Debug|Any CPU
		{47FA6E56-99D3-4347-ABF5-AA12CD1E9E17}.Debug|iPhoneSimulator.ActiveCfg = Debug|Any CPU
		{47FA6E56-99D3-4347-ABF5-AA12CD1E9E17}.Debug|iPhoneSimulator.Build.0 = Debug|Any CPU
		{47FA6E56-99D3-4347-ABF5-AA12CD1E9E17}.Debug|iPhoneSimulator.Deploy.0 = Debug|Any CPU
		{47FA6E56-99D3-4347-ABF5-AA12CD1E9E17}.Debug|x64.ActiveCfg = Debug|Any CPU
		{47FA6E56-99D3-4347-ABF5-AA12CD1E9E17}.Debug|x64.Build.0 = Debug|Any CPU
		{47FA6E56-99D3-4347-ABF5-AA12CD1E9E17}.Debug|x64.Deploy.0 = Debug|Any CPU
		{47FA6E56-99D3-4347-ABF5-AA12CD1E9E17}.Debug|x86.ActiveCfg = Debug|Any CPU
		{47FA6E56-99D3-4347-ABF5-AA12CD1E9E17}.Debug|x86.Build.0 = Debug|Any CPU
		{47FA6E56-99D3-4347-ABF5-AA12CD1E9E17}.Debug|x86.Deploy.0 = Debug|Any CPU
		{47FA6E56-99D3-4347-ABF5-AA12CD1E9E17}.Release|Any CPU.ActiveCfg = Release|Any CPU
		{47FA6E56-99D3-4347-ABF5-AA12CD1E9E17}.Release|Any CPU.Build.0 = Release|Any CPU
		{47FA6E56-99D3-4347-ABF5-AA12CD1E9E17}.Release|Any CPU.Deploy.0 = Release|Any CPU
		{47FA6E56-99D3-4347-ABF5-AA12CD1E9E17}.Release|ARM.ActiveCfg = Release|Any CPU
		{47FA6E56-99D3-4347-ABF5-AA12CD1E9E17}.Release|ARM.Build.0 = Release|Any CPU
		{47FA6E56-99D3-4347-ABF5-AA12CD1E9E17}.Release|ARM.Deploy.0 = Release|Any CPU
		{47FA6E56-99D3-4347-ABF5-AA12CD1E9E17}.Release|ARM64.ActiveCfg = Release|Any CPU
		{47FA6E56-99D3-4347-ABF5-AA12CD1E9E17}.Release|ARM64.Build.0 = Release|Any CPU
		{47FA6E56-99D3-4347-ABF5-AA12CD1E9E17}.Release|ARM64.Deploy.0 = Release|Any CPU
		{47FA6E56-99D3-4347-ABF5-AA12CD1E9E17}.Release|iPhone.ActiveCfg = Release|Any CPU
		{47FA6E56-99D3-4347-ABF5-AA12CD1E9E17}.Release|iPhone.Build.0 = Release|Any CPU
		{47FA6E56-99D3-4347-ABF5-AA12CD1E9E17}.Release|iPhone.Deploy.0 = Release|Any CPU
		{47FA6E56-99D3-4347-ABF5-AA12CD1E9E17}.Release|iPhoneSimulator.ActiveCfg = Release|Any CPU
		{47FA6E56-99D3-4347-ABF5-AA12CD1E9E17}.Release|iPhoneSimulator.Build.0 = Release|Any CPU
		{47FA6E56-99D3-4347-ABF5-AA12CD1E9E17}.Release|iPhoneSimulator.Deploy.0 = Release|Any CPU
		{47FA6E56-99D3-4347-ABF5-AA12CD1E9E17}.Release|x64.ActiveCfg = Release|Any CPU
		{47FA6E56-99D3-4347-ABF5-AA12CD1E9E17}.Release|x64.Build.0 = Release|Any CPU
		{47FA6E56-99D3-4347-ABF5-AA12CD1E9E17}.Release|x64.Deploy.0 = Release|Any CPU
		{47FA6E56-99D3-4347-ABF5-AA12CD1E9E17}.Release|x86.ActiveCfg = Release|Any CPU
		{47FA6E56-99D3-4347-ABF5-AA12CD1E9E17}.Release|x86.Build.0 = Release|Any CPU
		{47FA6E56-99D3-4347-ABF5-AA12CD1E9E17}.Release|x86.Deploy.0 = Release|Any CPU
		{3123FF9A-78D3-43F1-9DED-6A6240544230}.Ad-Hoc|Any CPU.ActiveCfg = Ad-Hoc|iPhone
		{3123FF9A-78D3-43F1-9DED-6A6240544230}.Ad-Hoc|ARM.ActiveCfg = Ad-Hoc|iPhone
		{3123FF9A-78D3-43F1-9DED-6A6240544230}.Ad-Hoc|ARM64.ActiveCfg = Ad-Hoc|iPhone
		{3123FF9A-78D3-43F1-9DED-6A6240544230}.Ad-Hoc|iPhone.ActiveCfg = Ad-Hoc|iPhone
		{3123FF9A-78D3-43F1-9DED-6A6240544230}.Ad-Hoc|iPhone.Build.0 = Ad-Hoc|iPhone
		{3123FF9A-78D3-43F1-9DED-6A6240544230}.Ad-Hoc|iPhoneSimulator.ActiveCfg = Ad-Hoc|iPhoneSimulator
		{3123FF9A-78D3-43F1-9DED-6A6240544230}.Ad-Hoc|iPhoneSimulator.Build.0 = Ad-Hoc|iPhoneSimulator
		{3123FF9A-78D3-43F1-9DED-6A6240544230}.Ad-Hoc|x64.ActiveCfg = Ad-Hoc|iPhone
		{3123FF9A-78D3-43F1-9DED-6A6240544230}.Ad-Hoc|x86.ActiveCfg = Ad-Hoc|iPhone
		{3123FF9A-78D3-43F1-9DED-6A6240544230}.AppStore|Any CPU.ActiveCfg = AppStore|iPhone
		{3123FF9A-78D3-43F1-9DED-6A6240544230}.AppStore|ARM.ActiveCfg = AppStore|iPhone
		{3123FF9A-78D3-43F1-9DED-6A6240544230}.AppStore|ARM64.ActiveCfg = AppStore|iPhone
		{3123FF9A-78D3-43F1-9DED-6A6240544230}.AppStore|iPhone.ActiveCfg = AppStore|iPhone
		{3123FF9A-78D3-43F1-9DED-6A6240544230}.AppStore|iPhone.Build.0 = AppStore|iPhone
		{3123FF9A-78D3-43F1-9DED-6A6240544230}.AppStore|iPhoneSimulator.ActiveCfg = AppStore|iPhoneSimulator
		{3123FF9A-78D3-43F1-9DED-6A6240544230}.AppStore|iPhoneSimulator.Build.0 = AppStore|iPhoneSimulator
		{3123FF9A-78D3-43F1-9DED-6A6240544230}.AppStore|x64.ActiveCfg = AppStore|iPhone
		{3123FF9A-78D3-43F1-9DED-6A6240544230}.AppStore|x86.ActiveCfg = AppStore|iPhone
		{3123FF9A-78D3-43F1-9DED-6A6240544230}.Debug|Any CPU.ActiveCfg = Debug|iPhone
		{3123FF9A-78D3-43F1-9DED-6A6240544230}.Debug|ARM.ActiveCfg = Debug|iPhone
		{3123FF9A-78D3-43F1-9DED-6A6240544230}.Debug|ARM64.ActiveCfg = Debug|iPhone
		{3123FF9A-78D3-43F1-9DED-6A6240544230}.Debug|iPhone.ActiveCfg = Debug|iPhone
		{3123FF9A-78D3-43F1-9DED-6A6240544230}.Debug|iPhone.Build.0 = Debug|iPhone
		{3123FF9A-78D3-43F1-9DED-6A6240544230}.Debug|iPhoneSimulator.ActiveCfg = Debug|iPhoneSimulator
		{3123FF9A-78D3-43F1-9DED-6A6240544230}.Debug|iPhoneSimulator.Build.0 = Debug|iPhoneSimulator
		{3123FF9A-78D3-43F1-9DED-6A6240544230}.Debug|x64.ActiveCfg = Debug|iPhone
		{3123FF9A-78D3-43F1-9DED-6A6240544230}.Debug|x86.ActiveCfg = Debug|iPhone
		{3123FF9A-78D3-43F1-9DED-6A6240544230}.Release|Any CPU.ActiveCfg = Release|iPhone
		{3123FF9A-78D3-43F1-9DED-6A6240544230}.Release|ARM.ActiveCfg = Release|iPhone
		{3123FF9A-78D3-43F1-9DED-6A6240544230}.Release|ARM64.ActiveCfg = Release|iPhone
		{3123FF9A-78D3-43F1-9DED-6A6240544230}.Release|iPhone.ActiveCfg = Release|iPhone
		{3123FF9A-78D3-43F1-9DED-6A6240544230}.Release|iPhone.Build.0 = Release|iPhone
		{3123FF9A-78D3-43F1-9DED-6A6240544230}.Release|iPhoneSimulator.ActiveCfg = Release|iPhoneSimulator
		{3123FF9A-78D3-43F1-9DED-6A6240544230}.Release|iPhoneSimulator.Build.0 = Release|iPhoneSimulator
		{3123FF9A-78D3-43F1-9DED-6A6240544230}.Release|x64.ActiveCfg = Release|iPhone
		{3123FF9A-78D3-43F1-9DED-6A6240544230}.Release|x86.ActiveCfg = Release|iPhone
		{5398DAB5-2B98-4EB3-BFBD-C2AE02D813E5}.Ad-Hoc|Any CPU.ActiveCfg = Release|x64
		{5398DAB5-2B98-4EB3-BFBD-C2AE02D813E5}.Ad-Hoc|Any CPU.Build.0 = Release|x64
		{5398DAB5-2B98-4EB3-BFBD-C2AE02D813E5}.Ad-Hoc|Any CPU.Deploy.0 = Release|x64
		{5398DAB5-2B98-4EB3-BFBD-C2AE02D813E5}.Ad-Hoc|ARM.ActiveCfg = Release|ARM
		{5398DAB5-2B98-4EB3-BFBD-C2AE02D813E5}.Ad-Hoc|ARM.Build.0 = Release|ARM
		{5398DAB5-2B98-4EB3-BFBD-C2AE02D813E5}.Ad-Hoc|ARM.Deploy.0 = Release|ARM
		{5398DAB5-2B98-4EB3-BFBD-C2AE02D813E5}.Ad-Hoc|ARM64.ActiveCfg = Release|ARM64
		{5398DAB5-2B98-4EB3-BFBD-C2AE02D813E5}.Ad-Hoc|ARM64.Build.0 = Release|ARM64
		{5398DAB5-2B98-4EB3-BFBD-C2AE02D813E5}.Ad-Hoc|ARM64.Deploy.0 = Release|ARM64
		{5398DAB5-2B98-4EB3-BFBD-C2AE02D813E5}.Ad-Hoc|iPhone.ActiveCfg = Release|x64
		{5398DAB5-2B98-4EB3-BFBD-C2AE02D813E5}.Ad-Hoc|iPhone.Build.0 = Release|x64
		{5398DAB5-2B98-4EB3-BFBD-C2AE02D813E5}.Ad-Hoc|iPhone.Deploy.0 = Release|x64
		{5398DAB5-2B98-4EB3-BFBD-C2AE02D813E5}.Ad-Hoc|iPhoneSimulator.ActiveCfg = Release|x64
		{5398DAB5-2B98-4EB3-BFBD-C2AE02D813E5}.Ad-Hoc|iPhoneSimulator.Build.0 = Release|x64
		{5398DAB5-2B98-4EB3-BFBD-C2AE02D813E5}.Ad-Hoc|iPhoneSimulator.Deploy.0 = Release|x64
		{5398DAB5-2B98-4EB3-BFBD-C2AE02D813E5}.Ad-Hoc|x64.ActiveCfg = Release|x64
		{5398DAB5-2B98-4EB3-BFBD-C2AE02D813E5}.Ad-Hoc|x64.Build.0 = Release|x64
		{5398DAB5-2B98-4EB3-BFBD-C2AE02D813E5}.Ad-Hoc|x64.Deploy.0 = Release|x64
		{5398DAB5-2B98-4EB3-BFBD-C2AE02D813E5}.Ad-Hoc|x86.ActiveCfg = Release|x86
		{5398DAB5-2B98-4EB3-BFBD-C2AE02D813E5}.Ad-Hoc|x86.Build.0 = Release|x86
		{5398DAB5-2B98-4EB3-BFBD-C2AE02D813E5}.Ad-Hoc|x86.Deploy.0 = Release|x86
		{5398DAB5-2B98-4EB3-BFBD-C2AE02D813E5}.AppStore|Any CPU.ActiveCfg = Release|x64
		{5398DAB5-2B98-4EB3-BFBD-C2AE02D813E5}.AppStore|Any CPU.Build.0 = Release|x64
		{5398DAB5-2B98-4EB3-BFBD-C2AE02D813E5}.AppStore|Any CPU.Deploy.0 = Release|x64
		{5398DAB5-2B98-4EB3-BFBD-C2AE02D813E5}.AppStore|ARM.ActiveCfg = Release|ARM
		{5398DAB5-2B98-4EB3-BFBD-C2AE02D813E5}.AppStore|ARM.Build.0 = Release|ARM
		{5398DAB5-2B98-4EB3-BFBD-C2AE02D813E5}.AppStore|ARM.Deploy.0 = Release|ARM
		{5398DAB5-2B98-4EB3-BFBD-C2AE02D813E5}.AppStore|ARM64.ActiveCfg = Release|ARM64
		{5398DAB5-2B98-4EB3-BFBD-C2AE02D813E5}.AppStore|ARM64.Build.0 = Release|ARM64
		{5398DAB5-2B98-4EB3-BFBD-C2AE02D813E5}.AppStore|ARM64.Deploy.0 = Release|ARM64
		{5398DAB5-2B98-4EB3-BFBD-C2AE02D813E5}.AppStore|iPhone.ActiveCfg = Release|x64
		{5398DAB5-2B98-4EB3-BFBD-C2AE02D813E5}.AppStore|iPhone.Build.0 = Release|x64
		{5398DAB5-2B98-4EB3-BFBD-C2AE02D813E5}.AppStore|iPhone.Deploy.0 = Release|x64
		{5398DAB5-2B98-4EB3-BFBD-C2AE02D813E5}.AppStore|iPhoneSimulator.ActiveCfg = Release|x64
		{5398DAB5-2B98-4EB3-BFBD-C2AE02D813E5}.AppStore|iPhoneSimulator.Build.0 = Release|x64
		{5398DAB5-2B98-4EB3-BFBD-C2AE02D813E5}.AppStore|iPhoneSimulator.Deploy.0 = Release|x64
		{5398DAB5-2B98-4EB3-BFBD-C2AE02D813E5}.AppStore|x64.ActiveCfg = Release|x64
		{5398DAB5-2B98-4EB3-BFBD-C2AE02D813E5}.AppStore|x64.Build.0 = Release|x64
		{5398DAB5-2B98-4EB3-BFBD-C2AE02D813E5}.AppStore|x64.Deploy.0 = Release|x64
		{5398DAB5-2B98-4EB3-BFBD-C2AE02D813E5}.AppStore|x86.ActiveCfg = Release|x86
		{5398DAB5-2B98-4EB3-BFBD-C2AE02D813E5}.AppStore|x86.Build.0 = Release|x86
		{5398DAB5-2B98-4EB3-BFBD-C2AE02D813E5}.AppStore|x86.Deploy.0 = Release|x86
		{5398DAB5-2B98-4EB3-BFBD-C2AE02D813E5}.Debug|Any CPU.ActiveCfg = Debug|x86
		{5398DAB5-2B98-4EB3-BFBD-C2AE02D813E5}.Debug|ARM.ActiveCfg = Debug|ARM
		{5398DAB5-2B98-4EB3-BFBD-C2AE02D813E5}.Debug|ARM.Build.0 = Debug|ARM
		{5398DAB5-2B98-4EB3-BFBD-C2AE02D813E5}.Debug|ARM.Deploy.0 = Debug|ARM
		{5398DAB5-2B98-4EB3-BFBD-C2AE02D813E5}.Debug|ARM64.ActiveCfg = Debug|ARM64
		{5398DAB5-2B98-4EB3-BFBD-C2AE02D813E5}.Debug|ARM64.Build.0 = Debug|ARM64
		{5398DAB5-2B98-4EB3-BFBD-C2AE02D813E5}.Debug|ARM64.Deploy.0 = Debug|ARM64
		{5398DAB5-2B98-4EB3-BFBD-C2AE02D813E5}.Debug|iPhone.ActiveCfg = Debug|x86
		{5398DAB5-2B98-4EB3-BFBD-C2AE02D813E5}.Debug|iPhoneSimulator.ActiveCfg = Debug|x86
		{5398DAB5-2B98-4EB3-BFBD-C2AE02D813E5}.Debug|x64.ActiveCfg = Debug|x64
		{5398DAB5-2B98-4EB3-BFBD-C2AE02D813E5}.Debug|x64.Build.0 = Debug|x64
		{5398DAB5-2B98-4EB3-BFBD-C2AE02D813E5}.Debug|x64.Deploy.0 = Debug|x64
		{5398DAB5-2B98-4EB3-BFBD-C2AE02D813E5}.Debug|x86.ActiveCfg = Debug|x86
		{5398DAB5-2B98-4EB3-BFBD-C2AE02D813E5}.Debug|x86.Build.0 = Debug|x86
		{5398DAB5-2B98-4EB3-BFBD-C2AE02D813E5}.Debug|x86.Deploy.0 = Debug|x86
		{5398DAB5-2B98-4EB3-BFBD-C2AE02D813E5}.Release|Any CPU.ActiveCfg = Release|x86
		{5398DAB5-2B98-4EB3-BFBD-C2AE02D813E5}.Release|ARM.ActiveCfg = Release|ARM
		{5398DAB5-2B98-4EB3-BFBD-C2AE02D813E5}.Release|ARM.Build.0 = Release|ARM
		{5398DAB5-2B98-4EB3-BFBD-C2AE02D813E5}.Release|ARM.Deploy.0 = Release|ARM
		{5398DAB5-2B98-4EB3-BFBD-C2AE02D813E5}.Release|ARM64.ActiveCfg = Release|ARM64
		{5398DAB5-2B98-4EB3-BFBD-C2AE02D813E5}.Release|ARM64.Build.0 = Release|ARM64
		{5398DAB5-2B98-4EB3-BFBD-C2AE02D813E5}.Release|ARM64.Deploy.0 = Release|ARM64
		{5398DAB5-2B98-4EB3-BFBD-C2AE02D813E5}.Release|iPhone.ActiveCfg = Release|x86
		{5398DAB5-2B98-4EB3-BFBD-C2AE02D813E5}.Release|iPhoneSimulator.ActiveCfg = Release|x86
		{5398DAB5-2B98-4EB3-BFBD-C2AE02D813E5}.Release|x64.ActiveCfg = Release|x64
		{5398DAB5-2B98-4EB3-BFBD-C2AE02D813E5}.Release|x64.Build.0 = Release|x64
		{5398DAB5-2B98-4EB3-BFBD-C2AE02D813E5}.Release|x64.Deploy.0 = Release|x64
		{5398DAB5-2B98-4EB3-BFBD-C2AE02D813E5}.Release|x86.ActiveCfg = Release|x86
		{5398DAB5-2B98-4EB3-BFBD-C2AE02D813E5}.Release|x86.Build.0 = Release|x86
		{5398DAB5-2B98-4EB3-BFBD-C2AE02D813E5}.Release|x86.Deploy.0 = Release|x86
		{5CBB0AF7-4F26-4D7F-9546-C0101DFECA3B}.Ad-Hoc|Any CPU.ActiveCfg = Debug|Any CPU
		{5CBB0AF7-4F26-4D7F-9546-C0101DFECA3B}.Ad-Hoc|Any CPU.Build.0 = Debug|Any CPU
		{5CBB0AF7-4F26-4D7F-9546-C0101DFECA3B}.Ad-Hoc|ARM.ActiveCfg = Debug|Any CPU
		{5CBB0AF7-4F26-4D7F-9546-C0101DFECA3B}.Ad-Hoc|ARM.Build.0 = Debug|Any CPU
		{5CBB0AF7-4F26-4D7F-9546-C0101DFECA3B}.Ad-Hoc|ARM64.ActiveCfg = Debug|Any CPU
		{5CBB0AF7-4F26-4D7F-9546-C0101DFECA3B}.Ad-Hoc|ARM64.Build.0 = Debug|Any CPU
		{5CBB0AF7-4F26-4D7F-9546-C0101DFECA3B}.Ad-Hoc|iPhone.ActiveCfg = Debug|Any CPU
		{5CBB0AF7-4F26-4D7F-9546-C0101DFECA3B}.Ad-Hoc|iPhone.Build.0 = Debug|Any CPU
		{5CBB0AF7-4F26-4D7F-9546-C0101DFECA3B}.Ad-Hoc|iPhoneSimulator.ActiveCfg = Debug|Any CPU
		{5CBB0AF7-4F26-4D7F-9546-C0101DFECA3B}.Ad-Hoc|iPhoneSimulator.Build.0 = Debug|Any CPU
		{5CBB0AF7-4F26-4D7F-9546-C0101DFECA3B}.Ad-Hoc|x64.ActiveCfg = Debug|Any CPU
		{5CBB0AF7-4F26-4D7F-9546-C0101DFECA3B}.Ad-Hoc|x64.Build.0 = Debug|Any CPU
		{5CBB0AF7-4F26-4D7F-9546-C0101DFECA3B}.Ad-Hoc|x86.ActiveCfg = Debug|Any CPU
		{5CBB0AF7-4F26-4D7F-9546-C0101DFECA3B}.Ad-Hoc|x86.Build.0 = Debug|Any CPU
		{5CBB0AF7-4F26-4D7F-9546-C0101DFECA3B}.AppStore|Any CPU.ActiveCfg = Debug|Any CPU
		{5CBB0AF7-4F26-4D7F-9546-C0101DFECA3B}.AppStore|Any CPU.Build.0 = Debug|Any CPU
		{5CBB0AF7-4F26-4D7F-9546-C0101DFECA3B}.AppStore|ARM.ActiveCfg = Debug|Any CPU
		{5CBB0AF7-4F26-4D7F-9546-C0101DFECA3B}.AppStore|ARM.Build.0 = Debug|Any CPU
		{5CBB0AF7-4F26-4D7F-9546-C0101DFECA3B}.AppStore|ARM64.ActiveCfg = Debug|Any CPU
		{5CBB0AF7-4F26-4D7F-9546-C0101DFECA3B}.AppStore|ARM64.Build.0 = Debug|Any CPU
		{5CBB0AF7-4F26-4D7F-9546-C0101DFECA3B}.AppStore|iPhone.ActiveCfg = Debug|Any CPU
		{5CBB0AF7-4F26-4D7F-9546-C0101DFECA3B}.AppStore|iPhone.Build.0 = Debug|Any CPU
		{5CBB0AF7-4F26-4D7F-9546-C0101DFECA3B}.AppStore|iPhoneSimulator.ActiveCfg = Debug|Any CPU
		{5CBB0AF7-4F26-4D7F-9546-C0101DFECA3B}.AppStore|iPhoneSimulator.Build.0 = Debug|Any CPU
		{5CBB0AF7-4F26-4D7F-9546-C0101DFECA3B}.AppStore|x64.ActiveCfg = Debug|Any CPU
		{5CBB0AF7-4F26-4D7F-9546-C0101DFECA3B}.AppStore|x64.Build.0 = Debug|Any CPU
		{5CBB0AF7-4F26-4D7F-9546-C0101DFECA3B}.AppStore|x86.ActiveCfg = Debug|Any CPU
		{5CBB0AF7-4F26-4D7F-9546-C0101DFECA3B}.AppStore|x86.Build.0 = Debug|Any CPU
		{5CBB0AF7-4F26-4D7F-9546-C0101DFECA3B}.Debug|Any CPU.ActiveCfg = Debug|Any CPU
		{5CBB0AF7-4F26-4D7F-9546-C0101DFECA3B}.Debug|Any CPU.Build.0 = Debug|Any CPU
		{5CBB0AF7-4F26-4D7F-9546-C0101DFECA3B}.Debug|ARM.ActiveCfg = Debug|Any CPU
		{5CBB0AF7-4F26-4D7F-9546-C0101DFECA3B}.Debug|ARM.Build.0 = Debug|Any CPU
		{5CBB0AF7-4F26-4D7F-9546-C0101DFECA3B}.Debug|ARM64.ActiveCfg = Debug|Any CPU
		{5CBB0AF7-4F26-4D7F-9546-C0101DFECA3B}.Debug|ARM64.Build.0 = Debug|Any CPU
		{5CBB0AF7-4F26-4D7F-9546-C0101DFECA3B}.Debug|iPhone.ActiveCfg = Debug|Any CPU
		{5CBB0AF7-4F26-4D7F-9546-C0101DFECA3B}.Debug|iPhone.Build.0 = Debug|Any CPU
		{5CBB0AF7-4F26-4D7F-9546-C0101DFECA3B}.Debug|iPhoneSimulator.ActiveCfg = Debug|Any CPU
		{5CBB0AF7-4F26-4D7F-9546-C0101DFECA3B}.Debug|iPhoneSimulator.Build.0 = Debug|Any CPU
		{5CBB0AF7-4F26-4D7F-9546-C0101DFECA3B}.Debug|x64.ActiveCfg = Debug|Any CPU
		{5CBB0AF7-4F26-4D7F-9546-C0101DFECA3B}.Debug|x64.Build.0 = Debug|Any CPU
		{5CBB0AF7-4F26-4D7F-9546-C0101DFECA3B}.Debug|x86.ActiveCfg = Debug|Any CPU
		{5CBB0AF7-4F26-4D7F-9546-C0101DFECA3B}.Debug|x86.Build.0 = Debug|Any CPU
		{5CBB0AF7-4F26-4D7F-9546-C0101DFECA3B}.Release|Any CPU.ActiveCfg = Release|Any CPU
		{5CBB0AF7-4F26-4D7F-9546-C0101DFECA3B}.Release|Any CPU.Build.0 = Release|Any CPU
		{5CBB0AF7-4F26-4D7F-9546-C0101DFECA3B}.Release|ARM.ActiveCfg = Release|Any CPU
		{5CBB0AF7-4F26-4D7F-9546-C0101DFECA3B}.Release|ARM.Build.0 = Release|Any CPU
		{5CBB0AF7-4F26-4D7F-9546-C0101DFECA3B}.Release|ARM64.ActiveCfg = Release|Any CPU
		{5CBB0AF7-4F26-4D7F-9546-C0101DFECA3B}.Release|ARM64.Build.0 = Release|Any CPU
		{5CBB0AF7-4F26-4D7F-9546-C0101DFECA3B}.Release|iPhone.ActiveCfg = Release|Any CPU
		{5CBB0AF7-4F26-4D7F-9546-C0101DFECA3B}.Release|iPhone.Build.0 = Release|Any CPU
		{5CBB0AF7-4F26-4D7F-9546-C0101DFECA3B}.Release|iPhoneSimulator.ActiveCfg = Release|Any CPU
		{5CBB0AF7-4F26-4D7F-9546-C0101DFECA3B}.Release|iPhoneSimulator.Build.0 = Release|Any CPU
		{5CBB0AF7-4F26-4D7F-9546-C0101DFECA3B}.Release|x64.ActiveCfg = Release|Any CPU
		{5CBB0AF7-4F26-4D7F-9546-C0101DFECA3B}.Release|x64.Build.0 = Release|Any CPU
		{5CBB0AF7-4F26-4D7F-9546-C0101DFECA3B}.Release|x86.ActiveCfg = Release|Any CPU
		{5CBB0AF7-4F26-4D7F-9546-C0101DFECA3B}.Release|x86.Build.0 = Release|Any CPU
		{AA7FAA4D-D759-4012-B608-3CE591885726}.Ad-Hoc|Any CPU.ActiveCfg = Release|iPhoneSimulator
		{AA7FAA4D-D759-4012-B608-3CE591885726}.Ad-Hoc|Any CPU.Build.0 = Release|iPhoneSimulator
		{AA7FAA4D-D759-4012-B608-3CE591885726}.Ad-Hoc|ARM.ActiveCfg = Release|iPhoneSimulator
		{AA7FAA4D-D759-4012-B608-3CE591885726}.Ad-Hoc|ARM.Build.0 = Release|iPhoneSimulator
		{AA7FAA4D-D759-4012-B608-3CE591885726}.Ad-Hoc|ARM64.ActiveCfg = Release|iPhoneSimulator
		{AA7FAA4D-D759-4012-B608-3CE591885726}.Ad-Hoc|ARM64.Build.0 = Release|iPhoneSimulator
		{AA7FAA4D-D759-4012-B608-3CE591885726}.Ad-Hoc|iPhone.ActiveCfg = Release|iPhoneSimulator
		{AA7FAA4D-D759-4012-B608-3CE591885726}.Ad-Hoc|iPhone.Build.0 = Release|iPhoneSimulator
		{AA7FAA4D-D759-4012-B608-3CE591885726}.Ad-Hoc|iPhoneSimulator.ActiveCfg = Release|iPhoneSimulator
		{AA7FAA4D-D759-4012-B608-3CE591885726}.Ad-Hoc|iPhoneSimulator.Build.0 = Release|iPhoneSimulator
		{AA7FAA4D-D759-4012-B608-3CE591885726}.Ad-Hoc|x64.ActiveCfg = Release|iPhoneSimulator
		{AA7FAA4D-D759-4012-B608-3CE591885726}.Ad-Hoc|x64.Build.0 = Release|iPhoneSimulator
		{AA7FAA4D-D759-4012-B608-3CE591885726}.Ad-Hoc|x86.ActiveCfg = Release|iPhoneSimulator
		{AA7FAA4D-D759-4012-B608-3CE591885726}.Ad-Hoc|x86.Build.0 = Release|iPhoneSimulator
		{AA7FAA4D-D759-4012-B608-3CE591885726}.AppStore|Any CPU.ActiveCfg = Release|iPhoneSimulator
		{AA7FAA4D-D759-4012-B608-3CE591885726}.AppStore|Any CPU.Build.0 = Release|iPhoneSimulator
		{AA7FAA4D-D759-4012-B608-3CE591885726}.AppStore|ARM.ActiveCfg = Release|iPhoneSimulator
		{AA7FAA4D-D759-4012-B608-3CE591885726}.AppStore|ARM.Build.0 = Release|iPhoneSimulator
		{AA7FAA4D-D759-4012-B608-3CE591885726}.AppStore|ARM64.ActiveCfg = Release|iPhoneSimulator
		{AA7FAA4D-D759-4012-B608-3CE591885726}.AppStore|ARM64.Build.0 = Release|iPhoneSimulator
		{AA7FAA4D-D759-4012-B608-3CE591885726}.AppStore|iPhone.ActiveCfg = Release|iPhoneSimulator
		{AA7FAA4D-D759-4012-B608-3CE591885726}.AppStore|iPhone.Build.0 = Release|iPhoneSimulator
		{AA7FAA4D-D759-4012-B608-3CE591885726}.AppStore|iPhoneSimulator.ActiveCfg = Release|iPhoneSimulator
		{AA7FAA4D-D759-4012-B608-3CE591885726}.AppStore|iPhoneSimulator.Build.0 = Release|iPhoneSimulator
		{AA7FAA4D-D759-4012-B608-3CE591885726}.AppStore|x64.ActiveCfg = Release|iPhoneSimulator
		{AA7FAA4D-D759-4012-B608-3CE591885726}.AppStore|x64.Build.0 = Release|iPhoneSimulator
		{AA7FAA4D-D759-4012-B608-3CE591885726}.AppStore|x86.ActiveCfg = Release|iPhoneSimulator
		{AA7FAA4D-D759-4012-B608-3CE591885726}.AppStore|x86.Build.0 = Release|iPhoneSimulator
		{AA7FAA4D-D759-4012-B608-3CE591885726}.Debug|Any CPU.ActiveCfg = Debug|iPhoneSimulator
		{AA7FAA4D-D759-4012-B608-3CE591885726}.Debug|ARM.ActiveCfg = Debug|iPhoneSimulator
		{AA7FAA4D-D759-4012-B608-3CE591885726}.Debug|ARM64.ActiveCfg = Debug|iPhoneSimulator
		{AA7FAA4D-D759-4012-B608-3CE591885726}.Debug|iPhone.ActiveCfg = Debug|iPhoneSimulator
		{AA7FAA4D-D759-4012-B608-3CE591885726}.Debug|iPhoneSimulator.ActiveCfg = Debug|iPhoneSimulator
		{AA7FAA4D-D759-4012-B608-3CE591885726}.Debug|iPhoneSimulator.Build.0 = Debug|iPhoneSimulator
		{AA7FAA4D-D759-4012-B608-3CE591885726}.Debug|x64.ActiveCfg = Debug|iPhoneSimulator
		{AA7FAA4D-D759-4012-B608-3CE591885726}.Debug|x86.ActiveCfg = Debug|iPhoneSimulator
		{AA7FAA4D-D759-4012-B608-3CE591885726}.Release|Any CPU.ActiveCfg = Release|iPhoneSimulator
		{AA7FAA4D-D759-4012-B608-3CE591885726}.Release|ARM.ActiveCfg = Release|iPhoneSimulator
		{AA7FAA4D-D759-4012-B608-3CE591885726}.Release|ARM64.ActiveCfg = Release|iPhoneSimulator
		{AA7FAA4D-D759-4012-B608-3CE591885726}.Release|iPhone.ActiveCfg = Release|iPhoneSimulator
		{AA7FAA4D-D759-4012-B608-3CE591885726}.Release|iPhoneSimulator.ActiveCfg = Release|iPhoneSimulator
		{AA7FAA4D-D759-4012-B608-3CE591885726}.Release|iPhoneSimulator.Build.0 = Release|iPhoneSimulator
		{AA7FAA4D-D759-4012-B608-3CE591885726}.Release|x64.ActiveCfg = Release|iPhoneSimulator
		{AA7FAA4D-D759-4012-B608-3CE591885726}.Release|x86.ActiveCfg = Release|iPhoneSimulator
	EndGlobalSection
	GlobalSection(SolutionProperties) = preSolution
		HideSolutionNode = FALSE
	EndGlobalSection
	GlobalSection(ExtensibilityGlobals) = postSolution
		SolutionGuid = {A41F2834-538A-41FC-B4B0-41249F91C57A}
	EndGlobalSection
EndGlobal
