
Microsoft Visual Studio Solution File, Format Version 12.00
# Visual Studio Version 16
VisualStudioVersion = 16.0.30404.54
MinimumVisualStudioVersion = 10.0.40219.1
Project("{D954291E-2A0B-460D-934E-DC6B0785DB48}") = "CollectionViewSourceSample.Shared", "CollectionViewSourceSample.Shared\CollectionViewSourceSample.Shared.shproj", "{6279C845-92F8-4333-AB99-3D213163593C}"
EndProject
Project("{FAE04EC0-301F-11D3-BF4B-00C04F79EFBC}") = "CollectionViewSourceSample.Droid", "CollectionViewSourceSample.Droid\CollectionViewSourceSample.Droid.csproj", "{C13973B4-CCB3-487D-9495-95714D005EA6}"
EndProject
Project("{FAE04EC0-301F-11D3-BF4B-00C04F79EFBC}") = "CollectionViewSourceSample.iOS", "CollectionViewSourceSample.iOS\CollectionViewSourceSample.iOS.csproj", "{2D12B7C1-1836-4CFA-B61F-2363B30B1E6E}"
EndProject
Project("{FAE04EC0-301F-11D3-BF4B-00C04F79EFBC}") = "CollectionViewSourceSample.UWP", "CollectionViewSourceSample.UWP\CollectionViewSourceSample.UWP.csproj", "{37E2F906-D50B-42EC-916C-4E435CA4CE56}"
EndProject
Project("{9A19103F-16F7-4668-BE54-9A1E7A4F7556}") = "CollectionViewSourceSample.Wasm", "CollectionViewSourceSample.Wasm\CollectionViewSourceSample.Wasm.csproj", "{5EC45A9A-31A7-49C1-B22E-1DE2BB1278F3}"
EndProject
Project("{FAE04EC0-301F-11D3-BF4B-00C04F79EFBC}") = "CollectionViewSourceSample.macOS", "CollectionViewSourceSample.macOS\CollectionViewSourceSample.macOS.csproj", "{044EF94C-D580-4424-8795-563D06D6B106}"
EndProject
Global
	GlobalSection(SharedMSBuildProjectFiles) = preSolution
		CollectionViewSourceSample.Shared\CollectionViewSourceSample.Shared.projitems*{044ef94c-d580-4424-8795-563d06d6b106}*SharedItemsImports = 4
		CollectionViewSourceSample.Shared\CollectionViewSourceSample.Shared.projitems*{2d12b7c1-1836-4cfa-b61f-2363b30b1e6e}*SharedItemsImports = 4
		CollectionViewSourceSample.Shared\CollectionViewSourceSample.Shared.projitems*{37e2f906-d50b-42ec-916c-4e435ca4ce56}*SharedItemsImports = 4
		CollectionViewSourceSample.Shared\CollectionViewSourceSample.Shared.projitems*{5ec45a9a-31a7-49c1-b22e-1de2bb1278f3}*SharedItemsImports = 5
		CollectionViewSourceSample.Shared\CollectionViewSourceSample.Shared.projitems*{6279c845-92f8-4333-ab99-3d213163593c}*SharedItemsImports = 13
		CollectionViewSourceSample.Shared\CollectionViewSourceSample.Shared.projitems*{c13973b4-ccb3-487d-9495-95714d005ea6}*SharedItemsImports = 4
	EndGlobalSection
	GlobalSection(SolutionConfigurationPlatforms) = preSolution
		Ad-Hoc|Any CPU = Ad-Hoc|Any CPU
		Ad-Hoc|ARM = Ad-Hoc|ARM
		Ad-Hoc|ARM64 = Ad-Hoc|ARM64
		Ad-Hoc|iPhone = Ad-Hoc|iPhone
		Ad-Hoc|iPhoneSimulator = Ad-Hoc|iPhoneSimulator
		Ad-Hoc|x64 = Ad-Hoc|x64
		Ad-Hoc|x86 = Ad-Hoc|x86
		AppStore|Any CPU = AppStore|Any CPU
		AppStore|ARM = AppStore|ARM
		AppStore|ARM64 = AppStore|ARM64
		AppStore|iPhone = AppStore|iPhone
		AppStore|iPhoneSimulator = AppStore|iPhoneSimulator
		AppStore|x64 = AppStore|x64
		AppStore|x86 = AppStore|x86
		Debug|Any CPU = Debug|Any CPU
		Debug|ARM = Debug|ARM
		Debug|ARM64 = Debug|ARM64
		Debug|iPhone = Debug|iPhone
		Debug|iPhoneSimulator = Debug|iPhoneSimulator
		Debug|x64 = Debug|x64
		Debug|x86 = Debug|x86
		Release|Any CPU = Release|Any CPU
		Release|ARM = Release|ARM
		Release|ARM64 = Release|ARM64
		Release|iPhone = Release|iPhone
		Release|iPhoneSimulator = Release|iPhoneSimulator
		Release|x64 = Release|x64
		Release|x86 = Release|x86
	EndGlobalSection
	GlobalSection(ProjectConfigurationPlatforms) = postSolution
		{C13973B4-CCB3-487D-9495-95714D005EA6}.Ad-Hoc|Any CPU.ActiveCfg = Release|Any CPU
		{C13973B4-CCB3-487D-9495-95714D005EA6}.Ad-Hoc|Any CPU.Build.0 = Release|Any CPU
		{C13973B4-CCB3-487D-9495-95714D005EA6}.Ad-Hoc|Any CPU.Deploy.0 = Release|Any CPU
		{C13973B4-CCB3-487D-9495-95714D005EA6}.Ad-Hoc|ARM.ActiveCfg = Release|Any CPU
		{C13973B4-CCB3-487D-9495-95714D005EA6}.Ad-Hoc|ARM.Build.0 = Release|Any CPU
		{C13973B4-CCB3-487D-9495-95714D005EA6}.Ad-Hoc|ARM.Deploy.0 = Release|Any CPU
		{C13973B4-CCB3-487D-9495-95714D005EA6}.Ad-Hoc|ARM64.ActiveCfg = Release|Any CPU
		{C13973B4-CCB3-487D-9495-95714D005EA6}.Ad-Hoc|ARM64.Build.0 = Release|Any CPU
		{C13973B4-CCB3-487D-9495-95714D005EA6}.Ad-Hoc|ARM64.Deploy.0 = Release|Any CPU
		{C13973B4-CCB3-487D-9495-95714D005EA6}.Ad-Hoc|iPhone.ActiveCfg = Release|Any CPU
		{C13973B4-CCB3-487D-9495-95714D005EA6}.Ad-Hoc|iPhone.Build.0 = Release|Any CPU
		{C13973B4-CCB3-487D-9495-95714D005EA6}.Ad-Hoc|iPhone.Deploy.0 = Release|Any CPU
		{C13973B4-CCB3-487D-9495-95714D005EA6}.Ad-Hoc|iPhoneSimulator.ActiveCfg = Release|Any CPU
		{C13973B4-CCB3-487D-9495-95714D005EA6}.Ad-Hoc|iPhoneSimulator.Build.0 = Release|Any CPU
		{C13973B4-CCB3-487D-9495-95714D005EA6}.Ad-Hoc|iPhoneSimulator.Deploy.0 = Release|Any CPU
		{C13973B4-CCB3-487D-9495-95714D005EA6}.Ad-Hoc|x64.ActiveCfg = Release|Any CPU
		{C13973B4-CCB3-487D-9495-95714D005EA6}.Ad-Hoc|x64.Build.0 = Release|Any CPU
		{C13973B4-CCB3-487D-9495-95714D005EA6}.Ad-Hoc|x64.Deploy.0 = Release|Any CPU
		{C13973B4-CCB3-487D-9495-95714D005EA6}.Ad-Hoc|x86.ActiveCfg = Release|Any CPU
		{C13973B4-CCB3-487D-9495-95714D005EA6}.Ad-Hoc|x86.Build.0 = Release|Any CPU
		{C13973B4-CCB3-487D-9495-95714D005EA6}.Ad-Hoc|x86.Deploy.0 = Release|Any CPU
		{C13973B4-CCB3-487D-9495-95714D005EA6}.AppStore|Any CPU.ActiveCfg = Release|Any CPU
		{C13973B4-CCB3-487D-9495-95714D005EA6}.AppStore|Any CPU.Build.0 = Release|Any CPU
		{C13973B4-CCB3-487D-9495-95714D005EA6}.AppStore|Any CPU.Deploy.0 = Release|Any CPU
		{C13973B4-CCB3-487D-9495-95714D005EA6}.AppStore|ARM.ActiveCfg = Release|Any CPU
		{C13973B4-CCB3-487D-9495-95714D005EA6}.AppStore|ARM.Build.0 = Release|Any CPU
		{C13973B4-CCB3-487D-9495-95714D005EA6}.AppStore|ARM.Deploy.0 = Release|Any CPU
		{C13973B4-CCB3-487D-9495-95714D005EA6}.AppStore|ARM64.ActiveCfg = Release|Any CPU
		{C13973B4-CCB3-487D-9495-95714D005EA6}.AppStore|ARM64.Build.0 = Release|Any CPU
		{C13973B4-CCB3-487D-9495-95714D005EA6}.AppStore|ARM64.Deploy.0 = Release|Any CPU
		{C13973B4-CCB3-487D-9495-95714D005EA6}.AppStore|iPhone.ActiveCfg = Release|Any CPU
		{C13973B4-CCB3-487D-9495-95714D005EA6}.AppStore|iPhone.Build.0 = Release|Any CPU
		{C13973B4-CCB3-487D-9495-95714D005EA6}.AppStore|iPhone.Deploy.0 = Release|Any CPU
		{C13973B4-CCB3-487D-9495-95714D005EA6}.AppStore|iPhoneSimulator.ActiveCfg = Release|Any CPU
		{C13973B4-CCB3-487D-9495-95714D005EA6}.AppStore|iPhoneSimulator.Build.0 = Release|Any CPU
		{C13973B4-CCB3-487D-9495-95714D005EA6}.AppStore|iPhoneSimulator.Deploy.0 = Release|Any CPU
		{C13973B4-CCB3-487D-9495-95714D005EA6}.AppStore|x64.ActiveCfg = Release|Any CPU
		{C13973B4-CCB3-487D-9495-95714D005EA6}.AppStore|x64.Build.0 = Release|Any CPU
		{C13973B4-CCB3-487D-9495-95714D005EA6}.AppStore|x64.Deploy.0 = Release|Any CPU
		{C13973B4-CCB3-487D-9495-95714D005EA6}.AppStore|x86.ActiveCfg = Release|Any CPU
		{C13973B4-CCB3-487D-9495-95714D005EA6}.AppStore|x86.Build.0 = Release|Any CPU
		{C13973B4-CCB3-487D-9495-95714D005EA6}.AppStore|x86.Deploy.0 = Release|Any CPU
		{C13973B4-CCB3-487D-9495-95714D005EA6}.Debug|Any CPU.ActiveCfg = Debug|Any CPU
		{C13973B4-CCB3-487D-9495-95714D005EA6}.Debug|Any CPU.Build.0 = Debug|Any CPU
		{C13973B4-CCB3-487D-9495-95714D005EA6}.Debug|Any CPU.Deploy.0 = Debug|Any CPU
		{C13973B4-CCB3-487D-9495-95714D005EA6}.Debug|ARM.ActiveCfg = Debug|Any CPU
		{C13973B4-CCB3-487D-9495-95714D005EA6}.Debug|ARM.Build.0 = Debug|Any CPU
		{C13973B4-CCB3-487D-9495-95714D005EA6}.Debug|ARM.Deploy.0 = Debug|Any CPU
		{C13973B4-CCB3-487D-9495-95714D005EA6}.Debug|ARM64.ActiveCfg = Debug|Any CPU
		{C13973B4-CCB3-487D-9495-95714D005EA6}.Debug|ARM64.Build.0 = Debug|Any CPU
		{C13973B4-CCB3-487D-9495-95714D005EA6}.Debug|ARM64.Deploy.0 = Debug|Any CPU
		{C13973B4-CCB3-487D-9495-95714D005EA6}.Debug|iPhone.ActiveCfg = Debug|Any CPU
		{C13973B4-CCB3-487D-9495-95714D005EA6}.Debug|iPhone.Build.0 = Debug|Any CPU
		{C13973B4-CCB3-487D-9495-95714D005EA6}.Debug|iPhone.Deploy.0 = Debug|Any CPU
		{C13973B4-CCB3-487D-9495-95714D005EA6}.Debug|iPhoneSimulator.ActiveCfg = Debug|Any CPU
		{C13973B4-CCB3-487D-9495-95714D005EA6}.Debug|iPhoneSimulator.Build.0 = Debug|Any CPU
		{C13973B4-CCB3-487D-9495-95714D005EA6}.Debug|iPhoneSimulator.Deploy.0 = Debug|Any CPU
		{C13973B4-CCB3-487D-9495-95714D005EA6}.Debug|x64.ActiveCfg = Debug|Any CPU
		{C13973B4-CCB3-487D-9495-95714D005EA6}.Debug|x64.Build.0 = Debug|Any CPU
		{C13973B4-CCB3-487D-9495-95714D005EA6}.Debug|x64.Deploy.0 = Debug|Any CPU
		{C13973B4-CCB3-487D-9495-95714D005EA6}.Debug|x86.ActiveCfg = Debug|Any CPU
		{C13973B4-CCB3-487D-9495-95714D005EA6}.Debug|x86.Build.0 = Debug|Any CPU
		{C13973B4-CCB3-487D-9495-95714D005EA6}.Debug|x86.Deploy.0 = Debug|Any CPU
		{C13973B4-CCB3-487D-9495-95714D005EA6}.Release|Any CPU.ActiveCfg = Release|Any CPU
		{C13973B4-CCB3-487D-9495-95714D005EA6}.Release|Any CPU.Build.0 = Release|Any CPU
		{C13973B4-CCB3-487D-9495-95714D005EA6}.Release|Any CPU.Deploy.0 = Release|Any CPU
		{C13973B4-CCB3-487D-9495-95714D005EA6}.Release|ARM.ActiveCfg = Release|Any CPU
		{C13973B4-CCB3-487D-9495-95714D005EA6}.Release|ARM.Build.0 = Release|Any CPU
		{C13973B4-CCB3-487D-9495-95714D005EA6}.Release|ARM.Deploy.0 = Release|Any CPU
		{C13973B4-CCB3-487D-9495-95714D005EA6}.Release|ARM64.ActiveCfg = Release|Any CPU
		{C13973B4-CCB3-487D-9495-95714D005EA6}.Release|ARM64.Build.0 = Release|Any CPU
		{C13973B4-CCB3-487D-9495-95714D005EA6}.Release|ARM64.Deploy.0 = Release|Any CPU
		{C13973B4-CCB3-487D-9495-95714D005EA6}.Release|iPhone.ActiveCfg = Release|Any CPU
		{C13973B4-CCB3-487D-9495-95714D005EA6}.Release|iPhone.Build.0 = Release|Any CPU
		{C13973B4-CCB3-487D-9495-95714D005EA6}.Release|iPhone.Deploy.0 = Release|Any CPU
		{C13973B4-CCB3-487D-9495-95714D005EA6}.Release|iPhoneSimulator.ActiveCfg = Release|Any CPU
		{C13973B4-CCB3-487D-9495-95714D005EA6}.Release|iPhoneSimulator.Build.0 = Release|Any CPU
		{C13973B4-CCB3-487D-9495-95714D005EA6}.Release|iPhoneSimulator.Deploy.0 = Release|Any CPU
		{C13973B4-CCB3-487D-9495-95714D005EA6}.Release|x64.ActiveCfg = Release|Any CPU
		{C13973B4-CCB3-487D-9495-95714D005EA6}.Release|x64.Build.0 = Release|Any CPU
		{C13973B4-CCB3-487D-9495-95714D005EA6}.Release|x64.Deploy.0 = Release|Any CPU
		{C13973B4-CCB3-487D-9495-95714D005EA6}.Release|x86.ActiveCfg = Release|Any CPU
		{C13973B4-CCB3-487D-9495-95714D005EA6}.Release|x86.Build.0 = Release|Any CPU
		{C13973B4-CCB3-487D-9495-95714D005EA6}.Release|x86.Deploy.0 = Release|Any CPU
		{2D12B7C1-1836-4CFA-B61F-2363B30B1E6E}.Ad-Hoc|Any CPU.ActiveCfg = Ad-Hoc|iPhone
		{2D12B7C1-1836-4CFA-B61F-2363B30B1E6E}.Ad-Hoc|ARM.ActiveCfg = Ad-Hoc|iPhone
		{2D12B7C1-1836-4CFA-B61F-2363B30B1E6E}.Ad-Hoc|ARM64.ActiveCfg = Ad-Hoc|iPhone
		{2D12B7C1-1836-4CFA-B61F-2363B30B1E6E}.Ad-Hoc|iPhone.ActiveCfg = Ad-Hoc|iPhone
		{2D12B7C1-1836-4CFA-B61F-2363B30B1E6E}.Ad-Hoc|iPhone.Build.0 = Ad-Hoc|iPhone
		{2D12B7C1-1836-4CFA-B61F-2363B30B1E6E}.Ad-Hoc|iPhoneSimulator.ActiveCfg = Ad-Hoc|iPhoneSimulator
		{2D12B7C1-1836-4CFA-B61F-2363B30B1E6E}.Ad-Hoc|iPhoneSimulator.Build.0 = Ad-Hoc|iPhoneSimulator
		{2D12B7C1-1836-4CFA-B61F-2363B30B1E6E}.Ad-Hoc|x64.ActiveCfg = Ad-Hoc|iPhone
		{2D12B7C1-1836-4CFA-B61F-2363B30B1E6E}.Ad-Hoc|x86.ActiveCfg = Ad-Hoc|iPhone
		{2D12B7C1-1836-4CFA-B61F-2363B30B1E6E}.AppStore|Any CPU.ActiveCfg = AppStore|iPhone
		{2D12B7C1-1836-4CFA-B61F-2363B30B1E6E}.AppStore|ARM.ActiveCfg = AppStore|iPhone
		{2D12B7C1-1836-4CFA-B61F-2363B30B1E6E}.AppStore|ARM64.ActiveCfg = AppStore|iPhone
		{2D12B7C1-1836-4CFA-B61F-2363B30B1E6E}.AppStore|iPhone.ActiveCfg = AppStore|iPhone
		{2D12B7C1-1836-4CFA-B61F-2363B30B1E6E}.AppStore|iPhone.Build.0 = AppStore|iPhone
		{2D12B7C1-1836-4CFA-B61F-2363B30B1E6E}.AppStore|iPhoneSimulator.ActiveCfg = AppStore|iPhoneSimulator
		{2D12B7C1-1836-4CFA-B61F-2363B30B1E6E}.AppStore|iPhoneSimulator.Build.0 = AppStore|iPhoneSimulator
		{2D12B7C1-1836-4CFA-B61F-2363B30B1E6E}.AppStore|x64.ActiveCfg = AppStore|iPhone
		{2D12B7C1-1836-4CFA-B61F-2363B30B1E6E}.AppStore|x86.ActiveCfg = AppStore|iPhone
		{2D12B7C1-1836-4CFA-B61F-2363B30B1E6E}.Debug|Any CPU.ActiveCfg = Debug|iPhone
		{2D12B7C1-1836-4CFA-B61F-2363B30B1E6E}.Debug|ARM.ActiveCfg = Debug|iPhone
		{2D12B7C1-1836-4CFA-B61F-2363B30B1E6E}.Debug|ARM64.ActiveCfg = Debug|iPhone
		{2D12B7C1-1836-4CFA-B61F-2363B30B1E6E}.Debug|iPhone.ActiveCfg = Debug|iPhone
		{2D12B7C1-1836-4CFA-B61F-2363B30B1E6E}.Debug|iPhone.Build.0 = Debug|iPhone
		{2D12B7C1-1836-4CFA-B61F-2363B30B1E6E}.Debug|iPhone.Deploy.0 = Debug|iPhone
		{2D12B7C1-1836-4CFA-B61F-2363B30B1E6E}.Debug|iPhoneSimulator.ActiveCfg = Debug|iPhoneSimulator
		{2D12B7C1-1836-4CFA-B61F-2363B30B1E6E}.Debug|iPhoneSimulator.Build.0 = Debug|iPhoneSimulator
		{2D12B7C1-1836-4CFA-B61F-2363B30B1E6E}.Debug|x64.ActiveCfg = Debug|iPhone
		{2D12B7C1-1836-4CFA-B61F-2363B30B1E6E}.Debug|x86.ActiveCfg = Debug|iPhone
		{2D12B7C1-1836-4CFA-B61F-2363B30B1E6E}.Release|Any CPU.ActiveCfg = Release|iPhone
		{2D12B7C1-1836-4CFA-B61F-2363B30B1E6E}.Release|ARM.ActiveCfg = Release|iPhone
		{2D12B7C1-1836-4CFA-B61F-2363B30B1E6E}.Release|ARM64.ActiveCfg = Release|iPhone
		{2D12B7C1-1836-4CFA-B61F-2363B30B1E6E}.Release|iPhone.ActiveCfg = Release|iPhone
		{2D12B7C1-1836-4CFA-B61F-2363B30B1E6E}.Release|iPhone.Build.0 = Release|iPhone
		{2D12B7C1-1836-4CFA-B61F-2363B30B1E6E}.Release|iPhoneSimulator.ActiveCfg = Release|iPhoneSimulator
		{2D12B7C1-1836-4CFA-B61F-2363B30B1E6E}.Release|iPhoneSimulator.Build.0 = Release|iPhoneSimulator
		{2D12B7C1-1836-4CFA-B61F-2363B30B1E6E}.Release|x64.ActiveCfg = Release|iPhone
		{2D12B7C1-1836-4CFA-B61F-2363B30B1E6E}.Release|x86.ActiveCfg = Release|iPhone
		{37E2F906-D50B-42EC-916C-4E435CA4CE56}.Ad-Hoc|Any CPU.ActiveCfg = Release|x64
		{37E2F906-D50B-42EC-916C-4E435CA4CE56}.Ad-Hoc|Any CPU.Build.0 = Release|x64
		{37E2F906-D50B-42EC-916C-4E435CA4CE56}.Ad-Hoc|Any CPU.Deploy.0 = Release|x64
		{37E2F906-D50B-42EC-916C-4E435CA4CE56}.Ad-Hoc|ARM.ActiveCfg = Release|ARM
		{37E2F906-D50B-42EC-916C-4E435CA4CE56}.Ad-Hoc|ARM.Build.0 = Release|ARM
		{37E2F906-D50B-42EC-916C-4E435CA4CE56}.Ad-Hoc|ARM.Deploy.0 = Release|ARM
		{37E2F906-D50B-42EC-916C-4E435CA4CE56}.Ad-Hoc|ARM64.ActiveCfg = Release|ARM64
		{37E2F906-D50B-42EC-916C-4E435CA4CE56}.Ad-Hoc|ARM64.Build.0 = Release|ARM64
		{37E2F906-D50B-42EC-916C-4E435CA4CE56}.Ad-Hoc|ARM64.Deploy.0 = Release|ARM64
		{37E2F906-D50B-42EC-916C-4E435CA4CE56}.Ad-Hoc|iPhone.ActiveCfg = Release|x64
		{37E2F906-D50B-42EC-916C-4E435CA4CE56}.Ad-Hoc|iPhone.Build.0 = Release|x64
		{37E2F906-D50B-42EC-916C-4E435CA4CE56}.Ad-Hoc|iPhone.Deploy.0 = Release|x64
		{37E2F906-D50B-42EC-916C-4E435CA4CE56}.Ad-Hoc|iPhoneSimulator.ActiveCfg = Release|x64
		{37E2F906-D50B-42EC-916C-4E435CA4CE56}.Ad-Hoc|iPhoneSimulator.Build.0 = Release|x64
		{37E2F906-D50B-42EC-916C-4E435CA4CE56}.Ad-Hoc|iPhoneSimulator.Deploy.0 = Release|x64
		{37E2F906-D50B-42EC-916C-4E435CA4CE56}.Ad-Hoc|x64.ActiveCfg = Release|x64
		{37E2F906-D50B-42EC-916C-4E435CA4CE56}.Ad-Hoc|x64.Build.0 = Release|x64
		{37E2F906-D50B-42EC-916C-4E435CA4CE56}.Ad-Hoc|x64.Deploy.0 = Release|x64
		{37E2F906-D50B-42EC-916C-4E435CA4CE56}.Ad-Hoc|x86.ActiveCfg = Release|x86
		{37E2F906-D50B-42EC-916C-4E435CA4CE56}.Ad-Hoc|x86.Build.0 = Release|x86
		{37E2F906-D50B-42EC-916C-4E435CA4CE56}.Ad-Hoc|x86.Deploy.0 = Release|x86
		{37E2F906-D50B-42EC-916C-4E435CA4CE56}.AppStore|Any CPU.ActiveCfg = Release|x64
		{37E2F906-D50B-42EC-916C-4E435CA4CE56}.AppStore|Any CPU.Build.0 = Release|x64
		{37E2F906-D50B-42EC-916C-4E435CA4CE56}.AppStore|Any CPU.Deploy.0 = Release|x64
		{37E2F906-D50B-42EC-916C-4E435CA4CE56}.AppStore|ARM.ActiveCfg = Release|ARM
		{37E2F906-D50B-42EC-916C-4E435CA4CE56}.AppStore|ARM.Build.0 = Release|ARM
		{37E2F906-D50B-42EC-916C-4E435CA4CE56}.AppStore|ARM.Deploy.0 = Release|ARM
		{37E2F906-D50B-42EC-916C-4E435CA4CE56}.AppStore|ARM64.ActiveCfg = Release|ARM64
		{37E2F906-D50B-42EC-916C-4E435CA4CE56}.AppStore|ARM64.Build.0 = Release|ARM64
		{37E2F906-D50B-42EC-916C-4E435CA4CE56}.AppStore|ARM64.Deploy.0 = Release|ARM64
		{37E2F906-D50B-42EC-916C-4E435CA4CE56}.AppStore|iPhone.ActiveCfg = Release|x64
		{37E2F906-D50B-42EC-916C-4E435CA4CE56}.AppStore|iPhone.Build.0 = Release|x64
		{37E2F906-D50B-42EC-916C-4E435CA4CE56}.AppStore|iPhone.Deploy.0 = Release|x64
		{37E2F906-D50B-42EC-916C-4E435CA4CE56}.AppStore|iPhoneSimulator.ActiveCfg = Release|x64
		{37E2F906-D50B-42EC-916C-4E435CA4CE56}.AppStore|iPhoneSimulator.Build.0 = Release|x64
		{37E2F906-D50B-42EC-916C-4E435CA4CE56}.AppStore|iPhoneSimulator.Deploy.0 = Release|x64
		{37E2F906-D50B-42EC-916C-4E435CA4CE56}.AppStore|x64.ActiveCfg = Release|x64
		{37E2F906-D50B-42EC-916C-4E435CA4CE56}.AppStore|x64.Build.0 = Release|x64
		{37E2F906-D50B-42EC-916C-4E435CA4CE56}.AppStore|x64.Deploy.0 = Release|x64
		{37E2F906-D50B-42EC-916C-4E435CA4CE56}.AppStore|x86.ActiveCfg = Release|x86
		{37E2F906-D50B-42EC-916C-4E435CA4CE56}.AppStore|x86.Build.0 = Release|x86
		{37E2F906-D50B-42EC-916C-4E435CA4CE56}.AppStore|x86.Deploy.0 = Release|x86
		{37E2F906-D50B-42EC-916C-4E435CA4CE56}.Debug|Any CPU.ActiveCfg = Debug|x86
		{37E2F906-D50B-42EC-916C-4E435CA4CE56}.Debug|Any CPU.Build.0 = Debug|x86
		{37E2F906-D50B-42EC-916C-4E435CA4CE56}.Debug|Any CPU.Deploy.0 = Debug|x86
		{37E2F906-D50B-42EC-916C-4E435CA4CE56}.Debug|ARM.ActiveCfg = Debug|ARM
		{37E2F906-D50B-42EC-916C-4E435CA4CE56}.Debug|ARM.Build.0 = Debug|ARM
		{37E2F906-D50B-42EC-916C-4E435CA4CE56}.Debug|ARM.Deploy.0 = Debug|ARM
		{37E2F906-D50B-42EC-916C-4E435CA4CE56}.Debug|ARM64.ActiveCfg = Debug|ARM64
		{37E2F906-D50B-42EC-916C-4E435CA4CE56}.Debug|ARM64.Build.0 = Debug|ARM64
		{37E2F906-D50B-42EC-916C-4E435CA4CE56}.Debug|ARM64.Deploy.0 = Debug|ARM64
		{37E2F906-D50B-42EC-916C-4E435CA4CE56}.Debug|iPhone.ActiveCfg = Debug|x86
		{37E2F906-D50B-42EC-916C-4E435CA4CE56}.Debug|iPhoneSimulator.ActiveCfg = Debug|x86
		{37E2F906-D50B-42EC-916C-4E435CA4CE56}.Debug|x64.ActiveCfg = Debug|x64
		{37E2F906-D50B-42EC-916C-4E435CA4CE56}.Debug|x64.Build.0 = Debug|x64
		{37E2F906-D50B-42EC-916C-4E435CA4CE56}.Debug|x64.Deploy.0 = Debug|x64
		{37E2F906-D50B-42EC-916C-4E435CA4CE56}.Debug|x86.ActiveCfg = Debug|x86
		{37E2F906-D50B-42EC-916C-4E435CA4CE56}.Debug|x86.Build.0 = Debug|x86
		{37E2F906-D50B-42EC-916C-4E435CA4CE56}.Debug|x86.Deploy.0 = Debug|x86
		{37E2F906-D50B-42EC-916C-4E435CA4CE56}.Release|Any CPU.ActiveCfg = Release|x86
		{37E2F906-D50B-42EC-916C-4E435CA4CE56}.Release|ARM.ActiveCfg = Release|ARM
		{37E2F906-D50B-42EC-916C-4E435CA4CE56}.Release|ARM.Build.0 = Release|ARM
		{37E2F906-D50B-42EC-916C-4E435CA4CE56}.Release|ARM.Deploy.0 = Release|ARM
		{37E2F906-D50B-42EC-916C-4E435CA4CE56}.Release|ARM64.ActiveCfg = Release|ARM64
		{37E2F906-D50B-42EC-916C-4E435CA4CE56}.Release|ARM64.Build.0 = Release|ARM64
		{37E2F906-D50B-42EC-916C-4E435CA4CE56}.Release|ARM64.Deploy.0 = Release|ARM64
		{37E2F906-D50B-42EC-916C-4E435CA4CE56}.Release|iPhone.ActiveCfg = Release|x86
		{37E2F906-D50B-42EC-916C-4E435CA4CE56}.Release|iPhoneSimulator.ActiveCfg = Release|x86
		{37E2F906-D50B-42EC-916C-4E435CA4CE56}.Release|x64.ActiveCfg = Release|x64
		{37E2F906-D50B-42EC-916C-4E435CA4CE56}.Release|x64.Build.0 = Release|x64
		{37E2F906-D50B-42EC-916C-4E435CA4CE56}.Release|x64.Deploy.0 = Release|x64
		{37E2F906-D50B-42EC-916C-4E435CA4CE56}.Release|x86.ActiveCfg = Release|x86
		{37E2F906-D50B-42EC-916C-4E435CA4CE56}.Release|x86.Build.0 = Release|x86
		{37E2F906-D50B-42EC-916C-4E435CA4CE56}.Release|x86.Deploy.0 = Release|x86
		{5EC45A9A-31A7-49C1-B22E-1DE2BB1278F3}.Ad-Hoc|Any CPU.ActiveCfg = Debug|Any CPU
		{5EC45A9A-31A7-49C1-B22E-1DE2BB1278F3}.Ad-Hoc|Any CPU.Build.0 = Debug|Any CPU
		{5EC45A9A-31A7-49C1-B22E-1DE2BB1278F3}.Ad-Hoc|ARM.ActiveCfg = Debug|Any CPU
		{5EC45A9A-31A7-49C1-B22E-1DE2BB1278F3}.Ad-Hoc|ARM.Build.0 = Debug|Any CPU
		{5EC45A9A-31A7-49C1-B22E-1DE2BB1278F3}.Ad-Hoc|ARM64.ActiveCfg = Debug|Any CPU
		{5EC45A9A-31A7-49C1-B22E-1DE2BB1278F3}.Ad-Hoc|ARM64.Build.0 = Debug|Any CPU
		{5EC45A9A-31A7-49C1-B22E-1DE2BB1278F3}.Ad-Hoc|iPhone.ActiveCfg = Debug|Any CPU
		{5EC45A9A-31A7-49C1-B22E-1DE2BB1278F3}.Ad-Hoc|iPhone.Build.0 = Debug|Any CPU
		{5EC45A9A-31A7-49C1-B22E-1DE2BB1278F3}.Ad-Hoc|iPhoneSimulator.ActiveCfg = Debug|Any CPU
		{5EC45A9A-31A7-49C1-B22E-1DE2BB1278F3}.Ad-Hoc|iPhoneSimulator.Build.0 = Debug|Any CPU
		{5EC45A9A-31A7-49C1-B22E-1DE2BB1278F3}.Ad-Hoc|x64.ActiveCfg = Debug|Any CPU
		{5EC45A9A-31A7-49C1-B22E-1DE2BB1278F3}.Ad-Hoc|x64.Build.0 = Debug|Any CPU
		{5EC45A9A-31A7-49C1-B22E-1DE2BB1278F3}.Ad-Hoc|x86.ActiveCfg = Debug|Any CPU
		{5EC45A9A-31A7-49C1-B22E-1DE2BB1278F3}.Ad-Hoc|x86.Build.0 = Debug|Any CPU
		{5EC45A9A-31A7-49C1-B22E-1DE2BB1278F3}.AppStore|Any CPU.ActiveCfg = Debug|Any CPU
		{5EC45A9A-31A7-49C1-B22E-1DE2BB1278F3}.AppStore|Any CPU.Build.0 = Debug|Any CPU
		{5EC45A9A-31A7-49C1-B22E-1DE2BB1278F3}.AppStore|ARM.ActiveCfg = Debug|Any CPU
		{5EC45A9A-31A7-49C1-B22E-1DE2BB1278F3}.AppStore|ARM.Build.0 = Debug|Any CPU
		{5EC45A9A-31A7-49C1-B22E-1DE2BB1278F3}.AppStore|ARM64.ActiveCfg = Debug|Any CPU
		{5EC45A9A-31A7-49C1-B22E-1DE2BB1278F3}.AppStore|ARM64.Build.0 = Debug|Any CPU
		{5EC45A9A-31A7-49C1-B22E-1DE2BB1278F3}.AppStore|iPhone.ActiveCfg = Debug|Any CPU
		{5EC45A9A-31A7-49C1-B22E-1DE2BB1278F3}.AppStore|iPhone.Build.0 = Debug|Any CPU
		{5EC45A9A-31A7-49C1-B22E-1DE2BB1278F3}.AppStore|iPhoneSimulator.ActiveCfg = Debug|Any CPU
		{5EC45A9A-31A7-49C1-B22E-1DE2BB1278F3}.AppStore|iPhoneSimulator.Build.0 = Debug|Any CPU
		{5EC45A9A-31A7-49C1-B22E-1DE2BB1278F3}.AppStore|x64.ActiveCfg = Debug|Any CPU
		{5EC45A9A-31A7-49C1-B22E-1DE2BB1278F3}.AppStore|x64.Build.0 = Debug|Any CPU
		{5EC45A9A-31A7-49C1-B22E-1DE2BB1278F3}.AppStore|x86.ActiveCfg = Debug|Any CPU
		{5EC45A9A-31A7-49C1-B22E-1DE2BB1278F3}.AppStore|x86.Build.0 = Debug|Any CPU
		{5EC45A9A-31A7-49C1-B22E-1DE2BB1278F3}.Debug|Any CPU.ActiveCfg = Debug|Any CPU
		{5EC45A9A-31A7-49C1-B22E-1DE2BB1278F3}.Debug|Any CPU.Build.0 = Debug|Any CPU
		{5EC45A9A-31A7-49C1-B22E-1DE2BB1278F3}.Debug|ARM.ActiveCfg = Debug|Any CPU
		{5EC45A9A-31A7-49C1-B22E-1DE2BB1278F3}.Debug|ARM.Build.0 = Debug|Any CPU
		{5EC45A9A-31A7-49C1-B22E-1DE2BB1278F3}.Debug|ARM64.ActiveCfg = Debug|Any CPU
		{5EC45A9A-31A7-49C1-B22E-1DE2BB1278F3}.Debug|ARM64.Build.0 = Debug|Any CPU
		{5EC45A9A-31A7-49C1-B22E-1DE2BB1278F3}.Debug|iPhone.ActiveCfg = Debug|Any CPU
		{5EC45A9A-31A7-49C1-B22E-1DE2BB1278F3}.Debug|iPhone.Build.0 = Debug|Any CPU
		{5EC45A9A-31A7-49C1-B22E-1DE2BB1278F3}.Debug|iPhoneSimulator.ActiveCfg = Debug|Any CPU
		{5EC45A9A-31A7-49C1-B22E-1DE2BB1278F3}.Debug|iPhoneSimulator.Build.0 = Debug|Any CPU
		{5EC45A9A-31A7-49C1-B22E-1DE2BB1278F3}.Debug|x64.ActiveCfg = Debug|Any CPU
		{5EC45A9A-31A7-49C1-B22E-1DE2BB1278F3}.Debug|x64.Build.0 = Debug|Any CPU
		{5EC45A9A-31A7-49C1-B22E-1DE2BB1278F3}.Debug|x86.ActiveCfg = Debug|Any CPU
		{5EC45A9A-31A7-49C1-B22E-1DE2BB1278F3}.Debug|x86.Build.0 = Debug|Any CPU
		{5EC45A9A-31A7-49C1-B22E-1DE2BB1278F3}.Release|Any CPU.ActiveCfg = Release|Any CPU
		{5EC45A9A-31A7-49C1-B22E-1DE2BB1278F3}.Release|Any CPU.Build.0 = Release|Any CPU
		{5EC45A9A-31A7-49C1-B22E-1DE2BB1278F3}.Release|ARM.ActiveCfg = Release|Any CPU
		{5EC45A9A-31A7-49C1-B22E-1DE2BB1278F3}.Release|ARM.Build.0 = Release|Any CPU
		{5EC45A9A-31A7-49C1-B22E-1DE2BB1278F3}.Release|ARM64.ActiveCfg = Release|Any CPU
		{5EC45A9A-31A7-49C1-B22E-1DE2BB1278F3}.Release|ARM64.Build.0 = Release|Any CPU
		{5EC45A9A-31A7-49C1-B22E-1DE2BB1278F3}.Release|iPhone.ActiveCfg = Release|Any CPU
		{5EC45A9A-31A7-49C1-B22E-1DE2BB1278F3}.Release|iPhone.Build.0 = Release|Any CPU
		{5EC45A9A-31A7-49C1-B22E-1DE2BB1278F3}.Release|iPhoneSimulator.ActiveCfg = Release|Any CPU
		{5EC45A9A-31A7-49C1-B22E-1DE2BB1278F3}.Release|iPhoneSimulator.Build.0 = Release|Any CPU
		{5EC45A9A-31A7-49C1-B22E-1DE2BB1278F3}.Release|x64.ActiveCfg = Release|Any CPU
		{5EC45A9A-31A7-49C1-B22E-1DE2BB1278F3}.Release|x64.Build.0 = Release|Any CPU
		{5EC45A9A-31A7-49C1-B22E-1DE2BB1278F3}.Release|x86.ActiveCfg = Release|Any CPU
		{5EC45A9A-31A7-49C1-B22E-1DE2BB1278F3}.Release|x86.Build.0 = Release|Any CPU
		{044EF94C-D580-4424-8795-563D06D6B106}.Ad-Hoc|Any CPU.ActiveCfg = Release|iPhoneSimulator
		{044EF94C-D580-4424-8795-563D06D6B106}.Ad-Hoc|Any CPU.Build.0 = Release|iPhoneSimulator
		{044EF94C-D580-4424-8795-563D06D6B106}.Ad-Hoc|ARM.ActiveCfg = Release|iPhoneSimulator
		{044EF94C-D580-4424-8795-563D06D6B106}.Ad-Hoc|ARM.Build.0 = Release|iPhoneSimulator
		{044EF94C-D580-4424-8795-563D06D6B106}.Ad-Hoc|ARM64.ActiveCfg = Release|iPhoneSimulator
		{044EF94C-D580-4424-8795-563D06D6B106}.Ad-Hoc|ARM64.Build.0 = Release|iPhoneSimulator
		{044EF94C-D580-4424-8795-563D06D6B106}.Ad-Hoc|iPhone.ActiveCfg = Release|iPhoneSimulator
		{044EF94C-D580-4424-8795-563D06D6B106}.Ad-Hoc|iPhone.Build.0 = Release|iPhoneSimulator
		{044EF94C-D580-4424-8795-563D06D6B106}.Ad-Hoc|iPhoneSimulator.ActiveCfg = Release|iPhoneSimulator
		{044EF94C-D580-4424-8795-563D06D6B106}.Ad-Hoc|iPhoneSimulator.Build.0 = Release|iPhoneSimulator
		{044EF94C-D580-4424-8795-563D06D6B106}.Ad-Hoc|x64.ActiveCfg = Release|iPhoneSimulator
		{044EF94C-D580-4424-8795-563D06D6B106}.Ad-Hoc|x64.Build.0 = Release|iPhoneSimulator
		{044EF94C-D580-4424-8795-563D06D6B106}.Ad-Hoc|x86.ActiveCfg = Release|iPhoneSimulator
		{044EF94C-D580-4424-8795-563D06D6B106}.Ad-Hoc|x86.Build.0 = Release|iPhoneSimulator
		{044EF94C-D580-4424-8795-563D06D6B106}.AppStore|Any CPU.ActiveCfg = Release|iPhoneSimulator
		{044EF94C-D580-4424-8795-563D06D6B106}.AppStore|Any CPU.Build.0 = Release|iPhoneSimulator
		{044EF94C-D580-4424-8795-563D06D6B106}.AppStore|ARM.ActiveCfg = Release|iPhoneSimulator
		{044EF94C-D580-4424-8795-563D06D6B106}.AppStore|ARM.Build.0 = Release|iPhoneSimulator
		{044EF94C-D580-4424-8795-563D06D6B106}.AppStore|ARM64.ActiveCfg = Release|iPhoneSimulator
		{044EF94C-D580-4424-8795-563D06D6B106}.AppStore|ARM64.Build.0 = Release|iPhoneSimulator
		{044EF94C-D580-4424-8795-563D06D6B106}.AppStore|iPhone.ActiveCfg = Release|iPhoneSimulator
		{044EF94C-D580-4424-8795-563D06D6B106}.AppStore|iPhone.Build.0 = Release|iPhoneSimulator
		{044EF94C-D580-4424-8795-563D06D6B106}.AppStore|iPhoneSimulator.ActiveCfg = Release|iPhoneSimulator
		{044EF94C-D580-4424-8795-563D06D6B106}.AppStore|iPhoneSimulator.Build.0 = Release|iPhoneSimulator
		{044EF94C-D580-4424-8795-563D06D6B106}.AppStore|x64.ActiveCfg = Release|iPhoneSimulator
		{044EF94C-D580-4424-8795-563D06D6B106}.AppStore|x64.Build.0 = Release|iPhoneSimulator
		{044EF94C-D580-4424-8795-563D06D6B106}.AppStore|x86.ActiveCfg = Release|iPhoneSimulator
		{044EF94C-D580-4424-8795-563D06D6B106}.AppStore|x86.Build.0 = Release|iPhoneSimulator
		{044EF94C-D580-4424-8795-563D06D6B106}.Debug|Any CPU.ActiveCfg = Debug|iPhoneSimulator
		{044EF94C-D580-4424-8795-563D06D6B106}.Debug|ARM.ActiveCfg = Debug|iPhoneSimulator
		{044EF94C-D580-4424-8795-563D06D6B106}.Debug|ARM64.ActiveCfg = Debug|iPhoneSimulator
		{044EF94C-D580-4424-8795-563D06D6B106}.Debug|iPhone.ActiveCfg = Debug|iPhoneSimulator
		{044EF94C-D580-4424-8795-563D06D6B106}.Debug|iPhoneSimulator.ActiveCfg = Debug|iPhoneSimulator
		{044EF94C-D580-4424-8795-563D06D6B106}.Debug|iPhoneSimulator.Build.0 = Debug|iPhoneSimulator
		{044EF94C-D580-4424-8795-563D06D6B106}.Debug|x64.ActiveCfg = Debug|iPhoneSimulator
		{044EF94C-D580-4424-8795-563D06D6B106}.Debug|x86.ActiveCfg = Debug|iPhoneSimulator
		{044EF94C-D580-4424-8795-563D06D6B106}.Release|Any CPU.ActiveCfg = Release|iPhoneSimulator
		{044EF94C-D580-4424-8795-563D06D6B106}.Release|ARM.ActiveCfg = Release|iPhoneSimulator
		{044EF94C-D580-4424-8795-563D06D6B106}.Release|ARM64.ActiveCfg = Release|iPhoneSimulator
		{044EF94C-D580-4424-8795-563D06D6B106}.Release|iPhone.ActiveCfg = Release|iPhoneSimulator
		{044EF94C-D580-4424-8795-563D06D6B106}.Release|iPhoneSimulator.ActiveCfg = Release|iPhoneSimulator
		{044EF94C-D580-4424-8795-563D06D6B106}.Release|iPhoneSimulator.Build.0 = Release|iPhoneSimulator
		{044EF94C-D580-4424-8795-563D06D6B106}.Release|x64.ActiveCfg = Release|iPhoneSimulator
		{044EF94C-D580-4424-8795-563D06D6B106}.Release|x86.ActiveCfg = Release|iPhoneSimulator
	EndGlobalSection
	GlobalSection(SolutionProperties) = preSolution
		HideSolutionNode = FALSE
	EndGlobalSection
	GlobalSection(ExtensibilityGlobals) = postSolution
		SolutionGuid = {B9A0C4A3-3140-46DB-B7F0-36094C2260FB}
	EndGlobalSection
EndGlobal
