Microsoft Visual Studio Solution File, Format Version 12.00
# Visual Studio Version 16
VisualStudioVersion = 16.0.29920.165
MinimumVisualStudioVersion = 15.0.26124.0
Project("{D954291E-2A0B-460D-934E-DC6B0785DB48}") = "DataTriggerSample.Shared", "DataTriggerSample.Shared\DataTriggerSample.Shared.shproj", "{6279C845-92F8-4333-AB99-3D213163593C}"
EndProject
Project("{FAE04EC0-301F-11D3-BF4B-00C04F79EFBC}") = "DataTriggerSample.Droid", "DataTriggerSample.Droid\DataTriggerSample.Droid.csproj", "{959F27A2-4035-4325-B483-2A37011292E2}"
EndProject
Project("{FAE04EC0-301F-11D3-BF4B-00C04F79EFBC}") = "DataTriggerSample.iOS", "DataTriggerSample.iOS\DataTriggerSample.iOS.csproj", "{71BB252C-3DDE-430F-8E5C-55BAC0B06056}"
EndProject
Project("{FAE04EC0-301F-11D3-BF4B-00C04F79EFBC}") = "DataTriggerSample.Uwp", "DataTriggerSample.UWP\DataTriggerSample.Uwp.csproj", "{2C60F9BC-C210-47B2-BB62-4D1263EEF95C}"
EndProject
Project("{9A19103F-16F7-4668-BE54-9A1E7A4F7556}") = "DataTriggerSample.Wasm", "DataTriggerSample.Wasm\DataTriggerSample.Wasm.csproj", "{40EA03F7-8A22-4143-B251-79BAC3EB13D2}"
EndProject
Project("{FAE04EC0-301F-11D3-BF4B-00C04F79EFBC}") = "DataTriggerSample.macOS", "DataTriggerSample.macOS\DataTriggerSample.macOS.csproj", "{60C219B6-69F8-40EA-8C80-D30820E03A55}"
EndProject
Global
	GlobalSection(SharedMSBuildProjectFiles) = preSolution
		DataTriggerSample.Shared\DataTriggerSample.Shared.projitems*{2c60f9bc-c210-47b2-bb62-4d1263eef95c}*SharedItemsImports = 4
		DataTriggerSample.Shared\DataTriggerSample.Shared.projitems*{40ea03f7-8a22-4143-b251-79bac3eb13d2}*SharedItemsImports = 5
		DataTriggerSample.Shared\DataTriggerSample.Shared.projitems*{60c219b6-69f8-40ea-8c80-d30820e03a55}*SharedItemsImports = 4
		DataTriggerSample.Shared\DataTriggerSample.Shared.projitems*{6279c845-92f8-4333-ab99-3d213163593c}*SharedItemsImports = 13
		DataTriggerSample.Shared\DataTriggerSample.Shared.projitems*{71bb252c-3dde-430f-8e5c-55bac0b06056}*SharedItemsImports = 4
		DataTriggerSample.Shared\DataTriggerSample.Shared.projitems*{959f27a2-4035-4325-b483-2a37011292e2}*SharedItemsImports = 4
	EndGlobalSection
	GlobalSection(SolutionConfigurationPlatforms) = preSolution
		Debug|Any CPU = Debug|Any CPU
		Debug|ARM = Debug|ARM
		Debug|ARM64 = Debug|ARM64
		Debug|iPhone = Debug|iPhone
		Debug|iPhoneSimulator = Debug|iPhoneSimulator
		Debug|x64 = Debug|x64
		Debug|x86 = Debug|x86
		Release|Any CPU = Release|Any CPU
		Release|ARM = Release|ARM
		Release|ARM64 = Release|ARM64
		Release|iPhone = Release|iPhone
		Release|iPhoneSimulator = Release|iPhoneSimulator
		Release|x64 = Release|x64
		Release|x86 = Release|x86
	EndGlobalSection
	GlobalSection(ProjectConfigurationPlatforms) = postSolution
		{959F27A2-4035-4325-B483-2A37011292E2}.Debug|Any CPU.ActiveCfg = Debug|Any CPU
		{959F27A2-4035-4325-B483-2A37011292E2}.Debug|Any CPU.Build.0 = Debug|Any CPU
		{959F27A2-4035-4325-B483-2A37011292E2}.Debug|Any CPU.Deploy.0 = Debug|Any CPU
		{959F27A2-4035-4325-B483-2A37011292E2}.Debug|ARM.ActiveCfg = Debug|Any CPU
		{959F27A2-4035-4325-B483-2A37011292E2}.Debug|ARM.Build.0 = Debug|Any CPU
		{959F27A2-4035-4325-B483-2A37011292E2}.Debug|ARM.Deploy.0 = Debug|Any CPU
		{959F27A2-4035-4325-B483-2A37011292E2}.Debug|ARM64.ActiveCfg = Debug|Any CPU
		{959F27A2-4035-4325-B483-2A37011292E2}.Debug|ARM64.Build.0 = Debug|Any CPU
		{959F27A2-4035-4325-B483-2A37011292E2}.Debug|ARM64.Deploy.0 = Debug|Any CPU
		{959F27A2-4035-4325-B483-2A37011292E2}.Debug|iPhone.ActiveCfg = Debug|Any CPU
		{959F27A2-4035-4325-B483-2A37011292E2}.Debug|iPhone.Build.0 = Debug|Any CPU
		{959F27A2-4035-4325-B483-2A37011292E2}.Debug|iPhone.Deploy.0 = Debug|Any CPU
		{959F27A2-4035-4325-B483-2A37011292E2}.Debug|iPhoneSimulator.ActiveCfg = Debug|Any CPU
		{959F27A2-4035-4325-B483-2A37011292E2}.Debug|iPhoneSimulator.Build.0 = Debug|Any CPU
		{959F27A2-4035-4325-B483-2A37011292E2}.Debug|iPhoneSimulator.Deploy.0 = Debug|Any CPU
		{959F27A2-4035-4325-B483-2A37011292E2}.Debug|x64.ActiveCfg = Debug|Any CPU
		{959F27A2-4035-4325-B483-2A37011292E2}.Debug|x64.Build.0 = Debug|Any CPU
		{959F27A2-4035-4325-B483-2A37011292E2}.Debug|x64.Deploy.0 = Debug|Any CPU
		{959F27A2-4035-4325-B483-2A37011292E2}.Debug|x86.ActiveCfg = Debug|Any CPU
		{959F27A2-4035-4325-B483-2A37011292E2}.Debug|x86.Build.0 = Debug|Any CPU
		{959F27A2-4035-4325-B483-2A37011292E2}.Debug|x86.Deploy.0 = Debug|Any CPU
		{959F27A2-4035-4325-B483-2A37011292E2}.Release|Any CPU.ActiveCfg = Release|Any CPU
		{959F27A2-4035-4325-B483-2A37011292E2}.Release|Any CPU.Build.0 = Release|Any CPU
		{959F27A2-4035-4325-B483-2A37011292E2}.Release|Any CPU.Deploy.0 = Release|Any CPU
		{959F27A2-4035-4325-B483-2A37011292E2}.Release|ARM.ActiveCfg = Release|Any CPU
		{959F27A2-4035-4325-B483-2A37011292E2}.Release|ARM.Build.0 = Release|Any CPU
		{959F27A2-4035-4325-B483-2A37011292E2}.Release|ARM.Deploy.0 = Release|Any CPU
		{959F27A2-4035-4325-B483-2A37011292E2}.Release|ARM64.ActiveCfg = Release|Any CPU
		{959F27A2-4035-4325-B483-2A37011292E2}.Release|ARM64.Build.0 = Release|Any CPU
		{959F27A2-4035-4325-B483-2A37011292E2}.Release|ARM64.Deploy.0 = Release|Any CPU
		{959F27A2-4035-4325-B483-2A37011292E2}.Release|iPhone.ActiveCfg = Release|Any CPU
		{959F27A2-4035-4325-B483-2A37011292E2}.Release|iPhone.Build.0 = Release|Any CPU
		{959F27A2-4035-4325-B483-2A37011292E2}.Release|iPhone.Deploy.0 = Release|Any CPU
		{959F27A2-4035-4325-B483-2A37011292E2}.Release|iPhoneSimulator.ActiveCfg = Release|Any CPU
		{959F27A2-4035-4325-B483-2A37011292E2}.Release|iPhoneSimulator.Build.0 = Release|Any CPU
		{959F27A2-4035-4325-B483-2A37011292E2}.Release|iPhoneSimulator.Deploy.0 = Release|Any CPU
		{959F27A2-4035-4325-B483-2A37011292E2}.Release|x64.ActiveCfg = Release|Any CPU
		{959F27A2-4035-4325-B483-2A37011292E2}.Release|x64.Build.0 = Release|Any CPU
		{959F27A2-4035-4325-B483-2A37011292E2}.Release|x64.Deploy.0 = Release|Any CPU
		{959F27A2-4035-4325-B483-2A37011292E2}.Release|x86.ActiveCfg = Release|Any CPU
		{959F27A2-4035-4325-B483-2A37011292E2}.Release|x86.Build.0 = Release|Any CPU
		{959F27A2-4035-4325-B483-2A37011292E2}.Release|x86.Deploy.0 = Release|Any CPU
		{71BB252C-3DDE-430F-8E5C-55BAC0B06056}.Debug|Any CPU.ActiveCfg = Debug|iPhone
		{71BB252C-3DDE-430F-8E5C-55BAC0B06056}.Debug|Any CPU.Build.0 = Debug|iPhone
		{71BB252C-3DDE-430F-8E5C-55BAC0B06056}.Debug|Any CPU.Deploy.0 = Debug|iPhone
		{71BB252C-3DDE-430F-8E5C-55BAC0B06056}.Debug|ARM.ActiveCfg = Debug|iPhone
		{71BB252C-3DDE-430F-8E5C-55BAC0B06056}.Debug|ARM64.ActiveCfg = Debug|iPhone
		{71BB252C-3DDE-430F-8E5C-55BAC0B06056}.Debug|iPhone.ActiveCfg = Debug|iPhone
		{71BB252C-3DDE-430F-8E5C-55BAC0B06056}.Debug|iPhone.Build.0 = Debug|iPhone
		{71BB252C-3DDE-430F-8E5C-55BAC0B06056}.Debug|iPhoneSimulator.ActiveCfg = Debug|iPhoneSimulator
		{71BB252C-3DDE-430F-8E5C-55BAC0B06056}.Debug|iPhoneSimulator.Build.0 = Debug|iPhoneSimulator
		{71BB252C-3DDE-430F-8E5C-55BAC0B06056}.Debug|x64.ActiveCfg = Debug|iPhone
		{71BB252C-3DDE-430F-8E5C-55BAC0B06056}.Debug|x64.Build.0 = Debug|iPhone
		{71BB252C-3DDE-430F-8E5C-55BAC0B06056}.Debug|x64.Deploy.0 = Debug|iPhone
		{71BB252C-3DDE-430F-8E5C-55BAC0B06056}.Debug|x86.ActiveCfg = Debug|iPhoneSimulator
		{71BB252C-3DDE-430F-8E5C-55BAC0B06056}.Debug|x86.Build.0 = Debug|iPhoneSimulator
		{71BB252C-3DDE-430F-8E5C-55BAC0B06056}.Debug|x86.Deploy.0 = Debug|iPhoneSimulator
		{71BB252C-3DDE-430F-8E5C-55BAC0B06056}.Release|Any CPU.ActiveCfg = Release|iPhone
		{71BB252C-3DDE-430F-8E5C-55BAC0B06056}.Release|ARM.ActiveCfg = Release|iPhone
		{71BB252C-3DDE-430F-8E5C-55BAC0B06056}.Release|ARM64.ActiveCfg = Release|iPhone
		{71BB252C-3DDE-430F-8E5C-55BAC0B06056}.Release|iPhone.ActiveCfg = Release|iPhone
		{71BB252C-3DDE-430F-8E5C-55BAC0B06056}.Release|iPhone.Build.0 = Release|iPhone
		{71BB252C-3DDE-430F-8E5C-55BAC0B06056}.Release|iPhoneSimulator.ActiveCfg = Release|iPhoneSimulator
		{71BB252C-3DDE-430F-8E5C-55BAC0B06056}.Release|iPhoneSimulator.Build.0 = Release|iPhoneSimulator
		{71BB252C-3DDE-430F-8E5C-55BAC0B06056}.Release|x64.ActiveCfg = Release|iPhoneSimulator
		{71BB252C-3DDE-430F-8E5C-55BAC0B06056}.Release|x64.Build.0 = Release|iPhoneSimulator
		{71BB252C-3DDE-430F-8E5C-55BAC0B06056}.Release|x64.Deploy.0 = Release|iPhoneSimulator
		{71BB252C-3DDE-430F-8E5C-55BAC0B06056}.Release|x86.ActiveCfg = Release|iPhoneSimulator
		{71BB252C-3DDE-430F-8E5C-55BAC0B06056}.Release|x86.Build.0 = Release|iPhoneSimulator
		{2C60F9BC-C210-47B2-BB62-4D1263EEF95C}.Debug|Any CPU.ActiveCfg = Debug|x86
		{2C60F9BC-C210-47B2-BB62-4D1263EEF95C}.Debug|Any CPU.Build.0 = Debug|x86
		{2C60F9BC-C210-47B2-BB62-4D1263EEF95C}.Debug|Any CPU.Deploy.0 = Debug|x86
		{2C60F9BC-C210-47B2-BB62-4D1263EEF95C}.Debug|ARM.ActiveCfg = Debug|ARM
		{2C60F9BC-C210-47B2-BB62-4D1263EEF95C}.Debug|ARM.Build.0 = Debug|ARM
		{2C60F9BC-C210-47B2-BB62-4D1263EEF95C}.Debug|ARM.Deploy.0 = Debug|ARM
		{2C60F9BC-C210-47B2-BB62-4D1263EEF95C}.Debug|ARM64.ActiveCfg = Debug|ARM64
		{2C60F9BC-C210-47B2-BB62-4D1263EEF95C}.Debug|ARM64.Build.0 = Debug|ARM64
		{2C60F9BC-C210-47B2-BB62-4D1263EEF95C}.Debug|ARM64.Deploy.0 = Debug|ARM64
		{2C60F9BC-C210-47B2-BB62-4D1263EEF95C}.Debug|iPhone.ActiveCfg = Debug|x86
		{2C60F9BC-C210-47B2-BB62-4D1263EEF95C}.Debug|iPhone.Build.0 = Debug|x86
		{2C60F9BC-C210-47B2-BB62-4D1263EEF95C}.Debug|iPhone.Deploy.0 = Debug|x86
		{2C60F9BC-C210-47B2-BB62-4D1263EEF95C}.Debug|iPhoneSimulator.ActiveCfg = Debug|x86
		{2C60F9BC-C210-47B2-BB62-4D1263EEF95C}.Debug|iPhoneSimulator.Build.0 = Debug|x86
		{2C60F9BC-C210-47B2-BB62-4D1263EEF95C}.Debug|iPhoneSimulator.Deploy.0 = Debug|x86
		{2C60F9BC-C210-47B2-BB62-4D1263EEF95C}.Debug|x64.ActiveCfg = Debug|x64
		{2C60F9BC-C210-47B2-BB62-4D1263EEF95C}.Debug|x64.Build.0 = Debug|x64
		{2C60F9BC-C210-47B2-BB62-4D1263EEF95C}.Debug|x64.Deploy.0 = Debug|x64
		{2C60F9BC-C210-47B2-BB62-4D1263EEF95C}.Debug|x86.ActiveCfg = Debug|x86
		{2C60F9BC-C210-47B2-BB62-4D1263EEF95C}.Debug|x86.Build.0 = Debug|x86
		{2C60F9BC-C210-47B2-BB62-4D1263EEF95C}.Debug|x86.Deploy.0 = Debug|x86
		{2C60F9BC-C210-47B2-BB62-4D1263EEF95C}.Release|Any CPU.ActiveCfg = Release|x86
		{2C60F9BC-C210-47B2-BB62-4D1263EEF95C}.Release|ARM.ActiveCfg = Release|ARM
		{2C60F9BC-C210-47B2-BB62-4D1263EEF95C}.Release|ARM.Build.0 = Release|ARM
		{2C60F9BC-C210-47B2-BB62-4D1263EEF95C}.Release|ARM.Deploy.0 = Release|ARM
		{2C60F9BC-C210-47B2-BB62-4D1263EEF95C}.Release|ARM64.ActiveCfg = Release|ARM64
		{2C60F9BC-C210-47B2-BB62-4D1263EEF95C}.Release|ARM64.Build.0 = Release|ARM64
		{2C60F9BC-C210-47B2-BB62-4D1263EEF95C}.Release|ARM64.Deploy.0 = Release|ARM64
		{2C60F9BC-C210-47B2-BB62-4D1263EEF95C}.Release|iPhone.ActiveCfg = Release|x86
		{2C60F9BC-C210-47B2-BB62-4D1263EEF95C}.Release|iPhone.Build.0 = Release|x86
		{2C60F9BC-C210-47B2-BB62-4D1263EEF95C}.Release|iPhoneSimulator.ActiveCfg = Release|x86
		{2C60F9BC-C210-47B2-BB62-4D1263EEF95C}.Release|iPhoneSimulator.Build.0 = Release|x86
		{2C60F9BC-C210-47B2-BB62-4D1263EEF95C}.Release|iPhoneSimulator.Deploy.0 = Release|x86
		{2C60F9BC-C210-47B2-BB62-4D1263EEF95C}.Release|x64.ActiveCfg = Release|x64
		{2C60F9BC-C210-47B2-BB62-4D1263EEF95C}.Release|x64.Build.0 = Release|x64
		{2C60F9BC-C210-47B2-BB62-4D1263EEF95C}.Release|x64.Deploy.0 = Release|x64
		{2C60F9BC-C210-47B2-BB62-4D1263EEF95C}.Release|x86.ActiveCfg = Release|x86
		{2C60F9BC-C210-47B2-BB62-4D1263EEF95C}.Release|x86.Build.0 = Release|x86
		{2C60F9BC-C210-47B2-BB62-4D1263EEF95C}.Release|x86.Deploy.0 = Release|x86
		{40EA03F7-8A22-4143-B251-79BAC3EB13D2}.Debug|Any CPU.ActiveCfg = Debug|Any CPU
		{40EA03F7-8A22-4143-B251-79BAC3EB13D2}.Debug|Any CPU.Build.0 = Debug|Any CPU
		{40EA03F7-8A22-4143-B251-79BAC3EB13D2}.Debug|ARM.ActiveCfg = Debug|Any CPU
		{40EA03F7-8A22-4143-B251-79BAC3EB13D2}.Debug|ARM.Build.0 = Debug|Any CPU
		{40EA03F7-8A22-4143-B251-79BAC3EB13D2}.Debug|ARM64.ActiveCfg = Debug|Any CPU
		{40EA03F7-8A22-4143-B251-79BAC3EB13D2}.Debug|ARM64.Build.0 = Debug|Any CPU
		{40EA03F7-8A22-4143-B251-79BAC3EB13D2}.Debug|iPhone.ActiveCfg = Debug|Any CPU
		{40EA03F7-8A22-4143-B251-79BAC3EB13D2}.Debug|iPhone.Build.0 = Debug|Any CPU
		{40EA03F7-8A22-4143-B251-79BAC3EB13D2}.Debug|iPhoneSimulator.ActiveCfg = Debug|Any CPU
		{40EA03F7-8A22-4143-B251-79BAC3EB13D2}.Debug|iPhoneSimulator.Build.0 = Debug|Any CPU
		{40EA03F7-8A22-4143-B251-79BAC3EB13D2}.Debug|x64.ActiveCfg = Debug|Any CPU
		{40EA03F7-8A22-4143-B251-79BAC3EB13D2}.Debug|x64.Build.0 = Debug|Any CPU
		{40EA03F7-8A22-4143-B251-79BAC3EB13D2}.Debug|x86.ActiveCfg = Debug|Any CPU
		{40EA03F7-8A22-4143-B251-79BAC3EB13D2}.Debug|x86.Build.0 = Debug|Any CPU
		{40EA03F7-8A22-4143-B251-79BAC3EB13D2}.Release|Any CPU.ActiveCfg = Release|Any CPU
		{40EA03F7-8A22-4143-B251-79BAC3EB13D2}.Release|Any CPU.Build.0 = Release|Any CPU
		{40EA03F7-8A22-4143-B251-79BAC3EB13D2}.Release|ARM.ActiveCfg = Release|Any CPU
		{40EA03F7-8A22-4143-B251-79BAC3EB13D2}.Release|ARM.Build.0 = Release|Any CPU
		{40EA03F7-8A22-4143-B251-79BAC3EB13D2}.Release|ARM64.ActiveCfg = Release|Any CPU
		{40EA03F7-8A22-4143-B251-79BAC3EB13D2}.Release|ARM64.Build.0 = Release|Any CPU
		{40EA03F7-8A22-4143-B251-79BAC3EB13D2}.Release|iPhone.ActiveCfg = Release|Any CPU
		{40EA03F7-8A22-4143-B251-79BAC3EB13D2}.Release|iPhone.Build.0 = Release|Any CPU
		{40EA03F7-8A22-4143-B251-79BAC3EB13D2}.Release|iPhoneSimulator.ActiveCfg = Release|Any CPU
		{40EA03F7-8A22-4143-B251-79BAC3EB13D2}.Release|iPhoneSimulator.Build.0 = Release|Any CPU
		{40EA03F7-8A22-4143-B251-79BAC3EB13D2}.Release|x64.ActiveCfg = Release|Any CPU
		{40EA03F7-8A22-4143-B251-79BAC3EB13D2}.Release|x64.Build.0 = Release|Any CPU
		{40EA03F7-8A22-4143-B251-79BAC3EB13D2}.Release|x86.ActiveCfg = Release|Any CPU
		{40EA03F7-8A22-4143-B251-79BAC3EB13D2}.Release|x86.Build.0 = Release|Any CPU
		{60C219B6-69F8-40EA-8C80-D30820E03A55}.Debug|Any CPU.ActiveCfg = Debug|iPhoneSimulator
		{60C219B6-69F8-40EA-8C80-D30820E03A55}.Debug|Any CPU.Build.0 = Debug|iPhoneSimulator
		{60C219B6-69F8-40EA-8C80-D30820E03A55}.Debug|ARM.ActiveCfg = Debug|iPhoneSimulator
		{60C219B6-69F8-40EA-8C80-D30820E03A55}.Debug|ARM64.ActiveCfg = Debug|iPhoneSimulator
		{60C219B6-69F8-40EA-8C80-D30820E03A55}.Debug|iPhone.ActiveCfg = Debug|iPhoneSimulator
		{60C219B6-69F8-40EA-8C80-D30820E03A55}.Debug|iPhone.Build.0 = Debug|iPhoneSimulator
		{60C219B6-69F8-40EA-8C80-D30820E03A55}.Debug|iPhoneSimulator.ActiveCfg = Debug|iPhoneSimulator
		{60C219B6-69F8-40EA-8C80-D30820E03A55}.Debug|iPhoneSimulator.Build.0 = Debug|iPhoneSimulator
		{60C219B6-69F8-40EA-8C80-D30820E03A55}.Debug|x64.ActiveCfg = Debug|iPhoneSimulator
		{60C219B6-69F8-40EA-8C80-D30820E03A55}.Debug|x64.Build.0 = Debug|iPhoneSimulator
		{60C219B6-69F8-40EA-8C80-D30820E03A55}.Debug|x86.ActiveCfg = Debug|iPhoneSimulator
		{60C219B6-69F8-40EA-8C80-D30820E03A55}.Debug|x86.Build.0 = Debug|iPhoneSimulator
		{60C219B6-69F8-40EA-8C80-D30820E03A55}.Release|Any CPU.ActiveCfg = Release|iPhoneSimulator
		{60C219B6-69F8-40EA-8C80-D30820E03A55}.Release|ARM.ActiveCfg = Release|iPhoneSimulator
		{60C219B6-69F8-40EA-8C80-D30820E03A55}.Release|ARM64.ActiveCfg = Release|iPhoneSimulator
		{60C219B6-69F8-40EA-8C80-D30820E03A55}.Release|iPhone.ActiveCfg = Release|iPhoneSimulator
		{60C219B6-69F8-40EA-8C80-D30820E03A55}.Release|iPhone.Build.0 = Release|iPhoneSimulator
		{60C219B6-69F8-40EA-8C80-D30820E03A55}.Release|iPhoneSimulator.ActiveCfg = Release|iPhoneSimulator
		{60C219B6-69F8-40EA-8C80-D30820E03A55}.Release|iPhoneSimulator.Build.0 = Release|iPhoneSimulator
		{60C219B6-69F8-40EA-8C80-D30820E03A55}.Release|x64.ActiveCfg = Release|iPhoneSimulator
		{60C219B6-69F8-40EA-8C80-D30820E03A55}.Release|x64.Build.0 = Release|iPhoneSimulator
		{60C219B6-69F8-40EA-8C80-D30820E03A55}.Release|x86.ActiveCfg = Release|iPhoneSimulator
		{60C219B6-69F8-40EA-8C80-D30820E03A55}.Release|x86.Build.0 = Release|iPhoneSimulator
	EndGlobalSection
	GlobalSection(SolutionProperties) = preSolution
		HideSolutionNode = FALSE
	EndGlobalSection
	GlobalSection(ExtensibilityGlobals) = postSolution
		SolutionGuid = {C7433AE2-B1A0-4C1A-887E-5CAA7AAF67A6}
	EndGlobalSection
EndGlobal
